<?xml version="1.0" encoding="utf-8"?>
<Project ToolsVersion="4.0" xmlns="http://schemas.microsoft.com/developer/msbuild/2003">
  <ItemGroup>
    <Filter Include="Header Files">
      <UniqueIdentifier>{b3a77403-9389-46b1-8b36-b92a1059b54d}</UniqueIdentifier>
    </Filter>
    <Filter Include="Source Files">
      <UniqueIdentifier>{1829043f-2540-4b33-9d5a-009d09843f24}</UniqueIdentifier>
    </Filter>
    <Filter Include="Header Files\game">
      <UniqueIdentifier>{72fab95f-c4bd-4bc5-9f16-41ddb25c8cd6}</UniqueIdentifier>
    </Filter>
    <Filter Include="Source Files\game">
      <UniqueIdentifier>{20385753-facd-419b-a269-3e4eadb3d2db}</UniqueIdentifier>
    </Filter>
  </ItemGroup>
  <ItemGroup>
    <ClInclude Include="framework.h">
      <Filter>Header Files</Filter>
    </ClInclude>
    <ClInclude Include="sokoban.h">
      <Filter>Header Files</Filter>
    </ClInclude>
    <ClInclude Include="sokoban_application.h">
      <Filter>Header Files</Filter>
    </ClInclude>
    <ClInclude Include="sokoban_document.h">
      <Filter>Header Files</Filter>
    </ClInclude>
    <ClInclude Include="sokoban_frame.h">
      <Filter>Header Files</Filter>
    </ClInclude>
    <ClInclude Include="sokoban_interface.h">
      <Filter>Header Files</Filter>
    </ClInclude>
    <ClInclude Include="sokoban_pane_view.h">
      <Filter>Header Files</Filter>
    </ClInclude>
    <ClInclude Include="sokoban_pane_view_update_hint.h">
      <Filter>Header Files</Filter>
    </ClInclude>
    <ClInclude Include="sokoban_view.h">
      <Filter>Header Files</Filter>
    </ClInclude>
    <ClInclude Include="game\sokoban_asset.h">
      <Filter>Header Files\game</Filter>
    </ClInclude>
    <ClInclude Include="game\sokoban_block.h">
      <Filter>Header Files\game</Filter>
    </ClInclude>
    <ClInclude Include="game\sokoban_level.h">
      <Filter>Header Files\game</Filter>
    </ClInclude>
    <ClInclude Include="game\sokoban_level_old.h">
      <Filter>Header Files\game</Filter>
    </ClInclude>
  </ItemGroup>
  <ItemGroup>
    <ClCompile Include="framework.cpp">
      <Filter>Source Files</Filter>
    </ClCompile>
    <ClCompile Include="game\sokoban_asset.cpp">
      <Filter>Source Files\game</Filter>
    </ClCompile>
    <ClCompile Include="game\sokoban_block.cpp">
      <Filter>Source Files\game</Filter>
    </ClCompile>
    <ClCompile Include="game\sokoban_level.cpp">
      <Filter>Source Files\game</Filter>
    </ClCompile>
    <ClCompile Include="sokoban_application.cpp">
      <Filter>Source Files</Filter>
    </ClCompile>
    <ClCompile Include="sokoban_document.cpp">
      <Filter>Source Files</Filter>
    </ClCompile>
    <ClCompile Include="sokoban_frame.cpp">
      <Filter>Source Files</Filter>
    </ClCompile>
    <ClCompile Include="sokoban_interface.cpp">
      <Filter>Source Files</Filter>
    </ClCompile>
    <ClCompile Include="sokoban_pane_view.cpp">
      <Filter>Source Files</Filter>
    </ClCompile>
    <ClCompile Include="sokoban_pane_view_update_hint.cpp">
      <Filter>Source Files</Filter>
    </ClCompile>
    <ClCompile Include="sokoban_view.cpp">
      <Filter>Source Files</Filter>
    </ClCompile>
  </ItemGroup>
</Project>