// !$*UTF8*$!
{
	archiveVersion = 1;
	classes = {
	};
	objectVersion = 46;
	objects = {

/* Begin PBXBuildFile section */
		9A77FB65213EE8A800B3A133 /* arkanoid_main_frame.cpp in Sources */ = {isa = PBXBuildFile; fileRef = 9A77FB00213EE8A500B3A133 /* arkanoid_main_frame.cpp */; };
		9A77FB66213EE8A800B3A133 /* arkanoid_main_frame.cpp in Sources */ = {isa = PBXBuildFile; fileRef = 9A77FB00213EE8A500B3A133 /* arkanoid_main_frame.cpp */; };
		9A77FB69213EE8A800B3A133 /* arkanoid_interface.cpp in Sources */ = {isa = PBXBuildFile; fileRef = 9A77FB0A213EE8A500B3A133 /* arkanoid_interface.cpp */; };
		9A77FB6A213EE8A800B3A133 /* arkanoid_interface.cpp in Sources */ = {isa = PBXBuildFile; fileRef = 9A77FB0A213EE8A500B3A133 /* arkanoid_interface.cpp */; };
		9A77FB6E213EE8A800B3A133 /* framework.cpp in Sources */ = {isa = PBXBuildFile; fileRef = 9A77FB13213EE8A500B3A133 /* framework.cpp */; };
		9A77FB6F213EE8A800B3A133 /* framework.cpp in Sources */ = {isa = PBXBuildFile; fileRef = 9A77FB13213EE8A500B3A133 /* framework.cpp */; };
		9A77FB70213EE8A800B3A133 /* arkanoid_pane_view.cpp in Sources */ = {isa = PBXBuildFile; fileRef = 9A77FB15213EE8A600B3A133 /* arkanoid_pane_view.cpp */; };
		9A77FB71213EE8A800B3A133 /* arkanoid_pane_view.cpp in Sources */ = {isa = PBXBuildFile; fileRef = 9A77FB15213EE8A600B3A133 /* arkanoid_pane_view.cpp */; };
		9A77FB73213EE8A800B3A133 /* arkanoid_pane_view.h in Headers */ = {isa = PBXBuildFile; fileRef = 9A77FB18213EE8A600B3A133 /* arkanoid_pane_view.h */; };
		9A77FB74213EE8A800B3A133 /* arkanoid_interface.h in Headers */ = {isa = PBXBuildFile; fileRef = 9A77FB1A213EE8A600B3A133 /* arkanoid_interface.h */; };
		9A77FB77213EE8A800B3A133 /* arkanoid_arkanoid.cpp in Sources */ = {isa = PBXBuildFile; fileRef = 9A77FB2A213EE8A600B3A133 /* arkanoid_arkanoid.cpp */; };
		9A77FB78213EE8A800B3A133 /* arkanoid_arkanoid.cpp in Sources */ = {isa = PBXBuildFile; fileRef = 9A77FB2A213EE8A600B3A133 /* arkanoid_arkanoid.cpp */; };
		9A77FB79213EE8A800B3A133 /* arkanoid_document.h in Headers */ = {isa = PBXBuildFile; fileRef = 9A77FB31213EE8A600B3A133 /* arkanoid_document.h */; };
		9A77FB7A213EE8A800B3A133 /* arkanoid_frame.h in Headers */ = {isa = PBXBuildFile; fileRef = 9A77FB32213EE8A600B3A133 /* arkanoid_frame.h */; };
		9A77FB7B213EE8A800B3A133 /* arkanoid_view.cpp in Sources */ = {isa = PBXBuildFile; fileRef = 9A77FB34213EE8A600B3A133 /* arkanoid_view.cpp */; };
		9A77FB7C213EE8A800B3A133 /* arkanoid_view.cpp in Sources */ = {isa = PBXBuildFile; fileRef = 9A77FB34213EE8A600B3A133 /* arkanoid_view.cpp */; };
		9A77FB7D213EE8A800B3A133 /* arkanoid_pane_view_update_hint.cpp in Sources */ = {isa = PBXBuildFile; fileRef = 9A77FB37213EE8A700B3A133 /* arkanoid_pane_view_update_hint.cpp */; };
		9A77FB7E213EE8A800B3A133 /* arkanoid_pane_view_update_hint.cpp in Sources */ = {isa = PBXBuildFile; fileRef = 9A77FB37213EE8A700B3A133 /* arkanoid_pane_view_update_hint.cpp */; };
		9A77FB81213EE8A800B3A133 /* framework.h in Headers */ = {isa = PBXBuildFile; fileRef = 9A77FB3A213EE8A700B3A133 /* framework.h */; };
		9A77FB82213EE8A800B3A133 /* arkanoid_arkanoid.h in Headers */ = {isa = PBXBuildFile; fileRef = 9A77FB3B213EE8A700B3A133 /* arkanoid_arkanoid.h */; };
		9A77FB83213EE8A800B3A133 /* arkanoid_main_frame.h in Headers */ = {isa = PBXBuildFile; fileRef = 9A77FB3C213EE8A700B3A133 /* arkanoid_main_frame.h */; };
		9A77FB84213EE8A800B3A133 /* arkanoid_application.cpp in Sources */ = {isa = PBXBuildFile; fileRef = 9A77FB3D213EE8A700B3A133 /* arkanoid_application.cpp */; };
		9A77FB85213EE8A800B3A133 /* arkanoid_application.cpp in Sources */ = {isa = PBXBuildFile; fileRef = 9A77FB3D213EE8A700B3A133 /* arkanoid_application.cpp */; };
		9A77FB86213EE8A800B3A133 /* arkanoid_document.cpp in Sources */ = {isa = PBXBuildFile; fileRef = 9A77FB4C213EE8A700B3A133 /* arkanoid_document.cpp */; };
		9A77FB87213EE8A800B3A133 /* arkanoid_document.cpp in Sources */ = {isa = PBXBuildFile; fileRef = 9A77FB4C213EE8A700B3A133 /* arkanoid_document.cpp */; };
		9A77FB8A213EE8A800B3A133 /* arkanoid.h in Headers */ = {isa = PBXBuildFile; fileRef = 9A77FB4E213EE8A700B3A133 /* arkanoid.h */; };
		9A77FB8B213EE8A800B3A133 /* arkanoid_view.h in Headers */ = {isa = PBXBuildFile; fileRef = 9A77FB4F213EE8A700B3A133 /* arkanoid_view.h */; };
		9A77FB8C213EE8A800B3A133 /* arkanoid_pane_view_update_hint.h in Headers */ = {isa = PBXBuildFile; fileRef = 9A77FB51213EE8A700B3A133 /* arkanoid_pane_view_update_hint.h */; };
		9A77FB8D213EE8A800B3A133 /* arkanoid_application.h in Headers */ = {isa = PBXBuildFile; fileRef = 9A77FB52213EE8A700B3A133 /* arkanoid_application.h */; };
		9A77FB8E213EE8A800B3A133 /* arkanoid_frame.cpp in Sources */ = {isa = PBXBuildFile; fileRef = 9A77FB53213EE8A700B3A133 /* arkanoid_frame.cpp */; };
		9A77FB8F213EE8A800B3A133 /* arkanoid_frame.cpp in Sources */ = {isa = PBXBuildFile; fileRef = 9A77FB53213EE8A700B3A133 /* arkanoid_frame.cpp */; };
		9A77FC1B213EEBDC00B3A133 /* libaura.dylib in Frameworks */ = {isa = PBXBuildFile; fileRef = 9A77FC1A213EEBDC00B3A133 /* libaura.dylib */; };
		9A77FC1D213EEBE100B3A133 /* libaxis.dylib in Frameworks */ = {isa = PBXBuildFile; fileRef = 9A77FC1C213EEBE100B3A133 /* libaxis.dylib */; };
		9A77FC1F213EEBE800B3A133 /* libbase.dylib in Frameworks */ = {isa = PBXBuildFile; fileRef = 9A77FC1E213EEBE800B3A133 /* libbase.dylib */; };
		9A77FC23213EEBF300B3A133 /* libcore.dylib in Frameworks */ = {isa = PBXBuildFile; fileRef = 9A77FC22213EEBF300B3A133 /* libcore.dylib */; };
		9A77FC25213EEBF900B3A133 /* libmultimedia.dylib in Frameworks */ = {isa = PBXBuildFile; fileRef = 9A77FC24213EEBF900B3A133 /* libmultimedia.dylib */; };
		9A77FC26213EEBFF00B3A133 /* libestamira.dylib in Frameworks */ = {isa = PBXBuildFile; fileRef = 9A77FAF0213EE88800B3A133 /* libestamira.dylib */; };
		9AE24E8D1904CFFD001AEFFB /* Foundation.framework in Frameworks */ = {isa = PBXBuildFile; fileRef = 9AE24E8C1904CFFD001AEFFB /* Foundation.framework */; };
		9AE24E9B1904CFFD001AEFFB /* XCTest.framework in Frameworks */ = {isa = PBXBuildFile; fileRef = 9AE24E9A1904CFFD001AEFFB /* XCTest.framework */; };
		9AE24E9C1904CFFD001AEFFB /* Foundation.framework in Frameworks */ = {isa = PBXBuildFile; fileRef = 9AE24E8C1904CFFD001AEFFB /* Foundation.framework */; };
		9AE24E9E1904CFFD001AEFFB /* UIKit.framework in Frameworks */ = {isa = PBXBuildFile; fileRef = 9AE24E9D1904CFFD001AEFFB /* UIKit.framework */; };
		9AE24EA11904CFFD001AEFFB /* libgame_arkanoid..dylib in Frameworks */ = {isa = PBXBuildFile; fileRef = 9AE24E8A1904CFFD001AEFFB /* libgame_arkanoid..dylib */; };
		9AE24EA71904CFFD001AEFFB /* InfoPlist.strings in Resources */ = {isa = PBXBuildFile; fileRef = 9AE24EA51904CFFD001AEFFB /* InfoPlist.strings */; };
		9AE24EA91904CFFD001AEFFB /* app_core_hellomultiverse_iosTests.m in Sources */ = {isa = PBXBuildFile; fileRef = 9AE24EA81904CFFD001AEFFB /* app_core_hellomultiverse_iosTests.m */; };
/* End PBXBuildFile section */

/* Begin PBXContainerItemProxy section */
		9A77FAEF213EE88800B3A133 /* PBXContainerItemProxy */ = {
			isa = PBXContainerItemProxy;
			containerPortal = 9A77FAE9213EE88800B3A133 /* estamira.xcodeproj */;
			proxyType = 2;
			remoteGlobalIDString = 9A574B9816AAB906000CC4EF;
			remoteInfo = estamira;
		};
		9A77FAF1213EE88800B3A133 /* PBXContainerItemProxy */ = {
			isa = PBXContainerItemProxy;
			containerPortal = 9A77FAE9213EE88800B3A133 /* estamira.xcodeproj */;
			proxyType = 2;
			remoteGlobalIDString = 07B65764190F3CA2002DAADE;
			remoteInfo = ios_estamira;
		};
		9A77FAF3213EE88800B3A133 /* PBXContainerItemProxy */ = {
			isa = PBXContainerItemProxy;
			containerPortal = 9A77FAE9213EE88800B3A133 /* estamira.xcodeproj */;
			proxyType = 2;
			remoteGlobalIDString = 07B65773190F3CA2002DAADE;
			remoteInfo = estamira_iosTests;
		};
		9A77FC20213EEBED00B3A133 /* PBXContainerItemProxy */ = {
			isa = PBXContainerItemProxy;
			containerPortal = 9A77FAE9213EE88800B3A133 /* estamira.xcodeproj */;
			proxyType = 1;
			remoteGlobalIDString = 9A574B9716AAB906000CC4EF;
			remoteInfo = estamira;
		};
		9AE24E9F1904CFFD001AEFFB /* PBXContainerItemProxy */ = {
			isa = PBXContainerItemProxy;
			containerPortal = 9AEB759B16F78DF10085103B /* Project object */;
			proxyType = 1;
			remoteGlobalIDString = 9AE24E891904CFFD001AEFFB;
			remoteInfo = app_core_hellomultiverse_ios;
		};
/* End PBXContainerItemProxy section */

/* Begin PBXCopyFilesBuildPhase section */
		9AE24E881904CFFD001AEFFB /* CopyFiles */ = {
			isa = PBXCopyFilesBuildPhase;
			buildActionMask = 2147483647;
			dstPath = "include/$(PRODUCT_NAME)";
			dstSubfolderSpec = 16;
			files = (
			);
			runOnlyForDeploymentPostprocessing = 0;
		};
/* End PBXCopyFilesBuildPhase section */

/* Begin PBXFileReference section */
		078AEF6219158B190091C065 /* libbase.dylib */ = {isa = PBXFileReference; lastKnownFileType = "compiled.mach-o.dylib"; name = libbase.dylib; path = "../../../app/appseed/base/build/Debug-iphoneos/libbase.dylib"; sourceTree = "<group>"; };
		07B65527190F301F002DAADE /* libbase.dylib */ = {isa = PBXFileReference; lastKnownFileType = "compiled.mach-o.dylib"; name = libbase.dylib; path = "../../../app/appseed/base/build/Debug-iphoneos/libbase.dylib"; sourceTree = "<group>"; };
		07B65528190F301F002DAADE /* libbasefreeimage.dylib */ = {isa = PBXFileReference; lastKnownFileType = "compiled.mach-o.dylib"; name = libbasefreeimage.dylib; path = "../../../app/thirdparty/appseed/freeimage/build/Debug-iphoneos/libbasefreeimage.dylib"; sourceTree = "<group>"; };
		07B65529190F301F002DAADE /* libbasefreetype.dylib */ = {isa = PBXFileReference; lastKnownFileType = "compiled.mach-o.dylib"; name = libbasefreetype.dylib; path = "../../../app/thirdparty/appseed/freetype/build/Debug-iphoneos/libbasefreetype.dylib"; sourceTree = "<group>"; };
		07B6552A190F301F002DAADE /* libbasemysql.dylib */ = {isa = PBXFileReference; lastKnownFileType = "compiled.mach-o.dylib"; name = libbasemysql.dylib; path = "../../../app/thirdparty/appseed/mysql/build/Debug-iphoneos/libbasemysql.dylib"; sourceTree = "<group>"; };
		07B6552B190F301F002DAADE /* libcore.dylib */ = {isa = PBXFileReference; lastKnownFileType = "compiled.mach-o.dylib"; name = libcore.dylib; path = "../../../app/appseed/core/build/Debug-iphoneos/libcore.dylib"; sourceTree = "<group>"; };
		9A77FAE9213EE88800B3A133 /* estamira.xcodeproj */ = {isa = PBXFileReference; lastKnownFileType = "wrapper.pb-project"; name = estamira.xcodeproj; path = ../estamira/estamira.xcodeproj; sourceTree = "<group>"; };
		9A77FB00213EE8A500B3A133 /* arkanoid_main_frame.cpp */ = {isa = PBXFileReference; fileEncoding = 4; lastKnownFileType = sourcecode.cpp.cpp; path = arkanoid_main_frame.cpp; sourceTree = "<group>"; };
		9A77FB0A213EE8A500B3A133 /* arkanoid_interface.cpp */ = {isa = PBXFileReference; fileEncoding = 4; lastKnownFileType = sourcecode.cpp.cpp; path = arkanoid_interface.cpp; sourceTree = "<group>"; };
		9A77FB13213EE8A500B3A133 /* framework.cpp */ = {isa = PBXFileReference; fileEncoding = 4; lastKnownFileType = sourcecode.cpp.cpp; path = framework.cpp; sourceTree = "<group>"; };
		9A77FB15213EE8A600B3A133 /* arkanoid_pane_view.cpp */ = {isa = PBXFileReference; fileEncoding = 4; lastKnownFileType = sourcecode.cpp.cpp; path = arkanoid_pane_view.cpp; sourceTree = "<group>"; };
		9A77FB18213EE8A600B3A133 /* arkanoid_pane_view.h */ = {isa = PBXFileReference; fileEncoding = 4; lastKnownFileType = sourcecode.c.h; path = arkanoid_pane_view.h; sourceTree = "<group>"; };
		9A77FB1A213EE8A600B3A133 /* arkanoid_interface.h */ = {isa = PBXFileReference; fileEncoding = 4; lastKnownFileType = sourcecode.c.h; path = arkanoid_interface.h; sourceTree = "<group>"; };
		9A77FB2A213EE8A600B3A133 /* arkanoid_arkanoid.cpp */ = {isa = PBXFileReference; fileEncoding = 4; lastKnownFileType = sourcecode.cpp.cpp; path = arkanoid_arkanoid.cpp; sourceTree = "<group>"; };
		9A77FB31213EE8A600B3A133 /* arkanoid_document.h */ = {isa = PBXFileReference; fileEncoding = 4; lastKnownFileType = sourcecode.c.h; path = arkanoid_document.h; sourceTree = "<group>"; };
		9A77FB32213EE8A600B3A133 /* arkanoid_frame.h */ = {isa = PBXFileReference; fileEncoding = 4; lastKnownFileType = sourcecode.c.h; path = arkanoid_frame.h; sourceTree = "<group>"; };
		9A77FB34213EE8A600B3A133 /* arkanoid_view.cpp */ = {isa = PBXFileReference; fileEncoding = 4; lastKnownFileType = sourcecode.cpp.cpp; path = arkanoid_view.cpp; sourceTree = "<group>"; };
		9A77FB37213EE8A700B3A133 /* arkanoid_pane_view_update_hint.cpp */ = {isa = PBXFileReference; fileEncoding = 4; lastKnownFileType = sourcecode.cpp.cpp; path = arkanoid_pane_view_update_hint.cpp; sourceTree = "<group>"; };
		9A77FB3A213EE8A700B3A133 /* framework.h */ = {isa = PBXFileReference; fileEncoding = 4; lastKnownFileType = sourcecode.c.h; path = framework.h; sourceTree = "<group>"; };
		9A77FB3B213EE8A700B3A133 /* arkanoid_arkanoid.h */ = {isa = PBXFileReference; fileEncoding = 4; lastKnownFileType = sourcecode.c.h; path = arkanoid_arkanoid.h; sourceTree = "<group>"; };
		9A77FB3C213EE8A700B3A133 /* arkanoid_main_frame.h */ = {isa = PBXFileReference; fileEncoding = 4; lastKnownFileType = sourcecode.c.h; path = arkanoid_main_frame.h; sourceTree = "<group>"; };
		9A77FB3D213EE8A700B3A133 /* arkanoid_application.cpp */ = {isa = PBXFileReference; fileEncoding = 4; lastKnownFileType = sourcecode.cpp.cpp; path = arkanoid_application.cpp; sourceTree = "<group>"; };
		9A77FB4C213EE8A700B3A133 /* arkanoid_document.cpp */ = {isa = PBXFileReference; fileEncoding = 4; lastKnownFileType = sourcecode.cpp.cpp; path = arkanoid_document.cpp; sourceTree = "<group>"; };
		9A77FB4E213EE8A700B3A133 /* arkanoid.h */ = {isa = PBXFileReference; fileEncoding = 4; lastKnownFileType = sourcecode.c.h; path = arkanoid.h; sourceTree = "<group>"; };
		9A77FB4F213EE8A700B3A133 /* arkanoid_view.h */ = {isa = PBXFileReference; fileEncoding = 4; lastKnownFileType = sourcecode.c.h; path = arkanoid_view.h; sourceTree = "<group>"; };
		9A77FB51213EE8A700B3A133 /* arkanoid_pane_view_update_hint.h */ = {isa = PBXFileReference; fileEncoding = 4; lastKnownFileType = sourcecode.c.h; path = arkanoid_pane_view_update_hint.h; sourceTree = "<group>"; };
		9A77FB52213EE8A700B3A133 /* arkanoid_application.h */ = {isa = PBXFileReference; fileEncoding = 4; lastKnownFileType = sourcecode.c.h; path = arkanoid_application.h; sourceTree = "<group>"; };
		9A77FB53213EE8A700B3A133 /* arkanoid_frame.cpp */ = {isa = PBXFileReference; fileEncoding = 4; lastKnownFileType = sourcecode.cpp.cpp; path = arkanoid_frame.cpp; sourceTree = "<group>"; };
		9A77FC1A213EEBDC00B3A133 /* libaura.dylib */ = {isa = PBXFileReference; explicitFileType = "compiled.mach-o.dylib"; path = libaura.dylib; sourceTree = BUILT_PRODUCTS_DIR; };
		9A77FC1C213EEBE100B3A133 /* libaxis.dylib */ = {isa = PBXFileReference; explicitFileType = "compiled.mach-o.dylib"; path = libaxis.dylib; sourceTree = BUILT_PRODUCTS_DIR; };
		9A77FC1E213EEBE800B3A133 /* libbase.dylib */ = {isa = PBXFileReference; explicitFileType = "compiled.mach-o.dylib"; path = libbase.dylib; sourceTree = BUILT_PRODUCTS_DIR; };
		9A77FC22213EEBF300B3A133 /* libcore.dylib */ = {isa = PBXFileReference; explicitFileType = "compiled.mach-o.dylib"; path = libcore.dylib; sourceTree = BUILT_PRODUCTS_DIR; };
		9A77FC24213EEBF900B3A133 /* libmultimedia.dylib */ = {isa = PBXFileReference; explicitFileType = "compiled.mach-o.dylib"; path = libmultimedia.dylib; sourceTree = BUILT_PRODUCTS_DIR; };
		9AA6A29C190710C6000A1F4A /* libbase_ios.dylib */ = {isa = PBXFileReference; lastKnownFileType = "compiled.mach-o.dylib"; name = libbase_ios.dylib; path = "../../../app/appseed/base/build/Debug-iphoneos/libbase_ios.dylib"; sourceTree = "<group>"; };
		9AA6A29E190710E0000A1F4A /* libcore_ios.dylib */ = {isa = PBXFileReference; lastKnownFileType = "compiled.mach-o.dylib"; name = libcore_ios.dylib; path = "../../../app/appseed/core/build/Debug-iphoneos/libcore_ios.dylib"; sourceTree = "<group>"; };
		9AA6A2A0190710F3000A1F4A /* libbasefreeimage_ios.dylib */ = {isa = PBXFileReference; lastKnownFileType = "compiled.mach-o.dylib"; name = libbasefreeimage_ios.dylib; path = "../../../app/thirdparty/appseed/freeimage/build/Debug-iphoneos/libbasefreeimage_ios.dylib"; sourceTree = "<group>"; };
		9AA6A2A1190710F3000A1F4A /* libbasefreetype_ios.dylib */ = {isa = PBXFileReference; lastKnownFileType = "compiled.mach-o.dylib"; name = libbasefreetype_ios.dylib; path = "../../../app/thirdparty/appseed/freetype/build/Debug-iphoneos/libbasefreetype_ios.dylib"; sourceTree = "<group>"; };
		9AA6A2A2190710F3000A1F4A /* libbasemysql_ios.dylib */ = {isa = PBXFileReference; lastKnownFileType = "compiled.mach-o.dylib"; name = libbasemysql_ios.dylib; path = "../../../app/thirdparty/appseed/mysql/build/Debug-iphoneos/libbasemysql_ios.dylib"; sourceTree = "<group>"; };
		9AAE862717E99A9900F0512E /* libbase.dylib */ = {isa = PBXFileReference; lastKnownFileType = "compiled.mach-o.dylib"; name = libbase.dylib; path = "../../../../Users/camilo/Library/Developer/Xcode/DerivedData/all-dlckdugtwkhfjkdbgurajmehstei/Build/Products/Debug/libbase.dylib"; sourceTree = "<group>"; };
		9AAE862817E99A9900F0512E /* libbasefreeimage.dylib */ = {isa = PBXFileReference; lastKnownFileType = "compiled.mach-o.dylib"; name = libbasefreeimage.dylib; path = "../../../../Users/camilo/Library/Developer/Xcode/DerivedData/all-dlckdugtwkhfjkdbgurajmehstei/Build/Products/Debug/libbasefreeimage.dylib"; sourceTree = "<group>"; };
		9AAE862917E99A9900F0512E /* libbasefreetype.dylib */ = {isa = PBXFileReference; lastKnownFileType = "compiled.mach-o.dylib"; name = libbasefreetype.dylib; path = "../../../../Users/camilo/Library/Developer/Xcode/DerivedData/all-dlckdugtwkhfjkdbgurajmehstei/Build/Products/Debug/libbasefreetype.dylib"; sourceTree = "<group>"; };
		9AAE862A17E99A9900F0512E /* libbasemysql.dylib */ = {isa = PBXFileReference; lastKnownFileType = "compiled.mach-o.dylib"; name = libbasemysql.dylib; path = "../../../../Users/camilo/Library/Developer/Xcode/DerivedData/all-dlckdugtwkhfjkdbgurajmehstei/Build/Products/Debug/libbasemysql.dylib"; sourceTree = "<group>"; };
		9AAE862E17E99A9A00F0512E /* libcore.dylib */ = {isa = PBXFileReference; lastKnownFileType = "compiled.mach-o.dylib"; name = libcore.dylib; path = "../../../../Users/camilo/Library/Developer/Xcode/DerivedData/all-dlckdugtwkhfjkdbgurajmehstei/Build/Products/Debug/libcore.dylib"; sourceTree = "<group>"; };
		9AE24E8A1904CFFD001AEFFB /* libgame_arkanoid..dylib */ = {isa = PBXFileReference; explicitFileType = archive.ar; includeInIndex = 0; path = libgame_arkanoid..dylib; sourceTree = BUILT_PRODUCTS_DIR; };
		9AE24E8C1904CFFD001AEFFB /* Foundation.framework */ = {isa = PBXFileReference; lastKnownFileType = wrapper.framework; name = Foundation.framework; path = System/Library/Frameworks/Foundation.framework; sourceTree = SDKROOT; };
		9AE24E991904CFFD001AEFFB /* app_core_hellomultiverse_iosTests.xctest */ = {isa = PBXFileReference; explicitFileType = wrapper.cfbundle; includeInIndex = 0; path = app_core_hellomultiverse_iosTests.xctest; sourceTree = BUILT_PRODUCTS_DIR; };
		9AE24E9A1904CFFD001AEFFB /* XCTest.framework */ = {isa = PBXFileReference; lastKnownFileType = wrapper.framework; name = XCTest.framework; path = Library/Frameworks/XCTest.framework; sourceTree = DEVELOPER_DIR; };
		9AE24E9D1904CFFD001AEFFB /* UIKit.framework */ = {isa = PBXFileReference; lastKnownFileType = wrapper.framework; name = UIKit.framework; path = Library/Frameworks/UIKit.framework; sourceTree = DEVELOPER_DIR; };
		9AE24EA41904CFFD001AEFFB /* app_core_hellomultiverse_iosTests-Info.plist */ = {isa = PBXFileReference; lastKnownFileType = text.plist.xml; path = "app_core_hellomultiverse_iosTests-Info.plist"; sourceTree = "<group>"; };
		9AE24EA61904CFFD001AEFFB /* en */ = {isa = PBXFileReference; lastKnownFileType = text.plist.strings; name = en; path = en.lproj/InfoPlist.strings; sourceTree = "<group>"; };
		9AE24EA81904CFFD001AEFFB /* app_core_hellomultiverse_iosTests.m */ = {isa = PBXFileReference; lastKnownFileType = sourcecode.c.objc; path = app_core_hellomultiverse_iosTests.m; sourceTree = "<group>"; };
		9AEB75A316F78DF10085103B /* libgame_arkanoid.dylib */ = {isa = PBXFileReference; explicitFileType = "compiled.mach-o.dylib"; includeInIndex = 0; path = libgame_arkanoid.dylib; sourceTree = BUILT_PRODUCTS_DIR; };
/* End PBXFileReference section */

/* Begin PBXFrameworksBuildPhase section */
		9AE24E871904CFFD001AEFFB /* Frameworks */ = {
			isa = PBXFrameworksBuildPhase;
			buildActionMask = 2147483647;
			files = (
				9AE24E8D1904CFFD001AEFFB /* Foundation.framework in Frameworks */,
			);
			runOnlyForDeploymentPostprocessing = 0;
		};
		9AE24E961904CFFD001AEFFB /* Frameworks */ = {
			isa = PBXFrameworksBuildPhase;
			buildActionMask = 2147483647;
			files = (
				9AE24E9B1904CFFD001AEFFB /* XCTest.framework in Frameworks */,
				9AE24E9E1904CFFD001AEFFB /* UIKit.framework in Frameworks */,
				9AE24E9C1904CFFD001AEFFB /* Foundation.framework in Frameworks */,
				9AE24EA11904CFFD001AEFFB /* libgame_arkanoid..dylib in Frameworks */,
			);
			runOnlyForDeploymentPostprocessing = 0;
		};
		9AEB75A016F78DF10085103B /* Frameworks */ = {
			isa = PBXFrameworksBuildPhase;
			buildActionMask = 2147483647;
			files = (
				9A77FC26213EEBFF00B3A133 /* libestamira.dylib in Frameworks */,
				9A77FC25213EEBF900B3A133 /* libmultimedia.dylib in Frameworks */,
				9A77FC23213EEBF300B3A133 /* libcore.dylib in Frameworks */,
				9A77FC1F213EEBE800B3A133 /* libbase.dylib in Frameworks */,
				9A77FC1D213EEBE100B3A133 /* libaxis.dylib in Frameworks */,
				9A77FC1B213EEBDC00B3A133 /* libaura.dylib in Frameworks */,
			);
			runOnlyForDeploymentPostprocessing = 0;
		};
/* End PBXFrameworksBuildPhase section */

/* Begin PBXGroup section */
		9A77FAEA213EE88800B3A133 /* Products */ = {
			isa = PBXGroup;
			children = (
				9A77FAF0213EE88800B3A133 /* libestamira.dylib */,
				9A77FAF2213EE88800B3A133 /* libios_estamira.dylib */,
				9A77FAF4213EE88800B3A133 /* estamira_iosTests.xctest */,
			);
			name = Products;
			sourceTree = "<group>";
		};
		9A77FAF6213EE8A500B3A133 /* arkanoid */ = {
			isa = PBXGroup;
			children = (
				9A77FB00213EE8A500B3A133 /* arkanoid_main_frame.cpp */,
				9A77FB0A213EE8A500B3A133 /* arkanoid_interface.cpp */,
				9A77FB13213EE8A500B3A133 /* framework.cpp */,
				9A77FB15213EE8A600B3A133 /* arkanoid_pane_view.cpp */,
				9A77FB18213EE8A600B3A133 /* arkanoid_pane_view.h */,
				9A77FB1A213EE8A600B3A133 /* arkanoid_interface.h */,
				9A77FB2A213EE8A600B3A133 /* arkanoid_arkanoid.cpp */,
				9A77FB31213EE8A600B3A133 /* arkanoid_document.h */,
				9A77FB32213EE8A600B3A133 /* arkanoid_frame.h */,
				9A77FB34213EE8A600B3A133 /* arkanoid_view.cpp */,
				9A77FB37213EE8A700B3A133 /* arkanoid_pane_view_update_hint.cpp */,
				9A77FB3A213EE8A700B3A133 /* framework.h */,
				9A77FB3B213EE8A700B3A133 /* arkanoid_arkanoid.h */,
				9A77FB3C213EE8A700B3A133 /* arkanoid_main_frame.h */,
				9A77FB3D213EE8A700B3A133 /* arkanoid_application.cpp */,
				9A77FB4C213EE8A700B3A133 /* arkanoid_document.cpp */,
				9A77FB4E213EE8A700B3A133 /* arkanoid.h */,
				9A77FB4F213EE8A700B3A133 /* arkanoid_view.h */,
				9A77FB51213EE8A700B3A133 /* arkanoid_pane_view_update_hint.h */,
				9A77FB52213EE8A700B3A133 /* arkanoid_application.h */,
				9A77FB53213EE8A700B3A133 /* arkanoid_frame.cpp */,
			);
			name = arkanoid;
			sourceTree = "<group>";
		};
		9AE24E8B1904CFFD001AEFFB /* Frameworks */ = {
			isa = PBXGroup;
			children = (
				9A77FC24213EEBF900B3A133 /* libmultimedia.dylib */,
				9A77FC22213EEBF300B3A133 /* libcore.dylib */,
				9A77FC1E213EEBE800B3A133 /* libbase.dylib */,
				9A77FC1C213EEBE100B3A133 /* libaxis.dylib */,
				9A77FC1A213EEBDC00B3A133 /* libaura.dylib */,
				078AEF6219158B190091C065 /* libbase.dylib */,
				07B65527190F301F002DAADE /* libbase.dylib */,
				07B65528190F301F002DAADE /* libbasefreeimage.dylib */,
				07B65529190F301F002DAADE /* libbasefreetype.dylib */,
				07B6552A190F301F002DAADE /* libbasemysql.dylib */,
				07B6552B190F301F002DAADE /* libcore.dylib */,
				9AA6A2A0190710F3000A1F4A /* libbasefreeimage_ios.dylib */,
				9AA6A2A1190710F3000A1F4A /* libbasefreetype_ios.dylib */,
				9AA6A2A2190710F3000A1F4A /* libbasemysql_ios.dylib */,
				9AA6A29E190710E0000A1F4A /* libcore_ios.dylib */,
				9AA6A29C190710C6000A1F4A /* libbase_ios.dylib */,
				9AE24E8C1904CFFD001AEFFB /* Foundation.framework */,
				9AE24E9A1904CFFD001AEFFB /* XCTest.framework */,
				9AE24E9D1904CFFD001AEFFB /* UIKit.framework */,
			);
			name = Frameworks;
			sourceTree = "<group>";
		};
		9AE24EA21904CFFD001AEFFB /* app_core_hellomultiverse_iosTests */ = {
			isa = PBXGroup;
			children = (
				9AE24EA81904CFFD001AEFFB /* app_core_hellomultiverse_iosTests.m */,
				9AE24EA31904CFFD001AEFFB /* Supporting Files */,
			);
			path = app_core_hellomultiverse_iosTests;
			sourceTree = "<group>";
		};
		9AE24EA31904CFFD001AEFFB /* Supporting Files */ = {
			isa = PBXGroup;
			children = (
				9AE24EA41904CFFD001AEFFB /* app_core_hellomultiverse_iosTests-Info.plist */,
				9AE24EA51904CFFD001AEFFB /* InfoPlist.strings */,
			);
			name = "Supporting Files";
			sourceTree = "<group>";
		};
		9AEB759A16F78DF10085103B = {
			isa = PBXGroup;
			children = (
				9A77FAE9213EE88800B3A133 /* estamira.xcodeproj */,
				9A77FAF6213EE8A500B3A133 /* arkanoid */,
				9AE24EA21904CFFD001AEFFB /* app_core_hellomultiverse_iosTests */,
				9AE24E8B1904CFFD001AEFFB /* Frameworks */,
				9AEB75A416F78DF10085103B /* Products */,
				9AAE862717E99A9900F0512E /* libbase.dylib */,
				9AAE862817E99A9900F0512E /* libbasefreeimage.dylib */,
				9AAE862917E99A9900F0512E /* libbasefreetype.dylib */,
				9AAE862A17E99A9900F0512E /* libbasemysql.dylib */,
				9AAE862E17E99A9A00F0512E /* libcore.dylib */,
			);
			sourceTree = "<group>";
		};
		9AEB75A416F78DF10085103B /* Products */ = {
			isa = PBXGroup;
			children = (
				9AEB75A316F78DF10085103B /* libgame_arkanoid.dylib */,
				9AE24E8A1904CFFD001AEFFB /* libgame_arkanoid..dylib */,
				9AE24E991904CFFD001AEFFB /* app_core_hellomultiverse_iosTests.xctest */,
			);
			name = Products;
			sourceTree = "<group>";
		};
/* End PBXGroup section */

/* Begin PBXHeadersBuildPhase section */
		9AEB75A116F78DF10085103B /* Headers */ = {
			isa = PBXHeadersBuildPhase;
			buildActionMask = 2147483647;
			files = (
				9A77FB7A213EE8A800B3A133 /* arkanoid_frame.h in Headers */,
				9A77FB73213EE8A800B3A133 /* arkanoid_pane_view.h in Headers */,
				9A77FB8C213EE8A800B3A133 /* arkanoid_pane_view_update_hint.h in Headers */,
				9A77FB74213EE8A800B3A133 /* arkanoid_interface.h in Headers */,
				9A77FB83213EE8A800B3A133 /* arkanoid_main_frame.h in Headers */,
				9A77FB79213EE8A800B3A133 /* arkanoid_document.h in Headers */,
				9A77FB82213EE8A800B3A133 /* arkanoid_arkanoid.h in Headers */,
				9A77FB81213EE8A800B3A133 /* framework.h in Headers */,
				9A77FB8D213EE8A800B3A133 /* arkanoid_application.h in Headers */,
				9A77FB8A213EE8A800B3A133 /* arkanoid.h in Headers */,
				9A77FB8B213EE8A800B3A133 /* arkanoid_view.h in Headers */,
			);
			runOnlyForDeploymentPostprocessing = 0;
		};
/* End PBXHeadersBuildPhase section */

/* Begin PBXNativeTarget section */
		9AE24E891904CFFD001AEFFB /* ios_game_arkanoid */ = {
			isa = PBXNativeTarget;
			buildConfigurationList = 9AE24EBA1904CFFD001AEFFB /* Build configuration list for PBXNativeTarget "ios_game_arkanoid" */;
			buildPhases = (
				9AE24E861904CFFD001AEFFB /* Sources */,
				9AE24E871904CFFD001AEFFB /* Frameworks */,
				9AE24E881904CFFD001AEFFB /* CopyFiles */,
			);
			buildRules = (
			);
			dependencies = (
			);
			name = ios_game_arkanoid;
			productName = app_core_hellomultiverse_ios;
			productReference = 9AE24E8A1904CFFD001AEFFB /* libgame_arkanoid..dylib */;
			productType = "com.apple.product-type.library.static";
		};
		9AE24E981904CFFD001AEFFB /* app_core_hellomultiverse_iosTests */ = {
			isa = PBXNativeTarget;
			buildConfigurationList = 9AE24EBB1904CFFD001AEFFB /* Build configuration list for PBXNativeTarget "app_core_hellomultiverse_iosTests" */;
			buildPhases = (
				9AE24E951904CFFD001AEFFB /* Sources */,
				9AE24E961904CFFD001AEFFB /* Frameworks */,
				9AE24E971904CFFD001AEFFB /* Resources */,
			);
			buildRules = (
			);
			dependencies = (
				9AE24EA01904CFFD001AEFFB /* PBXTargetDependency */,
			);
			name = app_core_hellomultiverse_iosTests;
			productName = app_core_hellomultiverse_iosTests;
			productReference = 9AE24E991904CFFD001AEFFB /* app_core_hellomultiverse_iosTests.xctest */;
			productType = "com.apple.product-type.bundle.unit-test";
		};
		9AEB75A216F78DF10085103B /* game_arkanoid */ = {
			isa = PBXNativeTarget;
			buildConfigurationList = 9AEB75A716F78DF10085103B /* Build configuration list for PBXNativeTarget "game_arkanoid" */;
			buildPhases = (
				9AEB759F16F78DF10085103B /* Sources */,
				9AEB75A016F78DF10085103B /* Frameworks */,
				9AEB75A116F78DF10085103B /* Headers */,
			);
			buildRules = (
			);
			dependencies = (
				9A77FC21213EEBED00B3A133 /* PBXTargetDependency */,
			);
			name = game_arkanoid;
			productName = app_core_hellomultiverse;
			productReference = 9AEB75A316F78DF10085103B /* libgame_arkanoid.dylib */;
			productType = "com.apple.product-type.library.dynamic";
		};
/* End PBXNativeTarget section */

/* Begin PBXProject section */
		9AEB759B16F78DF10085103B /* Project object */ = {
			isa = PBXProject;
			attributes = {
				LastUpgradeCheck = 0940;
				ORGANIZATIONNAME = "Camilo Sasuke Tsumanuma";
				TargetAttributes = {
					9AE24E981904CFFD001AEFFB = {
						TestTargetID = 9AEB75A216F78DF10085103B;
					};
				};
			};
			buildConfigurationList = 9AEB759E16F78DF10085103B /* Build configuration list for PBXProject "game_arkanoid" */;
			compatibilityVersion = "Xcode 3.2";
			developmentRegion = English;
			hasScannedForEncodings = 0;
			knownRegions = (
				en,
			);
			mainGroup = 9AEB759A16F78DF10085103B;
			productRefGroup = 9AEB75A416F78DF10085103B /* Products */;
			projectDirPath = "";
			projectReferences = (
				{
					ProductGroup = 9A77FAEA213EE88800B3A133 /* Products */;
					ProjectRef = 9A77FAE9213EE88800B3A133 /* estamira.xcodeproj */;
				},
			);
			projectRoot = "";
			targets = (
				9AEB75A216F78DF10085103B /* game_arkanoid */,
				9AE24E891904CFFD001AEFFB /* ios_game_arkanoid */,
				9AE24E981904CFFD001AEFFB /* app_core_hellomultiverse_iosTests */,
			);
		};
/* End PBXProject section */

/* Begin PBXReferenceProxy section */
		9A77FAF0213EE88800B3A133 /* libestamira.dylib */ = {
			isa = PBXReferenceProxy;
			fileType = "compiled.mach-o.dylib";
			path = libestamira.dylib;
			remoteRef = 9A77FAEF213EE88800B3A133 /* PBXContainerItemProxy */;
			sourceTree = BUILT_PRODUCTS_DIR;
		};
		9A77FAF2213EE88800B3A133 /* libios_estamira.dylib */ = {
			isa = PBXReferenceProxy;
			fileType = archive.ar;
			path = libios_estamira.dylib;
			remoteRef = 9A77FAF1213EE88800B3A133 /* PBXContainerItemProxy */;
			sourceTree = BUILT_PRODUCTS_DIR;
		};
		9A77FAF4213EE88800B3A133 /* estamira_iosTests.xctest */ = {
			isa = PBXReferenceProxy;
			fileType = wrapper.cfbundle;
			path = estamira_iosTests.xctest;
			remoteRef = 9A77FAF3213EE88800B3A133 /* PBXContainerItemProxy */;
			sourceTree = BUILT_PRODUCTS_DIR;
		};
/* End PBXReferenceProxy section */

/* Begin PBXResourcesBuildPhase section */
		9AE24E971904CFFD001AEFFB /* Resources */ = {
			isa = PBXResourcesBuildPhase;
			buildActionMask = 2147483647;
			files = (
				9AE24EA71904CFFD001AEFFB /* InfoPlist.strings in Resources */,
			);
			runOnlyForDeploymentPostprocessing = 0;
		};
/* End PBXResourcesBuildPhase section */

/* Begin PBXSourcesBuildPhase section */
		9AE24E861904CFFD001AEFFB /* Sources */ = {
			isa = PBXSourcesBuildPhase;
			buildActionMask = 2147483647;
			files = (
				9A77FB6A213EE8A800B3A133 /* arkanoid_interface.cpp in Sources */,
				9A77FB87213EE8A800B3A133 /* arkanoid_document.cpp in Sources */,
				9A77FB7E213EE8A800B3A133 /* arkanoid_pane_view_update_hint.cpp in Sources */,
				9A77FB66213EE8A800B3A133 /* arkanoid_main_frame.cpp in Sources */,
				9A77FB85213EE8A800B3A133 /* arkanoid_application.cpp in Sources */,
				9A77FB7C213EE8A800B3A133 /* arkanoid_view.cpp in Sources */,
				9A77FB6F213EE8A800B3A133 /* framework.cpp in Sources */,
				9A77FB71213EE8A800B3A133 /* arkanoid_pane_view.cpp in Sources */,
				9A77FB8F213EE8A800B3A133 /* arkanoid_frame.cpp in Sources */,
				9A77FB78213EE8A800B3A133 /* arkanoid_arkanoid.cpp in Sources */,
			);
			runOnlyForDeploymentPostprocessing = 0;
		};
		9AE24E951904CFFD001AEFFB /* Sources */ = {
			isa = PBXSourcesBuildPhase;
			buildActionMask = 2147483647;
			files = (
				9AE24EA91904CFFD001AEFFB /* app_core_hellomultiverse_iosTests.m in Sources */,
			);
			runOnlyForDeploymentPostprocessing = 0;
		};
		9AEB759F16F78DF10085103B /* Sources */ = {
			isa = PBXSourcesBuildPhase;
			buildActionMask = 2147483647;
			files = (
				9A77FB69213EE8A800B3A133 /* arkanoid_interface.cpp in Sources */,
				9A77FB86213EE8A800B3A133 /* arkanoid_document.cpp in Sources */,
				9A77FB7D213EE8A800B3A133 /* arkanoid_pane_view_update_hint.cpp in Sources */,
				9A77FB65213EE8A800B3A133 /* arkanoid_main_frame.cpp in Sources */,
				9A77FB84213EE8A800B3A133 /* arkanoid_application.cpp in Sources */,
				9A77FB7B213EE8A800B3A133 /* arkanoid_view.cpp in Sources */,
				9A77FB6E213EE8A800B3A133 /* framework.cpp in Sources */,
				9A77FB70213EE8A800B3A133 /* arkanoid_pane_view.cpp in Sources */,
				9A77FB8E213EE8A800B3A133 /* arkanoid_frame.cpp in Sources */,
				9A77FB77213EE8A800B3A133 /* arkanoid_arkanoid.cpp in Sources */,
			);
			runOnlyForDeploymentPostprocessing = 0;
		};
/* End PBXSourcesBuildPhase section */

/* Begin PBXTargetDependency section */
		9A77FC21213EEBED00B3A133 /* PBXTargetDependency */ = {
			isa = PBXTargetDependency;
			name = estamira;
			targetProxy = 9A77FC20213EEBED00B3A133 /* PBXContainerItemProxy */;
		};
		9AE24EA01904CFFD001AEFFB /* PBXTargetDependency */ = {
			isa = PBXTargetDependency;
			target = 9AE24E891904CFFD001AEFFB /* ios_game_arkanoid */;
			targetProxy = 9AE24E9F1904CFFD001AEFFB /* PBXContainerItemProxy */;
		};
/* End PBXTargetDependency section */

/* Begin PBXVariantGroup section */
		9AE24EA51904CFFD001AEFFB /* InfoPlist.strings */ = {
			isa = PBXVariantGroup;
			children = (
				9AE24EA61904CFFD001AEFFB /* en */,
			);
			name = InfoPlist.strings;
			sourceTree = "<group>";
		};
/* End PBXVariantGroup section */

/* Begin XCBuildConfiguration section */
		9AE24EAA1904CFFD001AEFFB /* Debug */ = {
			isa = XCBuildConfiguration;
			buildSettings = {
				DSTROOT = /tmp/app_core_hellomultiverse_ios.dst;
				EXECUTABLE_EXTENSION = .dylib;
				IPHONEOS_DEPLOYMENT_TARGET = 8.0;
				MACH_O_TYPE = mh_dylib;
				SDKROOT = iphoneos;
				SKIP_INSTALL = YES;
			};
			name = Debug;
		};
		9AE24EAB1904CFFD001AEFFB /* Release */ = {
			isa = XCBuildConfiguration;
			buildSettings = {
				DSTROOT = /tmp/app_core_hellomultiverse_ios.dst;
				EXECUTABLE_EXTENSION = .dylib;
				IPHONEOS_DEPLOYMENT_TARGET = 8.0;
				MACH_O_TYPE = mh_dylib;
				SDKROOT = iphoneos;
				SKIP_INSTALL = YES;
			};
			name = Release;
		};
		9AE24EAC1904CFFD001AEFFB /* Debug */ = {
			isa = XCBuildConfiguration;
			buildSettings = {
				ALWAYS_SEARCH_USER_PATHS = NO;
				BUNDLE_LOADER = "$(BUILT_PRODUCTS_DIR)/libapp_core_hellomultiverse.dylib";
				CLANG_CXX_LANGUAGE_STANDARD = "gnu++0x";
				CLANG_ENABLE_MODULES = YES;
				CLANG_WARN_BOOL_CONVERSION = YES;
				CLANG_WARN_DIRECT_OBJC_ISA_USAGE = YES_ERROR;
				CLANG_WARN_OBJC_ROOT_CLASS = YES_ERROR;
				FRAMEWORK_SEARCH_PATHS = (
					"$(SDKROOT)/Developer/Library/Frameworks",
					"$(inherited)",
					"$(DEVELOPER_FRAMEWORKS_DIR)",
				);
				GCC_C_LANGUAGE_STANDARD = gnu99;
				GCC_PRECOMPILE_PREFIX_HEADER = YES;
				GCC_PREFIX_HEADER = "app_core_hellomultiverse_ios/app_core_hellomultiverse_ios-Prefix.pch";
				GCC_PREPROCESSOR_DEFINITIONS = (
					"DEBUG=1",
					"$(inherited)",
				);
				GCC_WARN_ABOUT_RETURN_TYPE = YES_ERROR;
				GCC_WARN_UNDECLARED_SELECTOR = YES;
				GCC_WARN_UNINITIALIZED_AUTOS = YES_AGGRESSIVE;
				GCC_WARN_UNUSED_FUNCTION = YES;
				INFOPLIST_FILE = "app_core_hellomultiverse_iosTests/app_core_hellomultiverse_iosTests-Info.plist";
				IPHONEOS_DEPLOYMENT_TARGET = 8.0;
				PRODUCT_NAME = "$(TARGET_NAME)";
				SDKROOT = iphoneos;
				TEST_HOST = "$(BUNDLE_LOADER)";
				WRAPPER_EXTENSION = xctest;
			};
			name = Debug;
		};
		9AE24EAD1904CFFD001AEFFB /* Release */ = {
			isa = XCBuildConfiguration;
			buildSettings = {
				ALWAYS_SEARCH_USER_PATHS = NO;
				BUNDLE_LOADER = "$(BUILT_PRODUCTS_DIR)/libapp_core_hellomultiverse.dylib";
				CLANG_CXX_LANGUAGE_STANDARD = "gnu++0x";
				CLANG_ENABLE_MODULES = YES;
				CLANG_WARN_BOOL_CONVERSION = YES;
				CLANG_WARN_DIRECT_OBJC_ISA_USAGE = YES_ERROR;
				CLANG_WARN_OBJC_ROOT_CLASS = YES_ERROR;
				ENABLE_NS_ASSERTIONS = NO;
				FRAMEWORK_SEARCH_PATHS = (
					"$(SDKROOT)/Developer/Library/Frameworks",
					"$(inherited)",
					"$(DEVELOPER_FRAMEWORKS_DIR)",
				);
				GCC_C_LANGUAGE_STANDARD = gnu99;
				GCC_PRECOMPILE_PREFIX_HEADER = YES;
				GCC_PREFIX_HEADER = "app_core_hellomultiverse_ios/app_core_hellomultiverse_ios-Prefix.pch";
				GCC_WARN_ABOUT_RETURN_TYPE = YES_ERROR;
				GCC_WARN_UNDECLARED_SELECTOR = YES;
				GCC_WARN_UNINITIALIZED_AUTOS = YES_AGGRESSIVE;
				GCC_WARN_UNUSED_FUNCTION = YES;
				INFOPLIST_FILE = "app_core_hellomultiverse_iosTests/app_core_hellomultiverse_iosTests-Info.plist";
				IPHONEOS_DEPLOYMENT_TARGET = 8.0;
				PRODUCT_NAME = "$(TARGET_NAME)";
				SDKROOT = iphoneos;
				TEST_HOST = "$(BUNDLE_LOADER)";
				VALIDATE_PRODUCT = YES;
				WRAPPER_EXTENSION = xctest;
			};
			name = Release;
		};
		9AEB75A516F78DF10085103B /* Debug */ = {
			isa = XCBuildConfiguration;
			buildSettings = {
				ALWAYS_SEARCH_USER_PATHS = YES;
				CLANG_ANALYZER_DEADCODE_DEADSTORES = NO;
				CLANG_CXX_LANGUAGE_STANDARD = "c++17";
				CLANG_CXX_LIBRARY = "libc++";
				CLANG_ENABLE_OBJC_ARC = YES;
				CLANG_STATIC_ANALYZER_MODE_ON_ANALYZE_ACTION = shallow;
				CLANG_WARN_BLOCK_CAPTURE_AUTORELEASING = YES;
				CLANG_WARN_BOOL_CONVERSION = YES;
				CLANG_WARN_COMMA = YES;
				CLANG_WARN_CONSTANT_CONVERSION = YES;
				CLANG_WARN_DEPRECATED_OBJC_IMPLEMENTATIONS = YES;
				CLANG_WARN_DIRECT_OBJC_ISA_USAGE = YES_ERROR;
				CLANG_WARN_EMPTY_BODY = YES;
				CLANG_WARN_ENUM_CONVERSION = YES;
				CLANG_WARN_INFINITE_RECURSION = YES;
				CLANG_WARN_INT_CONVERSION = YES;
				CLANG_WARN_NON_LITERAL_NULL_CONVERSION = YES;
				CLANG_WARN_OBJC_IMPLICIT_RETAIN_SELF = YES;
				CLANG_WARN_OBJC_LITERAL_CONVERSION = YES;
				CLANG_WARN_OBJC_ROOT_CLASS = YES_ERROR;
				CLANG_WARN_RANGE_LOOP_ANALYSIS = YES;
				CLANG_WARN_STRICT_PROTOTYPES = YES;
				CLANG_WARN_SUSPICIOUS_MOVE = YES;
				CLANG_WARN_UNREACHABLE_CODE = YES;
				CLANG_WARN__DUPLICATE_METHOD_MATCH = YES;
				COPY_PHASE_STRIP = NO;
				ENABLE_STRICT_OBJC_MSGSEND = YES;
				ENABLE_TESTABILITY = YES;
				EXECUTABLE_PREFIX = lib;
				GCC_C_LANGUAGE_STANDARD = c99;
				GCC_DYNAMIC_NO_PIC = NO;
				GCC_ENABLE_OBJC_EXCEPTIONS = YES;
				GCC_NO_COMMON_BLOCKS = YES;
				GCC_OPTIMIZATION_LEVEL = 0;
				GCC_PRECOMPILE_PREFIX_HEADER = YES;
				GCC_PREFIX_HEADER = framework.h;
				GCC_PREPROCESSOR_DEFINITIONS = (
					"DEBUG=1",
					"$(inherited)",
				);
				GCC_SYMBOLS_PRIVATE_EXTERN = NO;
				GCC_WARN_64_TO_32_BIT_CONVERSION = YES;
				GCC_WARN_ABOUT_RETURN_TYPE = YES_ERROR;
				GCC_WARN_UNDECLARED_SELECTOR = YES;
				GCC_WARN_UNINITIALIZED_AUTOS = YES_AGGRESSIVE;
				GCC_WARN_UNUSED_FUNCTION = YES;
				GCC_WARN_UNUSED_VARIABLE = YES;
				HEADER_SEARCH_PATHS = (
					"$(WorkspaceDir)/../../../app/thirdparty/include",
					"$(WorkspaceDir)/../../../nodeapp/thirdparty/include",
				);
				LIBRARY_SEARCH_PATHS = (
					"$(inherited)",
					"\"$(TARGET_BUILD_DIR)\"",
				);
				MACOSX_DEPLOYMENT_TARGET = 10.8;
				ONLY_ACTIVE_ARCH = YES;
				PRODUCT_NAME = "$(PROJECT_NAME)";
				SDKROOT = macosx;
				USER_HEADER_SEARCH_PATHS = "$(WorkspaceDir)/../../../include $(WorkspaceDir)/../../../app/include . .. $(WorkspaceDir)/../../.. $(WorkspaceDir)/../.. $(WorkspaceDir)/../../../app $(WorkspaceDir)/../../../app/appseed $(WorkspaceDir)/../../../app/appseed/core $(WorkspaceDir)/../../../app/appseed/base $(WorkspaceDir)/../../../app/appseed/axis $(WorkspaceDir)/../../../app/appseed/aura $(WorkspaceDir)/../../../app/base $(WorkspaceDir)/../../../app/axis $(WorkspaceDir)/../../../app/aura $(WorkspaceDir)/../../../app/atom";
				WorkspaceDir = "$(SRCROOT)/../../../nodeapp/seed/metaseed";
			};
			name = Debug;
		};
		9AEB75A616F78DF10085103B /* Release */ = {
			isa = XCBuildConfiguration;
			buildSettings = {
				ALWAYS_SEARCH_USER_PATHS = YES;
				CLANG_ANALYZER_DEADCODE_DEADSTORES = NO;
				CLANG_CXX_LANGUAGE_STANDARD = "c++17";
				CLANG_CXX_LIBRARY = "libc++";
				CLANG_ENABLE_OBJC_ARC = YES;
				CLANG_STATIC_ANALYZER_MODE_ON_ANALYZE_ACTION = shallow;
				CLANG_WARN_BLOCK_CAPTURE_AUTORELEASING = YES;
				CLANG_WARN_BOOL_CONVERSION = YES;
				CLANG_WARN_COMMA = YES;
				CLANG_WARN_CONSTANT_CONVERSION = YES;
				CLANG_WARN_DEPRECATED_OBJC_IMPLEMENTATIONS = YES;
				CLANG_WARN_DIRECT_OBJC_ISA_USAGE = YES_ERROR;
				CLANG_WARN_EMPTY_BODY = YES;
				CLANG_WARN_ENUM_CONVERSION = YES;
				CLANG_WARN_INFINITE_RECURSION = YES;
				CLANG_WARN_INT_CONVERSION = YES;
				CLANG_WARN_NON_LITERAL_NULL_CONVERSION = YES;
				CLANG_WARN_OBJC_IMPLICIT_RETAIN_SELF = YES;
				CLANG_WARN_OBJC_LITERAL_CONVERSION = YES;
				CLANG_WARN_OBJC_ROOT_CLASS = YES_ERROR;
				CLANG_WARN_RANGE_LOOP_ANALYSIS = YES;
				CLANG_WARN_STRICT_PROTOTYPES = YES;
				CLANG_WARN_SUSPICIOUS_MOVE = YES;
				CLANG_WARN_UNREACHABLE_CODE = YES;
				CLANG_WARN__DUPLICATE_METHOD_MATCH = YES;
				COPY_PHASE_STRIP = YES;
				DEBUG_INFORMATION_FORMAT = "dwarf-with-dsym";
				ENABLE_STRICT_OBJC_MSGSEND = YES;
				EXECUTABLE_PREFIX = lib;
				GCC_C_LANGUAGE_STANDARD = c99;
				GCC_ENABLE_OBJC_EXCEPTIONS = YES;
				GCC_NO_COMMON_BLOCKS = YES;
				GCC_PRECOMPILE_PREFIX_HEADER = YES;
				GCC_PREFIX_HEADER = framework.h;
				GCC_WARN_64_TO_32_BIT_CONVERSION = YES;
				GCC_WARN_ABOUT_RETURN_TYPE = YES_ERROR;
				GCC_WARN_UNDECLARED_SELECTOR = YES;
				GCC_WARN_UNINITIALIZED_AUTOS = YES_AGGRESSIVE;
				GCC_WARN_UNUSED_FUNCTION = YES;
				GCC_WARN_UNUSED_VARIABLE = YES;
				HEADER_SEARCH_PATHS = (
					"$(WorkspaceDir)/../../../app/thirdparty/include",
					"$(WorkspaceDir)/../../../nodeapp/thirdparty/include",
				);
				LIBRARY_SEARCH_PATHS = (
					"$(inherited)",
					"\"$(TARGET_BUILD_DIR)\"",
				);
				MACOSX_DEPLOYMENT_TARGET = 10.8;
				PRODUCT_NAME = "$(PROJECT_NAME)";
				SDKROOT = macosx;
				USER_HEADER_SEARCH_PATHS = "$(WorkspaceDir)/../../../include $(WorkspaceDir)/../../../app/include . .. $(WorkspaceDir)/../../.. $(WorkspaceDir)/../.. $(WorkspaceDir)/../../../app $(WorkspaceDir)/../../../app/appseed $(WorkspaceDir)/../../../app/appseed/core $(WorkspaceDir)/../../../app/appseed/base $(WorkspaceDir)/../../../app/appseed/axis $(WorkspaceDir)/../../../app/appseed/aura $(WorkspaceDir)/../../../app/base $(WorkspaceDir)/../../../app/axis $(WorkspaceDir)/../../../app/aura $(WorkspaceDir)/../../../app/atom";
				VALIDATE_PRODUCT = YES;
				WorkspaceDir = "$(SRCROOT)/../../../nodeapp/seed/metaseed";
			};
			name = Release;
		};
		9AEB75A816F78DF10085103B /* Debug */ = {
			isa = XCBuildConfiguration;
			buildSettings = {
			};
			name = Debug;
		};
		9AEB75A916F78DF10085103B /* Release */ = {
			isa = XCBuildConfiguration;
			buildSettings = {
			};
			name = Release;
		};
/* End XCBuildConfiguration section */

/* Begin XCConfigurationList section */
		9AE24EBA1904CFFD001AEFFB /* Build configuration list for PBXNativeTarget "ios_game_arkanoid" */ = {
			isa = XCConfigurationList;
			buildConfigurations = (
				9AE24EAA1904CFFD001AEFFB /* Debug */,
				9AE24EAB1904CFFD001AEFFB /* Release */,
			);
			defaultConfigurationIsVisible = 0;
			defaultConfigurationName = Release;
		};
		9AE24EBB1904CFFD001AEFFB /* Build configuration list for PBXNativeTarget "app_core_hellomultiverse_iosTests" */ = {
			isa = XCConfigurationList;
			buildConfigurations = (
				9AE24EAC1904CFFD001AEFFB /* Debug */,
				9AE24EAD1904CFFD001AEFFB /* Release */,
			);
			defaultConfigurationIsVisible = 0;
			defaultConfigurationName = Release;
		};
		9AEB759E16F78DF10085103B /* Build configuration list for PBXProject "game_arkanoid" */ = {
			isa = XCConfigurationList;
			buildConfigurations = (
				9AEB75A516F78DF10085103B /* Debug */,
				9AEB75A616F78DF10085103B /* Release */,
			);
			defaultConfigurationIsVisible = 0;
			defaultConfigurationName = Release;
		};
		9AEB75A716F78DF10085103B /* Build configuration list for PBXNativeTarget "game_arkanoid" */ = {
			isa = XCConfigurationList;
			buildConfigurations = (
				9AEB75A816F78DF10085103B /* Debug */,
				9AEB75A916F78DF10085103B /* Release */,
			);
			defaultConfigurationIsVisible = 0;
			defaultConfigurationName = Release;
		};
/* End XCConfigurationList section */
	};
	rootObject = 9AEB759B16F78DF10085103B /* Project object */;
}
