// !$*UTF8*$!
{
	archiveVersion = 1;
	classes = {
	};
	objectVersion = 46;
	objects = {

/* Begin PBXBuildFile section */
		9A34305F1D5B9E7F00D00D4A /* framework.cpp in Sources */ = {isa = PBXBuildFile; fileRef = 9AD485861D5A9D7700354801 /* framework.cpp */; };
		9A3430601D5B9E7F00D00D4A /* tetris_application.cpp in Sources */ = {isa = PBXBuildFile; fileRef = 9AD4859C1D5A9D7700354801 /* tetris_application.cpp */; };
		9A3430611D5B9E7F00D00D4A /* tetris_document.cpp in Sources */ = {isa = PBXBuildFile; fileRef = 9AD4859E1D5A9D7700354801 /* tetris_document.cpp */; };
		9A3430621D5B9E7F00D00D4A /* tetris_frame.cpp in Sources */ = {isa = PBXBuildFile; fileRef = 9AD485A01D5A9D7800354801 /* tetris_frame.cpp */; };
		9A3430631D5B9E7F00D00D4A /* tetris_interface.cpp in Sources */ = {isa = PBXBuildFile; fileRef = 9AD485A21D5A9D7800354801 /* tetris_interface.cpp */; };
		9A3430641D5B9E7F00D00D4A /* tetris_pane_view.cpp in Sources */ = {isa = PBXBuildFile; fileRef = 9AD485A41D5A9D7800354801 /* tetris_pane_view.cpp */; };
		9A3430651D5B9E7F00D00D4A /* tetris_pane_view_update_hint.cpp in Sources */ = {isa = PBXBuildFile; fileRef = 9AD485A61D5A9D7800354801 /* tetris_pane_view_update_hint.cpp */; };
		9A3430661D5B9E7F00D00D4A /* tetris_preview.cpp in Sources */ = {isa = PBXBuildFile; fileRef = 9AD485A81D5A9D7800354801 /* tetris_preview.cpp */; };
		9A3430681D5B9E7F00D00D4A /* tetris_view.cpp in Sources */ = {isa = PBXBuildFile; fileRef = 9AD485AC1D5A9D7800354801 /* tetris_view.cpp */; };
		9A3430731D5B9EA200D00D4A /* libios_ace.dylib in Frameworks */ = {isa = PBXBuildFile; fileRef = 9A34306E1D5B9EA200D00D4A /* libios_ace.dylib */; };
		9A3430741D5B9EA200D00D4A /* libios_aura.dylib in Frameworks */ = {isa = PBXBuildFile; fileRef = 9A34306F1D5B9EA200D00D4A /* libios_aura.dylib */; };
		9A3430751D5B9EA200D00D4A /* libios_axis.dylib in Frameworks */ = {isa = PBXBuildFile; fileRef = 9A3430701D5B9EA200D00D4A /* libios_axis.dylib */; };
		9A3430761D5B9EA200D00D4A /* libios_base.dylib in Frameworks */ = {isa = PBXBuildFile; fileRef = 9A3430711D5B9EA200D00D4A /* libios_base.dylib */; };
		9A3430771D5B9EA200D00D4A /* libios_core.dylib in Frameworks */ = {isa = PBXBuildFile; fileRef = 9A3430721D5B9EA200D00D4A /* libios_core.dylib */; };
		9AC2D1C7213ECD97006F66DF /* libestamira.dylib in Frameworks */ = {isa = PBXBuildFile; fileRef = 9AC2D1C0213ECD83006F66DF /* libestamira.dylib */; };
		9AC2D1C9213ECD9E006F66DF /* libmultimedia.dylib in Frameworks */ = {isa = PBXBuildFile; fileRef = 9AC2D1C8213ECD9E006F66DF /* libmultimedia.dylib */; };
		9AC2D1CD213ECDDF006F66DF /* tetris_game.cpp in Sources */ = {isa = PBXBuildFile; fileRef = 9AC2D1CB213ECDBE006F66DF /* tetris_game.cpp */; };
		9AC2D1CE213ECDDF006F66DF /* tetris_game.cpp in Sources */ = {isa = PBXBuildFile; fileRef = 9AC2D1CB213ECDBE006F66DF /* tetris_game.cpp */; };
		9AD485D31D5A9D7A00354801 /* framework.cpp in Sources */ = {isa = PBXBuildFile; fileRef = 9AD485861D5A9D7700354801 /* framework.cpp */; };
		9AD485D41D5A9D7A00354801 /* framework.h in Headers */ = {isa = PBXBuildFile; fileRef = 9AD485871D5A9D7700354801 /* framework.h */; };
		9AD485D81D5A9D7A00354801 /* tetris_application.cpp in Sources */ = {isa = PBXBuildFile; fileRef = 9AD4859C1D5A9D7700354801 /* tetris_application.cpp */; };
		9AD485D91D5A9D7A00354801 /* tetris_application.h in Headers */ = {isa = PBXBuildFile; fileRef = 9AD4859D1D5A9D7700354801 /* tetris_application.h */; };
		9AD485DA1D5A9D7A00354801 /* tetris_document.cpp in Sources */ = {isa = PBXBuildFile; fileRef = 9AD4859E1D5A9D7700354801 /* tetris_document.cpp */; };
		9AD485DB1D5A9D7A00354801 /* tetris_document.h in Headers */ = {isa = PBXBuildFile; fileRef = 9AD4859F1D5A9D7700354801 /* tetris_document.h */; };
		9AD485DC1D5A9D7A00354801 /* tetris_frame.cpp in Sources */ = {isa = PBXBuildFile; fileRef = 9AD485A01D5A9D7800354801 /* tetris_frame.cpp */; };
		9AD485DD1D5A9D7A00354801 /* tetris_frame.h in Headers */ = {isa = PBXBuildFile; fileRef = 9AD485A11D5A9D7800354801 /* tetris_frame.h */; };
		9AD485DE1D5A9D7A00354801 /* tetris_interface.cpp in Sources */ = {isa = PBXBuildFile; fileRef = 9AD485A21D5A9D7800354801 /* tetris_interface.cpp */; };
		9AD485DF1D5A9D7A00354801 /* tetris_interface.h in Headers */ = {isa = PBXBuildFile; fileRef = 9AD485A31D5A9D7800354801 /* tetris_interface.h */; };
		9AD485E01D5A9D7A00354801 /* tetris_pane_view.cpp in Sources */ = {isa = PBXBuildFile; fileRef = 9AD485A41D5A9D7800354801 /* tetris_pane_view.cpp */; };
		9AD485E11D5A9D7A00354801 /* tetris_pane_view.h in Headers */ = {isa = PBXBuildFile; fileRef = 9AD485A51D5A9D7800354801 /* tetris_pane_view.h */; };
		9AD485E21D5A9D7A00354801 /* tetris_pane_view_update_hint.cpp in Sources */ = {isa = PBXBuildFile; fileRef = 9AD485A61D5A9D7800354801 /* tetris_pane_view_update_hint.cpp */; };
		9AD485E31D5A9D7A00354801 /* tetris_pane_view_update_hint.h in Headers */ = {isa = PBXBuildFile; fileRef = 9AD485A71D5A9D7800354801 /* tetris_pane_view_update_hint.h */; };
		9AD485E41D5A9D7A00354801 /* tetris_preview.cpp in Sources */ = {isa = PBXBuildFile; fileRef = 9AD485A81D5A9D7800354801 /* tetris_preview.cpp */; };
		9AD485E51D5A9D7A00354801 /* tetris_preview.h in Headers */ = {isa = PBXBuildFile; fileRef = 9AD485A91D5A9D7800354801 /* tetris_preview.h */; };
		9AD485E81D5A9D7A00354801 /* tetris_view.cpp in Sources */ = {isa = PBXBuildFile; fileRef = 9AD485AC1D5A9D7800354801 /* tetris_view.cpp */; };
		9AD485E91D5A9D7A00354801 /* tetris_view.h in Headers */ = {isa = PBXBuildFile; fileRef = 9AD485AD1D5A9D7800354801 /* tetris_view.h */; };
		9AD486051D5A9FF600354801 /* libaura.dylib in Frameworks */ = {isa = PBXBuildFile; fileRef = 9AD486041D5A9FF600354801 /* libaura.dylib */; };
		9AD486071D5A9FFC00354801 /* libaxis.dylib in Frameworks */ = {isa = PBXBuildFile; fileRef = 9AD486061D5A9FFC00354801 /* libaxis.dylib */; };
		9AD486091D5AA00100354801 /* libbase.dylib in Frameworks */ = {isa = PBXBuildFile; fileRef = 9AD486081D5AA00100354801 /* libbase.dylib */; };
		9AD486191D5AA03700354801 /* libcore.dylib in Frameworks */ = {isa = PBXBuildFile; fileRef = 9AD486181D5AA03700354801 /* libcore.dylib */; };
		9AE24E8D1904CFFD001AEFFB /* Foundation.framework in Frameworks */ = {isa = PBXBuildFile; fileRef = 9AE24E8C1904CFFD001AEFFB /* Foundation.framework */; };
		9AE24E9B1904CFFD001AEFFB /* XCTest.framework in Frameworks */ = {isa = PBXBuildFile; fileRef = 9AE24E9A1904CFFD001AEFFB /* XCTest.framework */; };
		9AE24E9C1904CFFD001AEFFB /* Foundation.framework in Frameworks */ = {isa = PBXBuildFile; fileRef = 9AE24E8C1904CFFD001AEFFB /* Foundation.framework */; };
		9AE24E9E1904CFFD001AEFFB /* UIKit.framework in Frameworks */ = {isa = PBXBuildFile; fileRef = 9AE24E9D1904CFFD001AEFFB /* UIKit.framework */; };
		9AE24EA11904CFFD001AEFFB /* libgame_tetris.dylib in Frameworks */ = {isa = PBXBuildFile; fileRef = 9AE24E8A1904CFFD001AEFFB /* libgame_tetris.dylib */; };
		9AE24EA71904CFFD001AEFFB /* InfoPlist.strings in Resources */ = {isa = PBXBuildFile; fileRef = 9AE24EA51904CFFD001AEFFB /* InfoPlist.strings */; };
		9AE24EA91904CFFD001AEFFB /* app_core_hellomultiverse_iosTests.m in Sources */ = {isa = PBXBuildFile; fileRef = 9AE24EA81904CFFD001AEFFB /* app_core_hellomultiverse_iosTests.m */; };
/* End PBXBuildFile section */

/* Begin PBXContainerItemProxy section */
		9AC2D1BF213ECD83006F66DF /* PBXContainerItemProxy */ = {
			isa = PBXContainerItemProxy;
			containerPortal = 9AC2D1B9213ECD82006F66DF /* estamira.xcodeproj */;
			proxyType = 2;
			remoteGlobalIDString = 9A574B9816AAB906000CC4EF;
			remoteInfo = estamira;
		};
		9AC2D1C1213ECD83006F66DF /* PBXContainerItemProxy */ = {
			isa = PBXContainerItemProxy;
			containerPortal = 9AC2D1B9213ECD82006F66DF /* estamira.xcodeproj */;
			proxyType = 2;
			remoteGlobalIDString = 07B65764190F3CA2002DAADE;
			remoteInfo = ios_estamira;
		};
		9AC2D1C3213ECD83006F66DF /* PBXContainerItemProxy */ = {
			isa = PBXContainerItemProxy;
			containerPortal = 9AC2D1B9213ECD82006F66DF /* estamira.xcodeproj */;
			proxyType = 2;
			remoteGlobalIDString = 07B65773190F3CA2002DAADE;
			remoteInfo = estamira_iosTests;
		};
		9AC2D1C5213ECD8F006F66DF /* PBXContainerItemProxy */ = {
			isa = PBXContainerItemProxy;
			containerPortal = 9AC2D1B9213ECD82006F66DF /* estamira.xcodeproj */;
			proxyType = 1;
			remoteGlobalIDString = 9A574B9716AAB906000CC4EF;
			remoteInfo = estamira;
		};
		9AE24E9F1904CFFD001AEFFB /* PBXContainerItemProxy */ = {
			isa = PBXContainerItemProxy;
			containerPortal = 9AEB759B16F78DF10085103B /* Project object */;
			proxyType = 1;
			remoteGlobalIDString = 9AE24E891904CFFD001AEFFB;
			remoteInfo = app_core_hellomultiverse_ios;
		};
/* End PBXContainerItemProxy section */

/* Begin PBXCopyFilesBuildPhase section */
		9AE24E881904CFFD001AEFFB /* CopyFiles */ = {
			isa = PBXCopyFilesBuildPhase;
			buildActionMask = 2147483647;
			dstPath = "include/$(PRODUCT_NAME)";
			dstSubfolderSpec = 16;
			files = (
			);
			runOnlyForDeploymentPostprocessing = 0;
		};
/* End PBXCopyFilesBuildPhase section */

/* Begin PBXFileReference section */
		078AEF6219158B190091C065 /* libbase.dylib */ = {isa = PBXFileReference; lastKnownFileType = "compiled.mach-o.dylib"; name = libbase.dylib; path = "../../../app/appseed/base/build/Debug-iphoneos/libbase.dylib"; sourceTree = "<group>"; };
		07B65527190F301F002DAADE /* libbase.dylib */ = {isa = PBXFileReference; lastKnownFileType = "compiled.mach-o.dylib"; name = libbase.dylib; path = "../../../app/appseed/base/build/Debug-iphoneos/libbase.dylib"; sourceTree = "<group>"; };
		07B65528190F301F002DAADE /* libbasefreeimage.dylib */ = {isa = PBXFileReference; lastKnownFileType = "compiled.mach-o.dylib"; name = libbasefreeimage.dylib; path = "../../../app/thirdparty/appseed/freeimage/build/Debug-iphoneos/libbasefreeimage.dylib"; sourceTree = "<group>"; };
		07B65529190F301F002DAADE /* libbasefreetype.dylib */ = {isa = PBXFileReference; lastKnownFileType = "compiled.mach-o.dylib"; name = libbasefreetype.dylib; path = "../../../app/thirdparty/appseed/freetype/build/Debug-iphoneos/libbasefreetype.dylib"; sourceTree = "<group>"; };
		07B6552A190F301F002DAADE /* libbasemysql.dylib */ = {isa = PBXFileReference; lastKnownFileType = "compiled.mach-o.dylib"; name = libbasemysql.dylib; path = "../../../app/thirdparty/appseed/mysql/build/Debug-iphoneos/libbasemysql.dylib"; sourceTree = "<group>"; };
		07B6552B190F301F002DAADE /* libcore.dylib */ = {isa = PBXFileReference; lastKnownFileType = "compiled.mach-o.dylib"; name = libcore.dylib; path = "../../../app/appseed/core/build/Debug-iphoneos/libcore.dylib"; sourceTree = "<group>"; };
		9A34306E1D5B9EA200D00D4A /* libios_ace.dylib */ = {isa = PBXFileReference; lastKnownFileType = "compiled.mach-o.dylib"; name = libios_ace.dylib; path = "../../../../Users/camilo/Library/Developer/Xcode/DerivedData/arcade-ios-biflflzsuoocrodvdsvmkqeosgky/Build/Products/Debug-iphonesimulator/libios_ace.dylib"; sourceTree = "<group>"; };
		9A34306F1D5B9EA200D00D4A /* libios_aura.dylib */ = {isa = PBXFileReference; lastKnownFileType = "compiled.mach-o.dylib"; name = libios_aura.dylib; path = "../../../../Users/camilo/Library/Developer/Xcode/DerivedData/arcade-ios-biflflzsuoocrodvdsvmkqeosgky/Build/Products/Debug-iphonesimulator/libios_aura.dylib"; sourceTree = "<group>"; };
		9A3430701D5B9EA200D00D4A /* libios_axis.dylib */ = {isa = PBXFileReference; lastKnownFileType = "compiled.mach-o.dylib"; name = libios_axis.dylib; path = "../../../app/appseed/axis/build/Debug-iphoneos/libios_axis.dylib"; sourceTree = "<group>"; };
		9A3430711D5B9EA200D00D4A /* libios_base.dylib */ = {isa = PBXFileReference; lastKnownFileType = "compiled.mach-o.dylib"; name = libios_base.dylib; path = "../../../app/appseed/base/build/Debug-iphoneos/libios_base.dylib"; sourceTree = "<group>"; };
		9A3430721D5B9EA200D00D4A /* libios_core.dylib */ = {isa = PBXFileReference; lastKnownFileType = "compiled.mach-o.dylib"; name = libios_core.dylib; path = "../../../app/appseed/core/build/Debug-iphoneos/libios_core.dylib"; sourceTree = "<group>"; };
		9AA6A29C190710C6000A1F4A /* libbase_ios.dylib */ = {isa = PBXFileReference; lastKnownFileType = "compiled.mach-o.dylib"; name = libbase_ios.dylib; path = "../../../app/appseed/base/build/Debug-iphoneos/libbase_ios.dylib"; sourceTree = "<group>"; };
		9AA6A29E190710E0000A1F4A /* libcore_ios.dylib */ = {isa = PBXFileReference; lastKnownFileType = "compiled.mach-o.dylib"; name = libcore_ios.dylib; path = "../../../app/appseed/core/build/Debug-iphoneos/libcore_ios.dylib"; sourceTree = "<group>"; };
		9AA6A2A0190710F3000A1F4A /* libbasefreeimage_ios.dylib */ = {isa = PBXFileReference; lastKnownFileType = "compiled.mach-o.dylib"; name = libbasefreeimage_ios.dylib; path = "../../../app/thirdparty/appseed/freeimage/build/Debug-iphoneos/libbasefreeimage_ios.dylib"; sourceTree = "<group>"; };
		9AA6A2A1190710F3000A1F4A /* libbasefreetype_ios.dylib */ = {isa = PBXFileReference; lastKnownFileType = "compiled.mach-o.dylib"; name = libbasefreetype_ios.dylib; path = "../../../app/thirdparty/appseed/freetype/build/Debug-iphoneos/libbasefreetype_ios.dylib"; sourceTree = "<group>"; };
		9AA6A2A2190710F3000A1F4A /* libbasemysql_ios.dylib */ = {isa = PBXFileReference; lastKnownFileType = "compiled.mach-o.dylib"; name = libbasemysql_ios.dylib; path = "../../../app/thirdparty/appseed/mysql/build/Debug-iphoneos/libbasemysql_ios.dylib"; sourceTree = "<group>"; };
		9AAE862717E99A9900F0512E /* libbase.dylib */ = {isa = PBXFileReference; lastKnownFileType = "compiled.mach-o.dylib"; name = libbase.dylib; path = "../../../../Users/camilo/Library/Developer/Xcode/DerivedData/all-dlckdugtwkhfjkdbgurajmehstei/Build/Products/Debug/libbase.dylib"; sourceTree = "<group>"; };
		9AAE862817E99A9900F0512E /* libbasefreeimage.dylib */ = {isa = PBXFileReference; lastKnownFileType = "compiled.mach-o.dylib"; name = libbasefreeimage.dylib; path = "../../../../Users/camilo/Library/Developer/Xcode/DerivedData/all-dlckdugtwkhfjkdbgurajmehstei/Build/Products/Debug/libbasefreeimage.dylib"; sourceTree = "<group>"; };
		9AAE862917E99A9900F0512E /* libbasefreetype.dylib */ = {isa = PBXFileReference; lastKnownFileType = "compiled.mach-o.dylib"; name = libbasefreetype.dylib; path = "../../../../Users/camilo/Library/Developer/Xcode/DerivedData/all-dlckdugtwkhfjkdbgurajmehstei/Build/Products/Debug/libbasefreetype.dylib"; sourceTree = "<group>"; };
		9AAE862A17E99A9900F0512E /* libbasemysql.dylib */ = {isa = PBXFileReference; lastKnownFileType = "compiled.mach-o.dylib"; name = libbasemysql.dylib; path = "../../../../Users/camilo/Library/Developer/Xcode/DerivedData/all-dlckdugtwkhfjkdbgurajmehstei/Build/Products/Debug/libbasemysql.dylib"; sourceTree = "<group>"; };
		9AAE862E17E99A9A00F0512E /* libcore.dylib */ = {isa = PBXFileReference; lastKnownFileType = "compiled.mach-o.dylib"; name = libcore.dylib; path = "../../../../Users/camilo/Library/Developer/Xcode/DerivedData/all-dlckdugtwkhfjkdbgurajmehstei/Build/Products/Debug/libcore.dylib"; sourceTree = "<group>"; };
		9AC2D1B9213ECD82006F66DF /* estamira.xcodeproj */ = {isa = PBXFileReference; lastKnownFileType = "wrapper.pb-project"; name = estamira.xcodeproj; path = ../estamira/estamira.xcodeproj; sourceTree = "<group>"; };
		9AC2D1C8213ECD9E006F66DF /* libmultimedia.dylib */ = {isa = PBXFileReference; explicitFileType = "compiled.mach-o.dylib"; path = libmultimedia.dylib; sourceTree = BUILT_PRODUCTS_DIR; };
		9AC2D1CA213ECDBD006F66DF /* tetris_game.h */ = {isa = PBXFileReference; fileEncoding = 4; lastKnownFileType = sourcecode.c.h; path = tetris_game.h; sourceTree = "<group>"; };
		9AC2D1CB213ECDBE006F66DF /* tetris_game.cpp */ = {isa = PBXFileReference; fileEncoding = 4; lastKnownFileType = sourcecode.cpp.cpp; path = tetris_game.cpp; sourceTree = "<group>"; };
		9AD485861D5A9D7700354801 /* framework.cpp */ = {isa = PBXFileReference; fileEncoding = 4; lastKnownFileType = sourcecode.cpp.cpp; path = framework.cpp; sourceTree = "<group>"; };
		9AD485871D5A9D7700354801 /* framework.h */ = {isa = PBXFileReference; fileEncoding = 4; lastKnownFileType = sourcecode.c.h; path = framework.h; sourceTree = "<group>"; };
		9AD4859C1D5A9D7700354801 /* tetris_application.cpp */ = {isa = PBXFileReference; fileEncoding = 4; lastKnownFileType = sourcecode.cpp.cpp; path = tetris_application.cpp; sourceTree = "<group>"; };
		9AD4859D1D5A9D7700354801 /* tetris_application.h */ = {isa = PBXFileReference; fileEncoding = 4; lastKnownFileType = sourcecode.c.h; path = tetris_application.h; sourceTree = "<group>"; };
		9AD4859E1D5A9D7700354801 /* tetris_document.cpp */ = {isa = PBXFileReference; fileEncoding = 4; lastKnownFileType = sourcecode.cpp.cpp; path = tetris_document.cpp; sourceTree = "<group>"; };
		9AD4859F1D5A9D7700354801 /* tetris_document.h */ = {isa = PBXFileReference; fileEncoding = 4; lastKnownFileType = sourcecode.c.h; path = tetris_document.h; sourceTree = "<group>"; };
		9AD485A01D5A9D7800354801 /* tetris_frame.cpp */ = {isa = PBXFileReference; fileEncoding = 4; lastKnownFileType = sourcecode.cpp.cpp; path = tetris_frame.cpp; sourceTree = "<group>"; };
		9AD485A11D5A9D7800354801 /* tetris_frame.h */ = {isa = PBXFileReference; fileEncoding = 4; lastKnownFileType = sourcecode.c.h; path = tetris_frame.h; sourceTree = "<group>"; };
		9AD485A21D5A9D7800354801 /* tetris_interface.cpp */ = {isa = PBXFileReference; fileEncoding = 4; lastKnownFileType = sourcecode.cpp.cpp; path = tetris_interface.cpp; sourceTree = "<group>"; };
		9AD485A31D5A9D7800354801 /* tetris_interface.h */ = {isa = PBXFileReference; fileEncoding = 4; lastKnownFileType = sourcecode.c.h; path = tetris_interface.h; sourceTree = "<group>"; };
		9AD485A41D5A9D7800354801 /* tetris_pane_view.cpp */ = {isa = PBXFileReference; fileEncoding = 4; lastKnownFileType = sourcecode.cpp.cpp; path = tetris_pane_view.cpp; sourceTree = "<group>"; };
		9AD485A51D5A9D7800354801 /* tetris_pane_view.h */ = {isa = PBXFileReference; fileEncoding = 4; lastKnownFileType = sourcecode.c.h; path = tetris_pane_view.h; sourceTree = "<group>"; };
		9AD485A61D5A9D7800354801 /* tetris_pane_view_update_hint.cpp */ = {isa = PBXFileReference; fileEncoding = 4; lastKnownFileType = sourcecode.cpp.cpp; path = tetris_pane_view_update_hint.cpp; sourceTree = "<group>"; };
		9AD485A71D5A9D7800354801 /* tetris_pane_view_update_hint.h */ = {isa = PBXFileReference; fileEncoding = 4; lastKnownFileType = sourcecode.c.h; path = tetris_pane_view_update_hint.h; sourceTree = "<group>"; };
		9AD485A81D5A9D7800354801 /* tetris_preview.cpp */ = {isa = PBXFileReference; fileEncoding = 4; lastKnownFileType = sourcecode.cpp.cpp; path = tetris_preview.cpp; sourceTree = "<group>"; };
		9AD485A91D5A9D7800354801 /* tetris_preview.h */ = {isa = PBXFileReference; fileEncoding = 4; lastKnownFileType = sourcecode.c.h; path = tetris_preview.h; sourceTree = "<group>"; };
		9AD485AC1D5A9D7800354801 /* tetris_view.cpp */ = {isa = PBXFileReference; fileEncoding = 4; lastKnownFileType = sourcecode.cpp.cpp; path = tetris_view.cpp; sourceTree = "<group>"; };
		9AD485AD1D5A9D7800354801 /* tetris_view.h */ = {isa = PBXFileReference; fileEncoding = 4; lastKnownFileType = sourcecode.c.h; path = tetris_view.h; sourceTree = "<group>"; };
		9AD486041D5A9FF600354801 /* libaura.dylib */ = {isa = PBXFileReference; lastKnownFileType = "compiled.mach-o.dylib"; name = libaura.dylib; path = "../../../../Users/camilo/Library/Developer/Xcode/DerivedData/game-osx-bptwppztvkwexydcqbxexbftmdod/Build/Products/Debug/libaura.dylib"; sourceTree = "<group>"; };
		9AD486061D5A9FFC00354801 /* libaxis.dylib */ = {isa = PBXFileReference; lastKnownFileType = "compiled.mach-o.dylib"; name = libaxis.dylib; path = "../../../../Users/camilo/Library/Developer/Xcode/DerivedData/game-osx-bptwppztvkwexydcqbxexbftmdod/Build/Products/Debug/libaxis.dylib"; sourceTree = "<group>"; };
		9AD486081D5AA00100354801 /* libbase.dylib */ = {isa = PBXFileReference; lastKnownFileType = "compiled.mach-o.dylib"; name = libbase.dylib; path = "../../../../Users/camilo/Library/Developer/Xcode/DerivedData/game-osx-bptwppztvkwexydcqbxexbftmdod/Build/Products/Debug/libbase.dylib"; sourceTree = "<group>"; };
		9AD486181D5AA03700354801 /* libcore.dylib */ = {isa = PBXFileReference; lastKnownFileType = "compiled.mach-o.dylib"; name = libcore.dylib; path = "../../../../Users/camilo/Library/Developer/Xcode/DerivedData/game-osx-bptwppztvkwexydcqbxexbftmdod/Build/Products/Debug/libcore.dylib"; sourceTree = "<group>"; };
		9AE24E8A1904CFFD001AEFFB /* libgame_tetris.dylib */ = {isa = PBXFileReference; explicitFileType = archive.ar; includeInIndex = 0; path = libgame_tetris.dylib; sourceTree = BUILT_PRODUCTS_DIR; };
		9AE24E8C1904CFFD001AEFFB /* Foundation.framework */ = {isa = PBXFileReference; lastKnownFileType = wrapper.framework; name = Foundation.framework; path = System/Library/Frameworks/Foundation.framework; sourceTree = SDKROOT; };
		9AE24E991904CFFD001AEFFB /* app_core_hellomultiverse_iosTests.xctest */ = {isa = PBXFileReference; explicitFileType = wrapper.cfbundle; includeInIndex = 0; path = app_core_hellomultiverse_iosTests.xctest; sourceTree = BUILT_PRODUCTS_DIR; };
		9AE24E9A1904CFFD001AEFFB /* XCTest.framework */ = {isa = PBXFileReference; lastKnownFileType = wrapper.framework; name = XCTest.framework; path = Library/Frameworks/XCTest.framework; sourceTree = DEVELOPER_DIR; };
		9AE24E9D1904CFFD001AEFFB /* UIKit.framework */ = {isa = PBXFileReference; lastKnownFileType = wrapper.framework; name = UIKit.framework; path = Library/Frameworks/UIKit.framework; sourceTree = DEVELOPER_DIR; };
		9AE24EA41904CFFD001AEFFB /* app_core_hellomultiverse_iosTests-Info.plist */ = {isa = PBXFileReference; lastKnownFileType = text.plist.xml; path = "app_core_hellomultiverse_iosTests-Info.plist"; sourceTree = "<group>"; };
		9AE24EA61904CFFD001AEFFB /* en */ = {isa = PBXFileReference; lastKnownFileType = text.plist.strings; name = en; path = en.lproj/InfoPlist.strings; sourceTree = "<group>"; };
		9AE24EA81904CFFD001AEFFB /* app_core_hellomultiverse_iosTests.m */ = {isa = PBXFileReference; lastKnownFileType = sourcecode.c.objc; path = app_core_hellomultiverse_iosTests.m; sourceTree = "<group>"; };
		9AEB75A316F78DF10085103B /* libgame_tetris.dylib */ = {isa = PBXFileReference; explicitFileType = "compiled.mach-o.dylib"; includeInIndex = 0; path = libgame_tetris.dylib; sourceTree = BUILT_PRODUCTS_DIR; };
/* End PBXFileReference section */

/* Begin PBXFrameworksBuildPhase section */
		9AE24E871904CFFD001AEFFB /* Frameworks */ = {
			isa = PBXFrameworksBuildPhase;
			buildActionMask = 2147483647;
			files = (
				9A3430731D5B9EA200D00D4A /* libios_ace.dylib in Frameworks */,
				9A3430741D5B9EA200D00D4A /* libios_aura.dylib in Frameworks */,
				9A3430751D5B9EA200D00D4A /* libios_axis.dylib in Frameworks */,
				9A3430761D5B9EA200D00D4A /* libios_base.dylib in Frameworks */,
				9A3430771D5B9EA200D00D4A /* libios_core.dylib in Frameworks */,
				9AE24E8D1904CFFD001AEFFB /* Foundation.framework in Frameworks */,
			);
			runOnlyForDeploymentPostprocessing = 0;
		};
		9AE24E961904CFFD001AEFFB /* Frameworks */ = {
			isa = PBXFrameworksBuildPhase;
			buildActionMask = 2147483647;
			files = (
				9AE24E9B1904CFFD001AEFFB /* XCTest.framework in Frameworks */,
				9AE24E9E1904CFFD001AEFFB /* UIKit.framework in Frameworks */,
				9AE24E9C1904CFFD001AEFFB /* Foundation.framework in Frameworks */,
				9AE24EA11904CFFD001AEFFB /* libgame_tetris.dylib in Frameworks */,
			);
			runOnlyForDeploymentPostprocessing = 0;
		};
		9AEB75A016F78DF10085103B /* Frameworks */ = {
			isa = PBXFrameworksBuildPhase;
			buildActionMask = 2147483647;
			files = (
				9AC2D1C9213ECD9E006F66DF /* libmultimedia.dylib in Frameworks */,
				9AC2D1C7213ECD97006F66DF /* libestamira.dylib in Frameworks */,
				9AD486191D5AA03700354801 /* libcore.dylib in Frameworks */,
				9AD486091D5AA00100354801 /* libbase.dylib in Frameworks */,
				9AD486071D5A9FFC00354801 /* libaxis.dylib in Frameworks */,
				9AD486051D5A9FF600354801 /* libaura.dylib in Frameworks */,
			);
			runOnlyForDeploymentPostprocessing = 0;
		};
/* End PBXFrameworksBuildPhase section */

/* Begin PBXGroup section */
		9AC2D1BA213ECD82006F66DF /* Products */ = {
			isa = PBXGroup;
			children = (
				9AC2D1C0213ECD83006F66DF /* libestamira.dylib */,
				9AC2D1C2213ECD83006F66DF /* libios_estamira.dylib */,
				9AC2D1C4213ECD83006F66DF /* estamira_iosTests.xctest */,
			);
			name = Products;
			sourceTree = "<group>";
		};
		9AD4855F1D5A9D7700354801 /* tetris */ = {
			isa = PBXGroup;
			children = (
				9AD485861D5A9D7700354801 /* framework.cpp */,
				9AD485871D5A9D7700354801 /* framework.h */,
				9AD4859C1D5A9D7700354801 /* tetris_application.cpp */,
				9AD4859D1D5A9D7700354801 /* tetris_application.h */,
				9AD4859E1D5A9D7700354801 /* tetris_document.cpp */,
				9AD4859F1D5A9D7700354801 /* tetris_document.h */,
				9AD485A01D5A9D7800354801 /* tetris_frame.cpp */,
				9AD485A11D5A9D7800354801 /* tetris_frame.h */,
				9AC2D1CB213ECDBE006F66DF /* tetris_game.cpp */,
				9AC2D1CA213ECDBD006F66DF /* tetris_game.h */,
				9AD485A21D5A9D7800354801 /* tetris_interface.cpp */,
				9AD485A31D5A9D7800354801 /* tetris_interface.h */,
				9AD485A41D5A9D7800354801 /* tetris_pane_view.cpp */,
				9AD485A51D5A9D7800354801 /* tetris_pane_view.h */,
				9AD485A61D5A9D7800354801 /* tetris_pane_view_update_hint.cpp */,
				9AD485A71D5A9D7800354801 /* tetris_pane_view_update_hint.h */,
				9AD485A81D5A9D7800354801 /* tetris_preview.cpp */,
				9AD485A91D5A9D7800354801 /* tetris_preview.h */,
				9AD485AC1D5A9D7800354801 /* tetris_view.cpp */,
				9AD485AD1D5A9D7800354801 /* tetris_view.h */,
			);
			name = tetris;
			sourceTree = "<group>";
		};
		9AE24E8B1904CFFD001AEFFB /* Frameworks */ = {
			isa = PBXGroup;
			children = (
				9AC2D1C8213ECD9E006F66DF /* libmultimedia.dylib */,
				9A34306E1D5B9EA200D00D4A /* libios_ace.dylib */,
				9A34306F1D5B9EA200D00D4A /* libios_aura.dylib */,
				9A3430701D5B9EA200D00D4A /* libios_axis.dylib */,
				9A3430711D5B9EA200D00D4A /* libios_base.dylib */,
				9A3430721D5B9EA200D00D4A /* libios_core.dylib */,
				9AD486181D5AA03700354801 /* libcore.dylib */,
				9AD486081D5AA00100354801 /* libbase.dylib */,
				9AD486061D5A9FFC00354801 /* libaxis.dylib */,
				9AD486041D5A9FF600354801 /* libaura.dylib */,
				078AEF6219158B190091C065 /* libbase.dylib */,
				07B65527190F301F002DAADE /* libbase.dylib */,
				07B65528190F301F002DAADE /* libbasefreeimage.dylib */,
				07B65529190F301F002DAADE /* libbasefreetype.dylib */,
				07B6552A190F301F002DAADE /* libbasemysql.dylib */,
				07B6552B190F301F002DAADE /* libcore.dylib */,
				9AA6A2A0190710F3000A1F4A /* libbasefreeimage_ios.dylib */,
				9AA6A2A1190710F3000A1F4A /* libbasefreetype_ios.dylib */,
				9AA6A2A2190710F3000A1F4A /* libbasemysql_ios.dylib */,
				9AA6A29E190710E0000A1F4A /* libcore_ios.dylib */,
				9AA6A29C190710C6000A1F4A /* libbase_ios.dylib */,
				9AE24E8C1904CFFD001AEFFB /* Foundation.framework */,
				9AE24E9A1904CFFD001AEFFB /* XCTest.framework */,
				9AE24E9D1904CFFD001AEFFB /* UIKit.framework */,
			);
			name = Frameworks;
			sourceTree = "<group>";
		};
		9AE24EA21904CFFD001AEFFB /* app_core_hellomultiverse_iosTests */ = {
			isa = PBXGroup;
			children = (
				9AE24EA81904CFFD001AEFFB /* app_core_hellomultiverse_iosTests.m */,
				9AE24EA31904CFFD001AEFFB /* Supporting Files */,
			);
			path = app_core_hellomultiverse_iosTests;
			sourceTree = "<group>";
		};
		9AE24EA31904CFFD001AEFFB /* Supporting Files */ = {
			isa = PBXGroup;
			children = (
				9AE24EA41904CFFD001AEFFB /* app_core_hellomultiverse_iosTests-Info.plist */,
				9AE24EA51904CFFD001AEFFB /* InfoPlist.strings */,
			);
			name = "Supporting Files";
			sourceTree = "<group>";
		};
		9AEB759A16F78DF10085103B = {
			isa = PBXGroup;
			children = (
				9AC2D1B9213ECD82006F66DF /* estamira.xcodeproj */,
				9AD4855F1D5A9D7700354801 /* tetris */,
				9AE24EA21904CFFD001AEFFB /* app_core_hellomultiverse_iosTests */,
				9AE24E8B1904CFFD001AEFFB /* Frameworks */,
				9AEB75A416F78DF10085103B /* Products */,
				9AAE862717E99A9900F0512E /* libbase.dylib */,
				9AAE862817E99A9900F0512E /* libbasefreeimage.dylib */,
				9AAE862917E99A9900F0512E /* libbasefreetype.dylib */,
				9AAE862A17E99A9900F0512E /* libbasemysql.dylib */,
				9AAE862E17E99A9A00F0512E /* libcore.dylib */,
			);
			sourceTree = "<group>";
		};
		9AEB75A416F78DF10085103B /* Products */ = {
			isa = PBXGroup;
			children = (
				9AEB75A316F78DF10085103B /* libgame_tetris.dylib */,
				9AE24E8A1904CFFD001AEFFB /* libgame_tetris.dylib */,
				9AE24E991904CFFD001AEFFB /* app_core_hellomultiverse_iosTests.xctest */,
			);
			name = Products;
			sourceTree = "<group>";
		};
/* End PBXGroup section */

/* Begin PBXHeadersBuildPhase section */
		9AEB75A116F78DF10085103B /* Headers */ = {
			isa = PBXHeadersBuildPhase;
			buildActionMask = 2147483647;
			files = (
				9AD485DB1D5A9D7A00354801 /* tetris_document.h in Headers */,
				9AD485E51D5A9D7A00354801 /* tetris_preview.h in Headers */,
				9AD485D91D5A9D7A00354801 /* tetris_application.h in Headers */,
				9AD485E91D5A9D7A00354801 /* tetris_view.h in Headers */,
				9AD485DF1D5A9D7A00354801 /* tetris_interface.h in Headers */,
				9AD485D41D5A9D7A00354801 /* framework.h in Headers */,
				9AD485E11D5A9D7A00354801 /* tetris_pane_view.h in Headers */,
				9AD485E31D5A9D7A00354801 /* tetris_pane_view_update_hint.h in Headers */,
				9AD485DD1D5A9D7A00354801 /* tetris_frame.h in Headers */,
			);
			runOnlyForDeploymentPostprocessing = 0;
		};
/* End PBXHeadersBuildPhase section */

/* Begin PBXNativeTarget section */
		9AE24E891904CFFD001AEFFB /* ios_game_tetris */ = {
			isa = PBXNativeTarget;
			buildConfigurationList = 9AE24EBA1904CFFD001AEFFB /* Build configuration list for PBXNativeTarget "ios_game_tetris" */;
			buildPhases = (
				9AE24E861904CFFD001AEFFB /* Sources */,
				9AE24E871904CFFD001AEFFB /* Frameworks */,
				9AE24E881904CFFD001AEFFB /* CopyFiles */,
			);
			buildRules = (
			);
			dependencies = (
			);
			name = ios_game_tetris;
			productName = app_core_hellomultiverse_ios;
			productReference = 9AE24E8A1904CFFD001AEFFB /* libgame_tetris.dylib */;
			productType = "com.apple.product-type.library.static";
		};
		9AE24E981904CFFD001AEFFB /* app_core_hellomultiverse_iosTests */ = {
			isa = PBXNativeTarget;
			buildConfigurationList = 9AE24EBB1904CFFD001AEFFB /* Build configuration list for PBXNativeTarget "app_core_hellomultiverse_iosTests" */;
			buildPhases = (
				9AE24E951904CFFD001AEFFB /* Sources */,
				9AE24E961904CFFD001AEFFB /* Frameworks */,
				9AE24E971904CFFD001AEFFB /* Resources */,
			);
			buildRules = (
			);
			dependencies = (
				9AE24EA01904CFFD001AEFFB /* PBXTargetDependency */,
			);
			name = app_core_hellomultiverse_iosTests;
			productName = app_core_hellomultiverse_iosTests;
			productReference = 9AE24E991904CFFD001AEFFB /* app_core_hellomultiverse_iosTests.xctest */;
			productType = "com.apple.product-type.bundle.unit-test";
		};
		9AEB75A216F78DF10085103B /* game_tetris */ = {
			isa = PBXNativeTarget;
			buildConfigurationList = 9AEB75A716F78DF10085103B /* Build configuration list for PBXNativeTarget "game_tetris" */;
			buildPhases = (
				9AEB759F16F78DF10085103B /* Sources */,
				9AEB75A016F78DF10085103B /* Frameworks */,
				9AEB75A116F78DF10085103B /* Headers */,
			);
			buildRules = (
			);
			dependencies = (
				9AC2D1C6213ECD8F006F66DF /* PBXTargetDependency */,
			);
			name = game_tetris;
			productName = app_core_hellomultiverse;
			productReference = 9AEB75A316F78DF10085103B /* libgame_tetris.dylib */;
			productType = "com.apple.product-type.library.dynamic";
		};
/* End PBXNativeTarget section */

/* Begin PBXProject section */
		9AEB759B16F78DF10085103B /* Project object */ = {
			isa = PBXProject;
			attributes = {
				LastUpgradeCheck = 0940;
				ORGANIZATIONNAME = "Camilo Sasuke Tsumanuma";
				TargetAttributes = {
					9AE24E981904CFFD001AEFFB = {
						TestTargetID = 9AEB75A216F78DF10085103B;
					};
				};
			};
			buildConfigurationList = 9AEB759E16F78DF10085103B /* Build configuration list for PBXProject "game_tetris" */;
			compatibilityVersion = "Xcode 3.2";
			developmentRegion = English;
			hasScannedForEncodings = 0;
			knownRegions = (
				en,
			);
			mainGroup = 9AEB759A16F78DF10085103B;
			productRefGroup = 9AEB75A416F78DF10085103B /* Products */;
			projectDirPath = "";
			projectReferences = (
				{
					ProductGroup = 9AC2D1BA213ECD82006F66DF /* Products */;
					ProjectRef = 9AC2D1B9213ECD82006F66DF /* estamira.xcodeproj */;
				},
			);
			projectRoot = "";
			targets = (
				9AEB75A216F78DF10085103B /* game_tetris */,
				9AE24E891904CFFD001AEFFB /* ios_game_tetris */,
				9AE24E981904CFFD001AEFFB /* app_core_hellomultiverse_iosTests */,
			);
		};
/* End PBXProject section */

/* Begin PBXReferenceProxy section */
		9AC2D1C0213ECD83006F66DF /* libestamira.dylib */ = {
			isa = PBXReferenceProxy;
			fileType = "compiled.mach-o.dylib";
			path = libestamira.dylib;
			remoteRef = 9AC2D1BF213ECD83006F66DF /* PBXContainerItemProxy */;
			sourceTree = BUILT_PRODUCTS_DIR;
		};
		9AC2D1C2213ECD83006F66DF /* libios_estamira.dylib */ = {
			isa = PBXReferenceProxy;
			fileType = archive.ar;
			path = libios_estamira.dylib;
			remoteRef = 9AC2D1C1213ECD83006F66DF /* PBXContainerItemProxy */;
			sourceTree = BUILT_PRODUCTS_DIR;
		};
		9AC2D1C4213ECD83006F66DF /* estamira_iosTests.xctest */ = {
			isa = PBXReferenceProxy;
			fileType = wrapper.cfbundle;
			path = estamira_iosTests.xctest;
			remoteRef = 9AC2D1C3213ECD83006F66DF /* PBXContainerItemProxy */;
			sourceTree = BUILT_PRODUCTS_DIR;
		};
/* End PBXReferenceProxy section */

/* Begin PBXResourcesBuildPhase section */
		9AE24E971904CFFD001AEFFB /* Resources */ = {
			isa = PBXResourcesBuildPhase;
			buildActionMask = 2147483647;
			files = (
				9AE24EA71904CFFD001AEFFB /* InfoPlist.strings in Resources */,
			);
			runOnlyForDeploymentPostprocessing = 0;
		};
/* End PBXResourcesBuildPhase section */

/* Begin PBXSourcesBuildPhase section */
		9AE24E861904CFFD001AEFFB /* Sources */ = {
			isa = PBXSourcesBuildPhase;
			buildActionMask = 2147483647;
			files = (
				9A34305F1D5B9E7F00D00D4A /* framework.cpp in Sources */,
				9A3430601D5B9E7F00D00D4A /* tetris_application.cpp in Sources */,
				9A3430611D5B9E7F00D00D4A /* tetris_document.cpp in Sources */,
				9A3430621D5B9E7F00D00D4A /* tetris_frame.cpp in Sources */,
				9AC2D1CE213ECDDF006F66DF /* tetris_game.cpp in Sources */,
				9A3430631D5B9E7F00D00D4A /* tetris_interface.cpp in Sources */,
				9A3430641D5B9E7F00D00D4A /* tetris_pane_view.cpp in Sources */,
				9A3430651D5B9E7F00D00D4A /* tetris_pane_view_update_hint.cpp in Sources */,
				9A3430661D5B9E7F00D00D4A /* tetris_preview.cpp in Sources */,
				9A3430681D5B9E7F00D00D4A /* tetris_view.cpp in Sources */,
			);
			runOnlyForDeploymentPostprocessing = 0;
		};
		9AE24E951904CFFD001AEFFB /* Sources */ = {
			isa = PBXSourcesBuildPhase;
			buildActionMask = 2147483647;
			files = (
				9AE24EA91904CFFD001AEFFB /* app_core_hellomultiverse_iosTests.m in Sources */,
			);
			runOnlyForDeploymentPostprocessing = 0;
		};
		9AEB759F16F78DF10085103B /* Sources */ = {
			isa = PBXSourcesBuildPhase;
			buildActionMask = 2147483647;
			files = (
				9AD485DE1D5A9D7A00354801 /* tetris_interface.cpp in Sources */,
				9AD485DC1D5A9D7A00354801 /* tetris_frame.cpp in Sources */,
				9AD485D31D5A9D7A00354801 /* framework.cpp in Sources */,
				9AD485E01D5A9D7A00354801 /* tetris_pane_view.cpp in Sources */,
				9AC2D1CD213ECDDF006F66DF /* tetris_game.cpp in Sources */,
				9AD485D81D5A9D7A00354801 /* tetris_application.cpp in Sources */,
				9AD485E41D5A9D7A00354801 /* tetris_preview.cpp in Sources */,
				9AD485E81D5A9D7A00354801 /* tetris_view.cpp in Sources */,
				9AD485DA1D5A9D7A00354801 /* tetris_document.cpp in Sources */,
				9AD485E21D5A9D7A00354801 /* tetris_pane_view_update_hint.cpp in Sources */,
			);
			runOnlyForDeploymentPostprocessing = 0;
		};
/* End PBXSourcesBuildPhase section */

/* Begin PBXTargetDependency section */
		9AC2D1C6213ECD8F006F66DF /* PBXTargetDependency */ = {
			isa = PBXTargetDependency;
			name = estamira;
			targetProxy = 9AC2D1C5213ECD8F006F66DF /* PBXContainerItemProxy */;
		};
		9AE24EA01904CFFD001AEFFB /* PBXTargetDependency */ = {
			isa = PBXTargetDependency;
			target = 9AE24E891904CFFD001AEFFB /* ios_game_tetris */;
			targetProxy = 9AE24E9F1904CFFD001AEFFB /* PBXContainerItemProxy */;
		};
/* End PBXTargetDependency section */

/* Begin PBXVariantGroup section */
		9AE24EA51904CFFD001AEFFB /* InfoPlist.strings */ = {
			isa = PBXVariantGroup;
			children = (
				9AE24EA61904CFFD001AEFFB /* en */,
			);
			name = InfoPlist.strings;
			sourceTree = "<group>";
		};
/* End PBXVariantGroup section */

/* Begin XCBuildConfiguration section */
		9AE24EAA1904CFFD001AEFFB /* Debug */ = {
			isa = XCBuildConfiguration;
			buildSettings = {
				DSTROOT = /tmp/app_core_hellomultiverse_ios.dst;
				IPHONEOS_DEPLOYMENT_TARGET = 8.0;
				MACH_O_TYPE = mh_dylib;
				SDKROOT = iphoneos;
				SKIP_INSTALL = YES;
			};
			name = Debug;
		};
		9AE24EAB1904CFFD001AEFFB /* Release */ = {
			isa = XCBuildConfiguration;
			buildSettings = {
				DSTROOT = /tmp/app_core_hellomultiverse_ios.dst;
				IPHONEOS_DEPLOYMENT_TARGET = 8.0;
				MACH_O_TYPE = mh_dylib;
				SDKROOT = iphoneos;
				SKIP_INSTALL = YES;
			};
			name = Release;
		};
		9AE24EAC1904CFFD001AEFFB /* Debug */ = {
			isa = XCBuildConfiguration;
			buildSettings = {
				ALWAYS_SEARCH_USER_PATHS = NO;
				BUNDLE_LOADER = "$(BUILT_PRODUCTS_DIR)/libapp_core_hellomultiverse.dylib";
				CLANG_CXX_LANGUAGE_STANDARD = "gnu++0x";
				CLANG_ENABLE_MODULES = YES;
				CLANG_WARN_BOOL_CONVERSION = YES;
				CLANG_WARN_DIRECT_OBJC_ISA_USAGE = YES_ERROR;
				CLANG_WARN_OBJC_ROOT_CLASS = YES_ERROR;
				FRAMEWORK_SEARCH_PATHS = (
					"$(SDKROOT)/Developer/Library/Frameworks",
					"$(inherited)",
					"$(DEVELOPER_FRAMEWORKS_DIR)",
				);
				GCC_C_LANGUAGE_STANDARD = gnu99;
				GCC_PRECOMPILE_PREFIX_HEADER = YES;
				GCC_PREFIX_HEADER = "app_core_hellomultiverse_ios/app_core_hellomultiverse_ios-Prefix.pch";
				GCC_PREPROCESSOR_DEFINITIONS = (
					"DEBUG=1",
					"$(inherited)",
				);
				GCC_WARN_ABOUT_RETURN_TYPE = YES_ERROR;
				GCC_WARN_UNDECLARED_SELECTOR = YES;
				GCC_WARN_UNINITIALIZED_AUTOS = YES_AGGRESSIVE;
				GCC_WARN_UNUSED_FUNCTION = YES;
				INFOPLIST_FILE = "app_core_hellomultiverse_iosTests/app_core_hellomultiverse_iosTests-Info.plist";
				IPHONEOS_DEPLOYMENT_TARGET = 8.0;
				PRODUCT_NAME = "$(TARGET_NAME)";
				SDKROOT = iphoneos;
				TEST_HOST = "$(BUNDLE_LOADER)";
				WRAPPER_EXTENSION = xctest;
			};
			name = Debug;
		};
		9AE24EAD1904CFFD001AEFFB /* Release */ = {
			isa = XCBuildConfiguration;
			buildSettings = {
				ALWAYS_SEARCH_USER_PATHS = NO;
				BUNDLE_LOADER = "$(BUILT_PRODUCTS_DIR)/libapp_core_hellomultiverse.dylib";
				CLANG_CXX_LANGUAGE_STANDARD = "gnu++0x";
				CLANG_ENABLE_MODULES = YES;
				CLANG_WARN_BOOL_CONVERSION = YES;
				CLANG_WARN_DIRECT_OBJC_ISA_USAGE = YES_ERROR;
				CLANG_WARN_OBJC_ROOT_CLASS = YES_ERROR;
				ENABLE_NS_ASSERTIONS = NO;
				FRAMEWORK_SEARCH_PATHS = (
					"$(SDKROOT)/Developer/Library/Frameworks",
					"$(inherited)",
					"$(DEVELOPER_FRAMEWORKS_DIR)",
				);
				GCC_C_LANGUAGE_STANDARD = gnu99;
				GCC_PRECOMPILE_PREFIX_HEADER = YES;
				GCC_PREFIX_HEADER = "app_core_hellomultiverse_ios/app_core_hellomultiverse_ios-Prefix.pch";
				GCC_WARN_ABOUT_RETURN_TYPE = YES_ERROR;
				GCC_WARN_UNDECLARED_SELECTOR = YES;
				GCC_WARN_UNINITIALIZED_AUTOS = YES_AGGRESSIVE;
				GCC_WARN_UNUSED_FUNCTION = YES;
				INFOPLIST_FILE = "app_core_hellomultiverse_iosTests/app_core_hellomultiverse_iosTests-Info.plist";
				IPHONEOS_DEPLOYMENT_TARGET = 8.0;
				PRODUCT_NAME = "$(TARGET_NAME)";
				SDKROOT = iphoneos;
				TEST_HOST = "$(BUNDLE_LOADER)";
				VALIDATE_PRODUCT = YES;
				WRAPPER_EXTENSION = xctest;
			};
			name = Release;
		};
		9AEB75A516F78DF10085103B /* Debug */ = {
			isa = XCBuildConfiguration;
			buildSettings = {
				ALWAYS_SEARCH_USER_PATHS = YES;
				CLANG_ANALYZER_DEADCODE_DEADSTORES = NO;
				CLANG_CXX_LANGUAGE_STANDARD = "c++17";
				CLANG_CXX_LIBRARY = "libc++";
				CLANG_ENABLE_OBJC_ARC = YES;
				CLANG_STATIC_ANALYZER_MODE_ON_ANALYZE_ACTION = shallow;
				CLANG_WARN_BLOCK_CAPTURE_AUTORELEASING = YES;
				CLANG_WARN_BOOL_CONVERSION = YES;
				CLANG_WARN_COMMA = YES;
				CLANG_WARN_CONSTANT_CONVERSION = YES;
				CLANG_WARN_DEPRECATED_OBJC_IMPLEMENTATIONS = YES;
				CLANG_WARN_DIRECT_OBJC_ISA_USAGE = YES_ERROR;
				CLANG_WARN_EMPTY_BODY = YES;
				CLANG_WARN_ENUM_CONVERSION = YES;
				CLANG_WARN_INFINITE_RECURSION = YES;
				CLANG_WARN_INT_CONVERSION = YES;
				CLANG_WARN_NON_LITERAL_NULL_CONVERSION = YES;
				CLANG_WARN_OBJC_IMPLICIT_RETAIN_SELF = YES;
				CLANG_WARN_OBJC_LITERAL_CONVERSION = YES;
				CLANG_WARN_OBJC_ROOT_CLASS = YES_ERROR;
				CLANG_WARN_RANGE_LOOP_ANALYSIS = YES;
				CLANG_WARN_STRICT_PROTOTYPES = YES;
				CLANG_WARN_SUSPICIOUS_MOVE = YES;
				CLANG_WARN_UNREACHABLE_CODE = YES;
				CLANG_WARN__DUPLICATE_METHOD_MATCH = YES;
				COPY_PHASE_STRIP = NO;
				ENABLE_STRICT_OBJC_MSGSEND = YES;
				ENABLE_TESTABILITY = YES;
				EXECUTABLE_EXTENSION = dylib;
				EXECUTABLE_PREFIX = lib;
				GCC_C_LANGUAGE_STANDARD = c99;
				GCC_DYNAMIC_NO_PIC = NO;
				GCC_ENABLE_OBJC_EXCEPTIONS = YES;
				GCC_NO_COMMON_BLOCKS = YES;
				GCC_OPTIMIZATION_LEVEL = 0;
				GCC_PRECOMPILE_PREFIX_HEADER = YES;
				GCC_PREFIX_HEADER = framework.h;
				GCC_PREPROCESSOR_DEFINITIONS = (
					"DEBUG=1",
					"$(inherited)",
				);
				GCC_SYMBOLS_PRIVATE_EXTERN = NO;
				GCC_WARN_64_TO_32_BIT_CONVERSION = YES;
				GCC_WARN_ABOUT_RETURN_TYPE = YES_ERROR;
				GCC_WARN_UNDECLARED_SELECTOR = YES;
				GCC_WARN_UNINITIALIZED_AUTOS = YES_AGGRESSIVE;
				GCC_WARN_UNUSED_FUNCTION = YES;
				GCC_WARN_UNUSED_VARIABLE = YES;
				HEADER_SEARCH_PATHS = (
					"$(WorkspaceDir)/../../../app/thirdparty/include",
					"$(WorkspaceDir)/../../../nodeapp/thirdparty/include",
				);
				LIBRARY_SEARCH_PATHS = (
					"$(inherited)",
					"\"$(TARGET_BUILD_DIR)\"",
				);
				MACOSX_DEPLOYMENT_TARGET = 10.8;
				ONLY_ACTIVE_ARCH = YES;
				PRODUCT_NAME = "$(PROJECT_NAME)";
				SDKROOT = macosx;
				USER_HEADER_SEARCH_PATHS = "$(WorkspaceDir)/../../../include $(WorkspaceDir)/../../../app/include . .. $(WorkspaceDir)/../../.. $(WorkspaceDir)/../../../app $(WorkspaceDir)/../../../app/appseed $(WorkspaceDir)/../../../app/appseed/core $(WorkspaceDir)/../../../app/appseed/base $(WorkspaceDir)/../../../app/appseed/axis $(WorkspaceDir)/../../../app/appseed/aura $(WorkspaceDir)/../.. $(WorkspaceDir)/../../thirdparty/include $(WorkspaceDir)/../../../app/thirdparty/include $(WorkspaceDir)/../../appseed $(WorkspaceDir)/../../../app/thirdparty/appseed $(WorkspaceDir)/../../../app/appseed/axis";
				WorkspaceDir = "$(SRCROOT)/../../../nodeapp/seed/metaseed";
			};
			name = Debug;
		};
		9AEB75A616F78DF10085103B /* Release */ = {
			isa = XCBuildConfiguration;
			buildSettings = {
				ALWAYS_SEARCH_USER_PATHS = YES;
				CLANG_ANALYZER_DEADCODE_DEADSTORES = NO;
				CLANG_CXX_LANGUAGE_STANDARD = "c++17";
				CLANG_CXX_LIBRARY = "libc++";
				CLANG_ENABLE_OBJC_ARC = YES;
				CLANG_STATIC_ANALYZER_MODE_ON_ANALYZE_ACTION = shallow;
				CLANG_WARN_BLOCK_CAPTURE_AUTORELEASING = YES;
				CLANG_WARN_BOOL_CONVERSION = YES;
				CLANG_WARN_COMMA = YES;
				CLANG_WARN_CONSTANT_CONVERSION = YES;
				CLANG_WARN_DEPRECATED_OBJC_IMPLEMENTATIONS = YES;
				CLANG_WARN_DIRECT_OBJC_ISA_USAGE = YES_ERROR;
				CLANG_WARN_EMPTY_BODY = YES;
				CLANG_WARN_ENUM_CONVERSION = YES;
				CLANG_WARN_INFINITE_RECURSION = YES;
				CLANG_WARN_INT_CONVERSION = YES;
				CLANG_WARN_NON_LITERAL_NULL_CONVERSION = YES;
				CLANG_WARN_OBJC_IMPLICIT_RETAIN_SELF = YES;
				CLANG_WARN_OBJC_LITERAL_CONVERSION = YES;
				CLANG_WARN_OBJC_ROOT_CLASS = YES_ERROR;
				CLANG_WARN_RANGE_LOOP_ANALYSIS = YES;
				CLANG_WARN_STRICT_PROTOTYPES = YES;
				CLANG_WARN_SUSPICIOUS_MOVE = YES;
				CLANG_WARN_UNREACHABLE_CODE = YES;
				CLANG_WARN__DUPLICATE_METHOD_MATCH = YES;
				COPY_PHASE_STRIP = YES;
				DEBUG_INFORMATION_FORMAT = "dwarf-with-dsym";
				ENABLE_STRICT_OBJC_MSGSEND = YES;
				EXECUTABLE_EXTENSION = dylib;
				EXECUTABLE_PREFIX = lib;
				GCC_C_LANGUAGE_STANDARD = c99;
				GCC_ENABLE_OBJC_EXCEPTIONS = YES;
				GCC_NO_COMMON_BLOCKS = YES;
				GCC_PRECOMPILE_PREFIX_HEADER = YES;
				GCC_PREFIX_HEADER = framework.h;
				GCC_WARN_64_TO_32_BIT_CONVERSION = YES;
				GCC_WARN_ABOUT_RETURN_TYPE = YES_ERROR;
				GCC_WARN_UNDECLARED_SELECTOR = YES;
				GCC_WARN_UNINITIALIZED_AUTOS = YES_AGGRESSIVE;
				GCC_WARN_UNUSED_FUNCTION = YES;
				GCC_WARN_UNUSED_VARIABLE = YES;
				HEADER_SEARCH_PATHS = (
					"$(WorkspaceDir)/../../../app/thirdparty/include",
					"$(WorkspaceDir)/../../../nodeapp/thirdparty/include",
				);
				LIBRARY_SEARCH_PATHS = (
					"$(inherited)",
					"\"$(TARGET_BUILD_DIR)\"",
				);
				MACOSX_DEPLOYMENT_TARGET = 10.8;
				PRODUCT_NAME = "$(PROJECT_NAME)";
				SDKROOT = macosx;
				USER_HEADER_SEARCH_PATHS = "$(WorkspaceDir)/../../../include $(WorkspaceDir)/../../../app/include . .. $(WorkspaceDir)/../../.. $(WorkspaceDir)/../../../app $(WorkspaceDir)/../../../app/appseed $(WorkspaceDir)/../../../app/appseed/core $(WorkspaceDir)/../../../app/appseed/base $(WorkspaceDir)/../../../app/appseed/axis $(WorkspaceDir)/../../../app/appseed/aura $(WorkspaceDir)/../.. $(WorkspaceDir)/../../thirdparty/include $(WorkspaceDir)/../../../app/thirdparty/include $(WorkspaceDir)/../../appseed $(WorkspaceDir)/../../../app/thirdparty/appseed $(WorkspaceDir)/../../../app/appseed/axis";
				VALIDATE_PRODUCT = YES;
				WorkspaceDir = "$(SRCROOT)/../../../nodeapp/seed/metaseed";
			};
			name = Release;
		};
		9AEB75A816F78DF10085103B /* Debug */ = {
			isa = XCBuildConfiguration;
			buildSettings = {
			};
			name = Debug;
		};
		9AEB75A916F78DF10085103B /* Release */ = {
			isa = XCBuildConfiguration;
			buildSettings = {
			};
			name = Release;
		};
/* End XCBuildConfiguration section */

/* Begin XCConfigurationList section */
		9AE24EBA1904CFFD001AEFFB /* Build configuration list for PBXNativeTarget "ios_game_tetris" */ = {
			isa = XCConfigurationList;
			buildConfigurations = (
				9AE24EAA1904CFFD001AEFFB /* Debug */,
				9AE24EAB1904CFFD001AEFFB /* Release */,
			);
			defaultConfigurationIsVisible = 0;
			defaultConfigurationName = Release;
		};
		9AE24EBB1904CFFD001AEFFB /* Build configuration list for PBXNativeTarget "app_core_hellomultiverse_iosTests" */ = {
			isa = XCConfigurationList;
			buildConfigurations = (
				9AE24EAC1904CFFD001AEFFB /* Debug */,
				9AE24EAD1904CFFD001AEFFB /* Release */,
			);
			defaultConfigurationIsVisible = 0;
			defaultConfigurationName = Release;
		};
		9AEB759E16F78DF10085103B /* Build configuration list for PBXProject "game_tetris" */ = {
			isa = XCConfigurationList;
			buildConfigurations = (
				9AEB75A516F78DF10085103B /* Debug */,
				9AEB75A616F78DF10085103B /* Release */,
			);
			defaultConfigurationIsVisible = 0;
			defaultConfigurationName = Release;
		};
		9AEB75A716F78DF10085103B /* Build configuration list for PBXNativeTarget "game_tetris" */ = {
			isa = XCConfigurationList;
			buildConfigurations = (
				9AEB75A816F78DF10085103B /* Debug */,
				9AEB75A916F78DF10085103B /* Release */,
			);
			defaultConfigurationIsVisible = 0;
			defaultConfigurationName = Release;
		};
/* End XCConfigurationList section */
	};
	rootObject = 9AEB759B16F78DF10085103B /* Project object */;
}
