<?xml version="1.0" encoding="utf-8"?>
<Project ToolsVersion="4.0" xmlns="http://schemas.microsoft.com/developer/msbuild/2003">
  <ItemGroup>
    <Filter Include="Source Files">
      <UniqueIdentifier>{8e5d91c7-edc0-4d92-b733-aeffca5af850}</UniqueIdentifier>
    </Filter>
    <Filter Include="Header Files">
      <UniqueIdentifier>{93995380-89BD-4b04-88EB-625FBE52EBFB}</UniqueIdentifier>
      <Extensions>h;hpp;hxx;hm;inl;inc;xsd</Extensions>
    </Filter>
  </ItemGroup>
  <ItemGroup>
    <ClCompile Include="framework.cpp">
      <Filter>Source Files</Filter>
    </ClCompile>
    <ClCompile Include="arch001.cpp">
      <Filter>Source Files</Filter>
    </ClCompile>
    <ClCompile Include="arch001_application.cpp">
      <Filter>Source Files</Filter>
    </ClCompile>
    <ClCompile Include="arch001_coin.cpp">
      <Filter>Source Files</Filter>
    </ClCompile>
    <ClCompile Include="arch001_cube.cpp">
      <Filter>Source Files</Filter>
    </ClCompile>
    <ClCompile Include="arch001_document.cpp">
      <Filter>Source Files</Filter>
    </ClCompile>
    <ClCompile Include="arch001_frame.cpp">
      <Filter>Source Files</Filter>
    </ClCompile>
    <ClCompile Include="arch001_main_frame.cpp">
      <Filter>Source Files</Filter>
    </ClCompile>
    <ClCompile Include="arch001_pane_view.cpp">
      <Filter>Source Files</Filter>
    </ClCompile>
    <ClCompile Include="arch001_pane_view_update_hint.cpp">
      <Filter>Source Files</Filter>
    </ClCompile>
    <ClCompile Include="arch001_view.cpp">
      <Filter>Source Files</Filter>
    </ClCompile>
    <ClCompile Include="multimedia_soundtrack.cpp">
      <Filter>Source Files</Filter>
    </ClCompile>
  </ItemGroup>
  <ItemGroup>
    <ClInclude Include="framework.h">
      <Filter>Header Files</Filter>
    </ClInclude>
    <ClInclude Include="arch001_cube.h">
      <Filter>Header Files</Filter>
    </ClInclude>
    <ClInclude Include="arch001_coin.h">
      <Filter>Header Files</Filter>
    </ClInclude>
    <ClInclude Include="arch001.h">
      <Filter>Header Files</Filter>
    </ClInclude>
    <ClInclude Include="arch001_application.h">
      <Filter>Header Files</Filter>
    </ClInclude>
    <ClInclude Include="arch001_document.h">
      <Filter>Header Files</Filter>
    </ClInclude>
    <ClInclude Include="arch001_frame.h">
      <Filter>Header Files</Filter>
    </ClInclude>
    <ClInclude Include="arch001_main_frame.h">
      <Filter>Header Files</Filter>
    </ClInclude>
    <ClInclude Include="arch001_pane_view.h">
      <Filter>Header Files</Filter>
    </ClInclude>
    <ClInclude Include="arch001_pane_view_update_hint.h">
      <Filter>Header Files</Filter>
    </ClInclude>
    <ClInclude Include="arch001_view.h">
      <Filter>Header Files</Filter>
    </ClInclude>
    <ClInclude Include="multimedia_soundtrack.h">
      <Filter>Header Files</Filter>
    </ClInclude>
  </ItemGroup>
  <ItemGroup>
    <None Include="game_arch001.def">
      <Filter>Source Files</Filter>
    </None>
  </ItemGroup>
</Project>