<?xml version="1.0" encoding="utf-8"?>
<Project ToolsVersion="4.0" xmlns="http://schemas.microsoft.com/developer/msbuild/2003">
  <ItemGroup>
    <Filter Include="Source Files">
      <UniqueIdentifier>{8e5d91c7-edc0-4d92-b733-aeffca5af850}</UniqueIdentifier>
    </Filter>
    <Filter Include="Header Files">
      <UniqueIdentifier>{93995380-89BD-4b04-88EB-625FBE52EBFB}</UniqueIdentifier>
      <Extensions>h;hpp;hxx;hm;inl;inc;xsd</Extensions>
    </Filter>
  </ItemGroup>
  <ItemGroup>
    <ClCompile Include="framework.cpp">
      <Filter>Source Files</Filter>
    </ClCompile>
    <ClCompile Include="user_font_list.cpp">
      <Filter>Source Files</Filter>
    </ClCompile>
    <ClCompile Include="matchmaking.cpp">
      <Filter>Source Files</Filter>
    </ClCompile>
    <ClCompile Include=".\matchmaking_application.cpp">
      <Filter>Source Files</Filter>
    </ClCompile>
    <ClCompile Include=".\matchmaking_document.cpp">
      <Filter>Source Files</Filter>
    </ClCompile>
    <ClCompile Include="matchmaking_edit_view.cpp">
      <Filter>Source Files</Filter>
    </ClCompile>
    <ClCompile Include="matchmaking_font_view.cpp">
      <Filter>Source Files</Filter>
    </ClCompile>
    <ClCompile Include=".\matchmaking_frame.cpp">
      <Filter>Source Files</Filter>
    </ClCompile>
    <ClCompile Include="matchmaking_main_view.cpp">
      <Filter>Source Files</Filter>
    </ClCompile>
    <ClCompile Include=".\matchmaking_pane_view.cpp">
      <Filter>Source Files</Filter>
    </ClCompile>
    <ClCompile Include=".\matchmaking_pane_view_update_hint.cpp">
      <Filter>Source Files</Filter>
    </ClCompile>
    <ClCompile Include="matchmaking_render.cpp">
      <Filter>Source Files</Filter>
    </ClCompile>
    <ClCompile Include="matchmaking_switcher_view.cpp">
      <Filter>Source Files</Filter>
    </ClCompile>
    <ClCompile Include="matchmaking_toggle_view.cpp">
      <Filter>Source Files</Filter>
    </ClCompile>
    <ClCompile Include="matchmaking_top_view.cpp">
      <Filter>Source Files</Filter>
    </ClCompile>
    <ClCompile Include=".\matchmaking_view.cpp">
      <Filter>Source Files</Filter>
    </ClCompile>
    <ClCompile Include="matchmaking_start.cpp">
      <Filter>Source Files</Filter>
    </ClCompile>
    <ClCompile Include="matchmaking_lobby.cpp">
      <Filter>Source Files</Filter>
    </ClCompile>
    <ClCompile Include="matchmaking_main.cpp">
      <Filter>Source Files</Filter>
    </ClCompile>
  </ItemGroup>
  <ItemGroup>
    <ClInclude Include="framework.h">
      <Filter>Header Files</Filter>
    </ClInclude>
    <ClInclude Include="user_font_list.h">
      <Filter>Header Files</Filter>
    </ClInclude>
    <ClInclude Include="matchmaking_application.h">
      <Filter>Header Files</Filter>
    </ClInclude>
    <ClInclude Include="matchmaking_document.h">
      <Filter>Header Files</Filter>
    </ClInclude>
    <ClInclude Include="matchmaking_edit_view.h">
      <Filter>Header Files</Filter>
    </ClInclude>
    <ClInclude Include="matchmaking_font_view.h">
      <Filter>Header Files</Filter>
    </ClInclude>
    <ClInclude Include="matchmaking_frame.h">
      <Filter>Header Files</Filter>
    </ClInclude>
    <ClInclude Include="matchmaking.h">
      <Filter>Header Files</Filter>
    </ClInclude>
    <ClInclude Include="matchmaking_main_view.h">
      <Filter>Header Files</Filter>
    </ClInclude>
    <ClInclude Include="matchmaking_pane_view.h">
      <Filter>Header Files</Filter>
    </ClInclude>
    <ClInclude Include="matchmaking_pane_view_update_hint.h">
      <Filter>Header Files</Filter>
    </ClInclude>
    <ClInclude Include="matchmaking_render.h">
      <Filter>Header Files</Filter>
    </ClInclude>
    <ClInclude Include="matchmaking_switcher_view.h">
      <Filter>Header Files</Filter>
    </ClInclude>
    <ClInclude Include="matchmaking_toggle_view.h">
      <Filter>Header Files</Filter>
    </ClInclude>
    <ClInclude Include="matchmaking_top_view.h">
      <Filter>Header Files</Filter>
    </ClInclude>
    <ClInclude Include="matchmaking_view.h">
      <Filter>Header Files</Filter>
    </ClInclude>
    <ClInclude Include="matchmaking_start.h">
      <Filter>Header Files</Filter>
    </ClInclude>
    <ClInclude Include="matchmaking_lobby.h">
      <Filter>Header Files</Filter>
    </ClInclude>
    <ClInclude Include="matchmaking_main.h">
      <Filter>Header Files</Filter>
    </ClInclude>
  </ItemGroup>
  <ItemGroup>
    <None Include="game_matchmaking.def">
      <Filter>Source Files</Filter>
    </None>
  </ItemGroup>
</Project>