// !$*UTF8*$!
{
	archiveVersion = 1;
	classes = {
	};
	objectVersion = 46;
	objects = {

/* Begin PBXBuildFile section */
		0722EDA31926263D003E99F4 /* libcore.dylib in Frameworks */ = {isa = PBXBuildFile; fileRef = 078AEED3191547110091C065 /* libcore.dylib */; };
		078B58F01B5CF71A00A7D3CF /* libios_core.dylib in Frameworks */ = {isa = PBXBuildFile; fileRef = 078AEED5191547110091C065 /* libios_core.dylib */; };
		078DF8251C52957B00E65274 /* tictactoe_arbitrator.cpp in Sources */ = {isa = PBXBuildFile; fileRef = 078DF81D1C52957B00E65274 /* tictactoe_arbitrator.cpp */; };
		078DF8261C52957B00E65274 /* tictactoe_arbitrator.cpp in Sources */ = {isa = PBXBuildFile; fileRef = 078DF81D1C52957B00E65274 /* tictactoe_arbitrator.cpp */; };
		078DF8271C52957B00E65274 /* tictactoe_arbitrator.cpp in Sources */ = {isa = PBXBuildFile; fileRef = 078DF81D1C52957B00E65274 /* tictactoe_arbitrator.cpp */; };
		078DF8281C52957B00E65274 /* tictactoe_arbitrator.h in Headers */ = {isa = PBXBuildFile; fileRef = 078DF81E1C52957B00E65274 /* tictactoe_arbitrator.h */; };
		078DF8291C52957B00E65274 /* tictactoe_board.cpp in Sources */ = {isa = PBXBuildFile; fileRef = 078DF81F1C52957B00E65274 /* tictactoe_board.cpp */; };
		078DF82A1C52957B00E65274 /* tictactoe_board.cpp in Sources */ = {isa = PBXBuildFile; fileRef = 078DF81F1C52957B00E65274 /* tictactoe_board.cpp */; };
		078DF82B1C52957B00E65274 /* tictactoe_board.cpp in Sources */ = {isa = PBXBuildFile; fileRef = 078DF81F1C52957B00E65274 /* tictactoe_board.cpp */; };
		078DF82C1C52957B00E65274 /* tictactoe_board.h in Headers */ = {isa = PBXBuildFile; fileRef = 078DF8201C52957B00E65274 /* tictactoe_board.h */; };
		078DF82D1C52957B00E65274 /* tictactoe_main_frame.cpp in Sources */ = {isa = PBXBuildFile; fileRef = 078DF8211C52957B00E65274 /* tictactoe_main_frame.cpp */; };
		078DF82E1C52957B00E65274 /* tictactoe_main_frame.cpp in Sources */ = {isa = PBXBuildFile; fileRef = 078DF8211C52957B00E65274 /* tictactoe_main_frame.cpp */; };
		078DF82F1C52957B00E65274 /* tictactoe_main_frame.cpp in Sources */ = {isa = PBXBuildFile; fileRef = 078DF8211C52957B00E65274 /* tictactoe_main_frame.cpp */; };
		078DF8301C52957B00E65274 /* tictactoe_main_frame.h in Headers */ = {isa = PBXBuildFile; fileRef = 078DF8221C52957B00E65274 /* tictactoe_main_frame.h */; };
		078DF8311C52957B00E65274 /* tictactoe_player.cpp in Sources */ = {isa = PBXBuildFile; fileRef = 078DF8231C52957B00E65274 /* tictactoe_player.cpp */; };
		078DF8321C52957B00E65274 /* tictactoe_player.cpp in Sources */ = {isa = PBXBuildFile; fileRef = 078DF8231C52957B00E65274 /* tictactoe_player.cpp */; };
		078DF8331C52957B00E65274 /* tictactoe_player.cpp in Sources */ = {isa = PBXBuildFile; fileRef = 078DF8231C52957B00E65274 /* tictactoe_player.cpp */; };
		078DF8341C52957B00E65274 /* tictactoe_player.h in Headers */ = {isa = PBXBuildFile; fileRef = 078DF8241C52957B00E65274 /* tictactoe_player.h */; };
		07A9A8881B5CA6E800B63035 /* framework.cpp in Sources */ = {isa = PBXBuildFile; fileRef = 07A9A8481B5CA6E800B63035 /* framework.cpp */; };
		07A9A8891B5CA6E800B63035 /* framework.cpp in Sources */ = {isa = PBXBuildFile; fileRef = 07A9A8481B5CA6E800B63035 /* framework.cpp */; };
		07A9A88A1B5CA6E800B63035 /* framework.h in Headers */ = {isa = PBXBuildFile; fileRef = 07A9A8491B5CA6E800B63035 /* framework.h */; };
		07A9A88F1B5CA6E800B63035 /* tictactoe.h in Headers */ = {isa = PBXBuildFile; fileRef = 07A9A8591B5CA6E800B63035 /* tictactoe.h */; };
		07A9A8901B5CA6E800B63035 /* tictactoe_application.cpp in Sources */ = {isa = PBXBuildFile; fileRef = 07A9A85C1B5CA6E800B63035 /* tictactoe_application.cpp */; };
		07A9A8911B5CA6E800B63035 /* tictactoe_application.cpp in Sources */ = {isa = PBXBuildFile; fileRef = 07A9A85C1B5CA6E800B63035 /* tictactoe_application.cpp */; };
		07A9A8921B5CA6E800B63035 /* tictactoe_application.h in Headers */ = {isa = PBXBuildFile; fileRef = 07A9A85D1B5CA6E800B63035 /* tictactoe_application.h */; };
		07A9A8931B5CA6E800B63035 /* tictactoe_document.cpp in Sources */ = {isa = PBXBuildFile; fileRef = 07A9A85E1B5CA6E800B63035 /* tictactoe_document.cpp */; };
		07A9A8941B5CA6E800B63035 /* tictactoe_document.cpp in Sources */ = {isa = PBXBuildFile; fileRef = 07A9A85E1B5CA6E800B63035 /* tictactoe_document.cpp */; };
		07A9A8951B5CA6E800B63035 /* tictactoe_document.h in Headers */ = {isa = PBXBuildFile; fileRef = 07A9A85F1B5CA6E800B63035 /* tictactoe_document.h */; };
		07A9A8961B5CA6E800B63035 /* tictactoe_frame.cpp in Sources */ = {isa = PBXBuildFile; fileRef = 07A9A8601B5CA6E800B63035 /* tictactoe_frame.cpp */; };
		07A9A8971B5CA6E800B63035 /* tictactoe_frame.cpp in Sources */ = {isa = PBXBuildFile; fileRef = 07A9A8601B5CA6E800B63035 /* tictactoe_frame.cpp */; };
		07A9A8981B5CA6E800B63035 /* tictactoe_frame.h in Headers */ = {isa = PBXBuildFile; fileRef = 07A9A8611B5CA6E800B63035 /* tictactoe_frame.h */; };
		07A9A8991B5CA6E800B63035 /* tictactoe_pane_view.cpp in Sources */ = {isa = PBXBuildFile; fileRef = 07A9A8621B5CA6E800B63035 /* tictactoe_pane_view.cpp */; };
		07A9A89A1B5CA6E800B63035 /* tictactoe_pane_view.cpp in Sources */ = {isa = PBXBuildFile; fileRef = 07A9A8621B5CA6E800B63035 /* tictactoe_pane_view.cpp */; };
		07A9A89B1B5CA6E800B63035 /* tictactoe_pane_view.h in Headers */ = {isa = PBXBuildFile; fileRef = 07A9A8631B5CA6E800B63035 /* tictactoe_pane_view.h */; };
		07A9A89C1B5CA6E800B63035 /* tictactoe_pane_view_update_hint.cpp in Sources */ = {isa = PBXBuildFile; fileRef = 07A9A8641B5CA6E800B63035 /* tictactoe_pane_view_update_hint.cpp */; };
		07A9A89D1B5CA6E800B63035 /* tictactoe_pane_view_update_hint.cpp in Sources */ = {isa = PBXBuildFile; fileRef = 07A9A8641B5CA6E800B63035 /* tictactoe_pane_view_update_hint.cpp */; };
		07A9A89E1B5CA6E800B63035 /* tictactoe_pane_view_update_hint.h in Headers */ = {isa = PBXBuildFile; fileRef = 07A9A8651B5CA6E800B63035 /* tictactoe_pane_view_update_hint.h */; };
		07A9A89F1B5CA6E800B63035 /* tictactoe_view.cpp in Sources */ = {isa = PBXBuildFile; fileRef = 07A9A8661B5CA6E800B63035 /* tictactoe_view.cpp */; };
		07A9A8A01B5CA6E800B63035 /* tictactoe_view.cpp in Sources */ = {isa = PBXBuildFile; fileRef = 07A9A8661B5CA6E800B63035 /* tictactoe_view.cpp */; };
		07A9A8A11B5CA6E800B63035 /* tictactoe_view.h in Headers */ = {isa = PBXBuildFile; fileRef = 07A9A8671B5CA6E800B63035 /* tictactoe_view.h */; };
		07AE49571CC7AE8800959A6F /* libaura.dylib in Frameworks */ = {isa = PBXBuildFile; fileRef = 07AE49561CC7AE8800959A6F /* libaura.dylib */; };
		07AE49621CC7AE9E00959A6F /* libbase.dylib in Frameworks */ = {isa = PBXBuildFile; fileRef = 07AE49611CC7AE9E00959A6F /* libbase.dylib */; };
		07AE49641CC7AEBF00959A6F /* libaxis.dylib in Frameworks */ = {isa = PBXBuildFile; fileRef = 07AE49631CC7AEBF00959A6F /* libaxis.dylib */; };
		9A986D981D226D60001F4C04 /* libios_base.dylib in Frameworks */ = {isa = PBXBuildFile; fileRef = 9A986D971D226D60001F4C04 /* libios_base.dylib */; };
		9A986D9A1D226D71001F4C04 /* libios_axis.dylib in Frameworks */ = {isa = PBXBuildFile; fileRef = 9A986D991D226D71001F4C04 /* libios_axis.dylib */; };
		9A986D9C1D226D78001F4C04 /* libios_aura.dylib in Frameworks */ = {isa = PBXBuildFile; fileRef = 9A986D9B1D226D78001F4C04 /* libios_aura.dylib */; };
		9AE24E9B1904CFFD001AEFFB /* XCTest.framework in Frameworks */ = {isa = PBXBuildFile; fileRef = 9AE24E9A1904CFFD001AEFFB /* XCTest.framework */; };
		9AE24E9C1904CFFD001AEFFB /* Foundation.framework in Frameworks */ = {isa = PBXBuildFile; fileRef = 9AE24E8C1904CFFD001AEFFB /* Foundation.framework */; };
		9AE24E9E1904CFFD001AEFFB /* UIKit.framework in Frameworks */ = {isa = PBXBuildFile; fileRef = 9AE24E9D1904CFFD001AEFFB /* UIKit.framework */; };
		9AE24EA11904CFFD001AEFFB /* libgame_tictactoe.dylib in Frameworks */ = {isa = PBXBuildFile; fileRef = 9AE24E8A1904CFFD001AEFFB /* libgame_tictactoe.dylib */; };
		9AE24EA71904CFFD001AEFFB /* InfoPlist.strings in Resources */ = {isa = PBXBuildFile; fileRef = 9AE24EA51904CFFD001AEFFB /* InfoPlist.strings */; };
		9AE24EA91904CFFD001AEFFB /* app_core_hellomultiverse_iosTests.m in Sources */ = {isa = PBXBuildFile; fileRef = 9AE24EA81904CFFD001AEFFB /* app_core_hellomultiverse_iosTests.m */; };
/* End PBXBuildFile section */

/* Begin PBXContainerItemProxy section */
		0722ED8119262629003E99F4 /* PBXContainerItemProxy */ = {
			isa = PBXContainerItemProxy;
			containerPortal = 07B65416190F2C0F002DAADE /* core.xcodeproj */;
			proxyType = 1;
			remoteGlobalIDString = 9A19A1A419C6F50B0018DF7D;
			remoteInfo = core;
		};
		078AEED2191547110091C065 /* PBXContainerItemProxy */ = {
			isa = PBXContainerItemProxy;
			containerPortal = 07B65416190F2C0F002DAADE /* core.xcodeproj */;
			proxyType = 2;
			remoteGlobalIDString = 9A8916841751D72100E531ED;
			remoteInfo = core;
		};
		078AEED4191547110091C065 /* PBXContainerItemProxy */ = {
			isa = PBXContainerItemProxy;
			containerPortal = 07B65416190F2C0F002DAADE /* core.xcodeproj */;
			proxyType = 2;
			remoteGlobalIDString = 9AE24DDC1904CF6E001AEFFB;
			remoteInfo = core_ios;
		};
		078AEED6191547110091C065 /* PBXContainerItemProxy */ = {
			isa = PBXContainerItemProxy;
			containerPortal = 07B65416190F2C0F002DAADE /* core.xcodeproj */;
			proxyType = 2;
			remoteGlobalIDString = 9AE24DEB1904CF6E001AEFFB;
			remoteInfo = core_iosTests;
		};
		078AEF56191589F30091C065 /* PBXContainerItemProxy */ = {
			isa = PBXContainerItemProxy;
			containerPortal = 07B65416190F2C0F002DAADE /* core.xcodeproj */;
			proxyType = 1;
			remoteGlobalIDString = 9AE24DDB1904CF6E001AEFFB;
			remoteInfo = core_ios;
		};
		9AE24E9F1904CFFD001AEFFB /* PBXContainerItemProxy */ = {
			isa = PBXContainerItemProxy;
			containerPortal = 9AEB759B16F78DF10085103B /* Project object */;
			proxyType = 1;
			remoteGlobalIDString = 9AE24E891904CFFD001AEFFB;
			remoteInfo = app_core_hellomultiverse_ios;
		};
/* End PBXContainerItemProxy section */

/* Begin PBXFileReference section */
		078AEF6219158B190091C065 /* libbase.dylib */ = {isa = PBXFileReference; lastKnownFileType = "compiled.mach-o.dylib"; name = libbase.dylib; path = "../../../app/appseed/base/build/Debug-iphoneos/libbase.dylib"; sourceTree = "<group>"; };
		078DF81D1C52957B00E65274 /* tictactoe_arbitrator.cpp */ = {isa = PBXFileReference; fileEncoding = 4; lastKnownFileType = sourcecode.cpp.cpp; path = tictactoe_arbitrator.cpp; sourceTree = "<group>"; };
		078DF81E1C52957B00E65274 /* tictactoe_arbitrator.h */ = {isa = PBXFileReference; fileEncoding = 4; lastKnownFileType = sourcecode.c.h; path = tictactoe_arbitrator.h; sourceTree = "<group>"; };
		078DF81F1C52957B00E65274 /* tictactoe_board.cpp */ = {isa = PBXFileReference; fileEncoding = 4; lastKnownFileType = sourcecode.cpp.cpp; path = tictactoe_board.cpp; sourceTree = "<group>"; };
		078DF8201C52957B00E65274 /* tictactoe_board.h */ = {isa = PBXFileReference; fileEncoding = 4; lastKnownFileType = sourcecode.c.h; path = tictactoe_board.h; sourceTree = "<group>"; };
		078DF8211C52957B00E65274 /* tictactoe_main_frame.cpp */ = {isa = PBXFileReference; fileEncoding = 4; lastKnownFileType = sourcecode.cpp.cpp; path = tictactoe_main_frame.cpp; sourceTree = "<group>"; };
		078DF8221C52957B00E65274 /* tictactoe_main_frame.h */ = {isa = PBXFileReference; fileEncoding = 4; lastKnownFileType = sourcecode.c.h; path = tictactoe_main_frame.h; sourceTree = "<group>"; };
		078DF8231C52957B00E65274 /* tictactoe_player.cpp */ = {isa = PBXFileReference; fileEncoding = 4; lastKnownFileType = sourcecode.cpp.cpp; path = tictactoe_player.cpp; sourceTree = "<group>"; };
		078DF8241C52957B00E65274 /* tictactoe_player.h */ = {isa = PBXFileReference; fileEncoding = 4; lastKnownFileType = sourcecode.c.h; path = tictactoe_player.h; sourceTree = "<group>"; };
		07A9A8481B5CA6E800B63035 /* framework.cpp */ = {isa = PBXFileReference; fileEncoding = 4; lastKnownFileType = sourcecode.cpp.cpp; path = framework.cpp; sourceTree = "<group>"; };
		07A9A8491B5CA6E800B63035 /* framework.h */ = {isa = PBXFileReference; fileEncoding = 4; lastKnownFileType = sourcecode.c.h; path = framework.h; sourceTree = "<group>"; };
		07A9A8591B5CA6E800B63035 /* tictactoe.h */ = {isa = PBXFileReference; fileEncoding = 4; lastKnownFileType = sourcecode.c.h; path = tictactoe.h; sourceTree = "<group>"; };
		07A9A85C1B5CA6E800B63035 /* tictactoe_application.cpp */ = {isa = PBXFileReference; fileEncoding = 4; lastKnownFileType = sourcecode.cpp.cpp; path = tictactoe_application.cpp; sourceTree = "<group>"; };
		07A9A85D1B5CA6E800B63035 /* tictactoe_application.h */ = {isa = PBXFileReference; fileEncoding = 4; lastKnownFileType = sourcecode.c.h; path = tictactoe_application.h; sourceTree = "<group>"; };
		07A9A85E1B5CA6E800B63035 /* tictactoe_document.cpp */ = {isa = PBXFileReference; fileEncoding = 4; lastKnownFileType = sourcecode.cpp.cpp; path = tictactoe_document.cpp; sourceTree = "<group>"; };
		07A9A85F1B5CA6E800B63035 /* tictactoe_document.h */ = {isa = PBXFileReference; fileEncoding = 4; lastKnownFileType = sourcecode.c.h; path = tictactoe_document.h; sourceTree = "<group>"; };
		07A9A8601B5CA6E800B63035 /* tictactoe_frame.cpp */ = {isa = PBXFileReference; fileEncoding = 4; lastKnownFileType = sourcecode.cpp.cpp; path = tictactoe_frame.cpp; sourceTree = "<group>"; };
		07A9A8611B5CA6E800B63035 /* tictactoe_frame.h */ = {isa = PBXFileReference; fileEncoding = 4; lastKnownFileType = sourcecode.c.h; path = tictactoe_frame.h; sourceTree = "<group>"; };
		07A9A8621B5CA6E800B63035 /* tictactoe_pane_view.cpp */ = {isa = PBXFileReference; fileEncoding = 4; lastKnownFileType = sourcecode.cpp.cpp; path = tictactoe_pane_view.cpp; sourceTree = "<group>"; };
		07A9A8631B5CA6E800B63035 /* tictactoe_pane_view.h */ = {isa = PBXFileReference; fileEncoding = 4; lastKnownFileType = sourcecode.c.h; path = tictactoe_pane_view.h; sourceTree = "<group>"; };
		07A9A8641B5CA6E800B63035 /* tictactoe_pane_view_update_hint.cpp */ = {isa = PBXFileReference; fileEncoding = 4; lastKnownFileType = sourcecode.cpp.cpp; path = tictactoe_pane_view_update_hint.cpp; sourceTree = "<group>"; };
		07A9A8651B5CA6E800B63035 /* tictactoe_pane_view_update_hint.h */ = {isa = PBXFileReference; fileEncoding = 4; lastKnownFileType = sourcecode.c.h; path = tictactoe_pane_view_update_hint.h; sourceTree = "<group>"; };
		07A9A8661B5CA6E800B63035 /* tictactoe_view.cpp */ = {isa = PBXFileReference; fileEncoding = 4; lastKnownFileType = sourcecode.cpp.cpp; path = tictactoe_view.cpp; sourceTree = "<group>"; };
		07A9A8671B5CA6E800B63035 /* tictactoe_view.h */ = {isa = PBXFileReference; fileEncoding = 4; lastKnownFileType = sourcecode.c.h; path = tictactoe_view.h; sourceTree = "<group>"; };
		07AE49561CC7AE8800959A6F /* libaura.dylib */ = {isa = PBXFileReference; lastKnownFileType = "compiled.mach-o.dylib"; name = libaura.dylib; path = "../../../../Users/carlos/Library/Developer/Xcode/DerivedData/all-mac-cwfnwlqfzegpfnflaajsxmrshhyj/Build/Products/Debug/libaura.dylib"; sourceTree = "<group>"; };
		07AE49611CC7AE9E00959A6F /* libbase.dylib */ = {isa = PBXFileReference; lastKnownFileType = "compiled.mach-o.dylib"; name = libbase.dylib; path = "../../../../Users/carlos/Library/Developer/Xcode/DerivedData/all-mac-cwfnwlqfzegpfnflaajsxmrshhyj/Build/Products/Debug/libbase.dylib"; sourceTree = "<group>"; };
		07AE49631CC7AEBF00959A6F /* libaxis.dylib */ = {isa = PBXFileReference; lastKnownFileType = "compiled.mach-o.dylib"; name = libaxis.dylib; path = "../../../../Users/carlos/Library/Developer/Xcode/DerivedData/all-mac-cwfnwlqfzegpfnflaajsxmrshhyj/Build/Products/Debug/libaxis.dylib"; sourceTree = "<group>"; };
		07B65416190F2C0F002DAADE /* core.xcodeproj */ = {isa = PBXFileReference; lastKnownFileType = "wrapper.pb-project"; name = core.xcodeproj; path = ../../../app/appseed/core/core.xcodeproj; sourceTree = SOURCE_ROOT; };
		07B65527190F301F002DAADE /* libbase.dylib */ = {isa = PBXFileReference; lastKnownFileType = "compiled.mach-o.dylib"; name = libbase.dylib; path = "../../../app/appseed/base/build/Debug-iphoneos/libbase.dylib"; sourceTree = "<group>"; };
		07B65528190F301F002DAADE /* libbasefreeimage.dylib */ = {isa = PBXFileReference; lastKnownFileType = "compiled.mach-o.dylib"; name = libbasefreeimage.dylib; path = "../../../app/thirdparty/appseed/freeimage/build/Debug-iphoneos/libbasefreeimage.dylib"; sourceTree = "<group>"; };
		07B65529190F301F002DAADE /* libbasefreetype.dylib */ = {isa = PBXFileReference; lastKnownFileType = "compiled.mach-o.dylib"; name = libbasefreetype.dylib; path = "../../../app/thirdparty/appseed/freetype/build/Debug-iphoneos/libbasefreetype.dylib"; sourceTree = "<group>"; };
		07B6552A190F301F002DAADE /* libbasemysql.dylib */ = {isa = PBXFileReference; lastKnownFileType = "compiled.mach-o.dylib"; name = libbasemysql.dylib; path = "../../../app/thirdparty/appseed/mysql/build/Debug-iphoneos/libbasemysql.dylib"; sourceTree = "<group>"; };
		07B6552B190F301F002DAADE /* libcore.dylib */ = {isa = PBXFileReference; lastKnownFileType = "compiled.mach-o.dylib"; name = libcore.dylib; path = "../../../app/appseed/core/build/Debug-iphoneos/libcore.dylib"; sourceTree = "<group>"; };
		9A986D8C1D226D53001F4C04 /* libios_base.dylib */ = {isa = PBXFileReference; lastKnownFileType = "compiled.mach-o.dylib"; name = libios_base.dylib; path = "../../../app/appseed/base/build/Debug-iphoneos/libios_base.dylib"; sourceTree = "<group>"; };
		9A986D971D226D60001F4C04 /* libios_base.dylib */ = {isa = PBXFileReference; lastKnownFileType = "compiled.mach-o.dylib"; name = libios_base.dylib; path = "../../../app/appseed/base/build/Debug-iphoneos/libios_base.dylib"; sourceTree = "<group>"; };
		9A986D991D226D71001F4C04 /* libios_axis.dylib */ = {isa = PBXFileReference; lastKnownFileType = "compiled.mach-o.dylib"; name = libios_axis.dylib; path = "../../../app/appseed/axis/build/Debug-iphoneos/libios_axis.dylib"; sourceTree = "<group>"; };
		9A986D9B1D226D78001F4C04 /* libios_aura.dylib */ = {isa = PBXFileReference; lastKnownFileType = "compiled.mach-o.dylib"; name = libios_aura.dylib; path = "../../../app/appseed/aura/build/Debug-iphoneos/libios_aura.dylib"; sourceTree = "<group>"; };
		9AA6A29C190710C6000A1F4A /* libbase_ios.dylib */ = {isa = PBXFileReference; lastKnownFileType = "compiled.mach-o.dylib"; name = libbase_ios.dylib; path = "../../../app/appseed/base/build/Debug-iphoneos/libbase_ios.dylib"; sourceTree = "<group>"; };
		9AA6A29E190710E0000A1F4A /* libcore_ios.dylib */ = {isa = PBXFileReference; lastKnownFileType = "compiled.mach-o.dylib"; name = libcore_ios.dylib; path = "../../../app/appseed/core/build/Debug-iphoneos/libcore_ios.dylib"; sourceTree = "<group>"; };
		9AA6A2A0190710F3000A1F4A /* libbasefreeimage_ios.dylib */ = {isa = PBXFileReference; lastKnownFileType = "compiled.mach-o.dylib"; name = libbasefreeimage_ios.dylib; path = "../../../app/thirdparty/appseed/freeimage/build/Debug-iphoneos/libbasefreeimage_ios.dylib"; sourceTree = "<group>"; };
		9AA6A2A1190710F3000A1F4A /* libbasefreetype_ios.dylib */ = {isa = PBXFileReference; lastKnownFileType = "compiled.mach-o.dylib"; name = libbasefreetype_ios.dylib; path = "../../../app/thirdparty/appseed/freetype/build/Debug-iphoneos/libbasefreetype_ios.dylib"; sourceTree = "<group>"; };
		9AA6A2A2190710F3000A1F4A /* libbasemysql_ios.dylib */ = {isa = PBXFileReference; lastKnownFileType = "compiled.mach-o.dylib"; name = libbasemysql_ios.dylib; path = "../../../app/thirdparty/appseed/mysql/build/Debug-iphoneos/libbasemysql_ios.dylib"; sourceTree = "<group>"; };
		9AE24E8A1904CFFD001AEFFB /* libgame_tictactoe.dylib */ = {isa = PBXFileReference; explicitFileType = archive.ar; includeInIndex = 0; path = libgame_tictactoe.dylib; sourceTree = BUILT_PRODUCTS_DIR; };
		9AE24E8C1904CFFD001AEFFB /* Foundation.framework */ = {isa = PBXFileReference; lastKnownFileType = wrapper.framework; name = Foundation.framework; path = System/Library/Frameworks/Foundation.framework; sourceTree = SDKROOT; };
		9AE24E991904CFFD001AEFFB /* game_tictactoe_iosTests.xctest */ = {isa = PBXFileReference; explicitFileType = wrapper.cfbundle; includeInIndex = 0; path = game_tictactoe_iosTests.xctest; sourceTree = BUILT_PRODUCTS_DIR; };
		9AE24E9A1904CFFD001AEFFB /* XCTest.framework */ = {isa = PBXFileReference; lastKnownFileType = wrapper.framework; name = XCTest.framework; path = Library/Frameworks/XCTest.framework; sourceTree = DEVELOPER_DIR; };
		9AE24E9D1904CFFD001AEFFB /* UIKit.framework */ = {isa = PBXFileReference; lastKnownFileType = wrapper.framework; name = UIKit.framework; path = Library/Frameworks/UIKit.framework; sourceTree = DEVELOPER_DIR; };
		9AE24EA41904CFFD001AEFFB /* app_core_hellomultiverse_iosTests-Info.plist */ = {isa = PBXFileReference; lastKnownFileType = text.plist.xml; path = "app_core_hellomultiverse_iosTests-Info.plist"; sourceTree = "<group>"; };
		9AE24EA61904CFFD001AEFFB /* en */ = {isa = PBXFileReference; lastKnownFileType = text.plist.strings; name = en; path = en.lproj/InfoPlist.strings; sourceTree = "<group>"; };
		9AE24EA81904CFFD001AEFFB /* app_core_hellomultiverse_iosTests.m */ = {isa = PBXFileReference; lastKnownFileType = sourcecode.c.objc; path = app_core_hellomultiverse_iosTests.m; sourceTree = "<group>"; };
		9AEB75A316F78DF10085103B /* libgame_tictactoe.dylib */ = {isa = PBXFileReference; explicitFileType = "compiled.mach-o.dylib"; includeInIndex = 0; path = libgame_tictactoe.dylib; sourceTree = BUILT_PRODUCTS_DIR; };
/* End PBXFileReference section */

/* Begin PBXFrameworksBuildPhase section */
		9AE24E871904CFFD001AEFFB /* Frameworks */ = {
			isa = PBXFrameworksBuildPhase;
			buildActionMask = 2147483647;
			files = (
				9A986D9C1D226D78001F4C04 /* libios_aura.dylib in Frameworks */,
				9A986D9A1D226D71001F4C04 /* libios_axis.dylib in Frameworks */,
				9A986D981D226D60001F4C04 /* libios_base.dylib in Frameworks */,
				078B58F01B5CF71A00A7D3CF /* libios_core.dylib in Frameworks */,
			);
			runOnlyForDeploymentPostprocessing = 0;
		};
		9AE24E961904CFFD001AEFFB /* Frameworks */ = {
			isa = PBXFrameworksBuildPhase;
			buildActionMask = 2147483647;
			files = (
				9AE24E9B1904CFFD001AEFFB /* XCTest.framework in Frameworks */,
				9AE24E9E1904CFFD001AEFFB /* UIKit.framework in Frameworks */,
				9AE24E9C1904CFFD001AEFFB /* Foundation.framework in Frameworks */,
				9AE24EA11904CFFD001AEFFB /* libgame_tictactoe.dylib in Frameworks */,
			);
			runOnlyForDeploymentPostprocessing = 0;
		};
		9AEB75A016F78DF10085103B /* Frameworks */ = {
			isa = PBXFrameworksBuildPhase;
			buildActionMask = 2147483647;
			files = (
				07AE49641CC7AEBF00959A6F /* libaxis.dylib in Frameworks */,
				07AE49621CC7AE9E00959A6F /* libbase.dylib in Frameworks */,
				07AE49571CC7AE8800959A6F /* libaura.dylib in Frameworks */,
				0722EDA31926263D003E99F4 /* libcore.dylib in Frameworks */,
			);
			runOnlyForDeploymentPostprocessing = 0;
		};
/* End PBXFrameworksBuildPhase section */

/* Begin PBXGroup section */
		078AEEB1191547110091C065 /* Products */ = {
			isa = PBXGroup;
			children = (
				078AEED3191547110091C065 /* libcore.dylib */,
				078AEED5191547110091C065 /* libios_core.dylib */,
				078AEED7191547110091C065 /* core_iosTests.xctest */,
			);
			name = Products;
			sourceTree = "<group>";
		};
		07A9A8231B5CA6E800B63035 /* tictactoe */ = {
			isa = PBXGroup;
			children = (
				078DF81D1C52957B00E65274 /* tictactoe_arbitrator.cpp */,
				078DF81E1C52957B00E65274 /* tictactoe_arbitrator.h */,
				078DF81F1C52957B00E65274 /* tictactoe_board.cpp */,
				078DF8201C52957B00E65274 /* tictactoe_board.h */,
				078DF8211C52957B00E65274 /* tictactoe_main_frame.cpp */,
				078DF8221C52957B00E65274 /* tictactoe_main_frame.h */,
				078DF8231C52957B00E65274 /* tictactoe_player.cpp */,
				078DF8241C52957B00E65274 /* tictactoe_player.h */,
				07A9A8481B5CA6E800B63035 /* framework.cpp */,
				07A9A8491B5CA6E800B63035 /* framework.h */,
				07A9A8591B5CA6E800B63035 /* tictactoe.h */,
				07A9A85C1B5CA6E800B63035 /* tictactoe_application.cpp */,
				07A9A85D1B5CA6E800B63035 /* tictactoe_application.h */,
				07A9A85E1B5CA6E800B63035 /* tictactoe_document.cpp */,
				07A9A85F1B5CA6E800B63035 /* tictactoe_document.h */,
				07A9A8601B5CA6E800B63035 /* tictactoe_frame.cpp */,
				07A9A8611B5CA6E800B63035 /* tictactoe_frame.h */,
				07A9A8621B5CA6E800B63035 /* tictactoe_pane_view.cpp */,
				07A9A8631B5CA6E800B63035 /* tictactoe_pane_view.h */,
				07A9A8641B5CA6E800B63035 /* tictactoe_pane_view_update_hint.cpp */,
				07A9A8651B5CA6E800B63035 /* tictactoe_pane_view_update_hint.h */,
				07A9A8661B5CA6E800B63035 /* tictactoe_view.cpp */,
				07A9A8671B5CA6E800B63035 /* tictactoe_view.h */,
			);
			name = tictactoe;
			sourceTree = "<group>";
		};
		9AE24E8B1904CFFD001AEFFB /* Frameworks */ = {
			isa = PBXGroup;
			children = (
				9A986D9B1D226D78001F4C04 /* libios_aura.dylib */,
				9A986D991D226D71001F4C04 /* libios_axis.dylib */,
				9A986D971D226D60001F4C04 /* libios_base.dylib */,
				9A986D8C1D226D53001F4C04 /* libios_base.dylib */,
				07AE49631CC7AEBF00959A6F /* libaxis.dylib */,
				07AE49611CC7AE9E00959A6F /* libbase.dylib */,
				07AE49561CC7AE8800959A6F /* libaura.dylib */,
				078AEF6219158B190091C065 /* libbase.dylib */,
				07B65527190F301F002DAADE /* libbase.dylib */,
				07B65528190F301F002DAADE /* libbasefreeimage.dylib */,
				07B65529190F301F002DAADE /* libbasefreetype.dylib */,
				07B6552A190F301F002DAADE /* libbasemysql.dylib */,
				07B6552B190F301F002DAADE /* libcore.dylib */,
				9AA6A2A0190710F3000A1F4A /* libbasefreeimage_ios.dylib */,
				9AA6A2A1190710F3000A1F4A /* libbasefreetype_ios.dylib */,
				9AA6A2A2190710F3000A1F4A /* libbasemysql_ios.dylib */,
				9AA6A29E190710E0000A1F4A /* libcore_ios.dylib */,
				9AA6A29C190710C6000A1F4A /* libbase_ios.dylib */,
				9AE24E8C1904CFFD001AEFFB /* Foundation.framework */,
				9AE24E9A1904CFFD001AEFFB /* XCTest.framework */,
				9AE24E9D1904CFFD001AEFFB /* UIKit.framework */,
			);
			name = Frameworks;
			sourceTree = "<group>";
		};
		9AE24EA21904CFFD001AEFFB /* app_core_hellomultiverse_iosTests */ = {
			isa = PBXGroup;
			children = (
				9AE24EA81904CFFD001AEFFB /* app_core_hellomultiverse_iosTests.m */,
				9AE24EA31904CFFD001AEFFB /* Supporting Files */,
			);
			path = app_core_hellomultiverse_iosTests;
			sourceTree = "<group>";
		};
		9AE24EA31904CFFD001AEFFB /* Supporting Files */ = {
			isa = PBXGroup;
			children = (
				9AE24EA41904CFFD001AEFFB /* app_core_hellomultiverse_iosTests-Info.plist */,
				9AE24EA51904CFFD001AEFFB /* InfoPlist.strings */,
			);
			name = "Supporting Files";
			sourceTree = "<group>";
		};
		9AEB759A16F78DF10085103B = {
			isa = PBXGroup;
			children = (
				07B65416190F2C0F002DAADE /* core.xcodeproj */,
				07A9A8231B5CA6E800B63035 /* tictactoe */,
				9AE24EA21904CFFD001AEFFB /* app_core_hellomultiverse_iosTests */,
				9AE24E8B1904CFFD001AEFFB /* Frameworks */,
				9AEB75A416F78DF10085103B /* Products */,
			);
			sourceTree = "<group>";
		};
		9AEB75A416F78DF10085103B /* Products */ = {
			isa = PBXGroup;
			children = (
				9AEB75A316F78DF10085103B /* libgame_tictactoe.dylib */,
				9AE24E8A1904CFFD001AEFFB /* libgame_tictactoe.dylib */,
				9AE24E991904CFFD001AEFFB /* game_tictactoe_iosTests.xctest */,
			);
			name = Products;
			sourceTree = "<group>";
		};
/* End PBXGroup section */

/* Begin PBXHeadersBuildPhase section */
		9AEB75A116F78DF10085103B /* Headers */ = {
			isa = PBXHeadersBuildPhase;
			buildActionMask = 2147483647;
			files = (
				07A9A89E1B5CA6E800B63035 /* tictactoe_pane_view_update_hint.h in Headers */,
				07A9A8921B5CA6E800B63035 /* tictactoe_application.h in Headers */,
				07A9A8981B5CA6E800B63035 /* tictactoe_frame.h in Headers */,
				07A9A8951B5CA6E800B63035 /* tictactoe_document.h in Headers */,
				078DF8341C52957B00E65274 /* tictactoe_player.h in Headers */,
				07A9A89B1B5CA6E800B63035 /* tictactoe_pane_view.h in Headers */,
				07A9A8A11B5CA6E800B63035 /* tictactoe_view.h in Headers */,
				078DF82C1C52957B00E65274 /* tictactoe_board.h in Headers */,
				07A9A88A1B5CA6E800B63035 /* framework.h in Headers */,
				07A9A88F1B5CA6E800B63035 /* tictactoe.h in Headers */,
				078DF8301C52957B00E65274 /* tictactoe_main_frame.h in Headers */,
				078DF8281C52957B00E65274 /* tictactoe_arbitrator.h in Headers */,
			);
			runOnlyForDeploymentPostprocessing = 0;
		};
/* End PBXHeadersBuildPhase section */

/* Begin PBXNativeTarget section */
		9AE24E891904CFFD001AEFFB /* ios_game_tictactoe */ = {
			isa = PBXNativeTarget;
			buildConfigurationList = 9AE24EBA1904CFFD001AEFFB /* Build configuration list for PBXNativeTarget "ios_game_tictactoe" */;
			buildPhases = (
				9AE24E861904CFFD001AEFFB /* Sources */,
				9AE24E871904CFFD001AEFFB /* Frameworks */,
			);
			buildRules = (
			);
			dependencies = (
				078AEF57191589F30091C065 /* PBXTargetDependency */,
			);
			name = ios_game_tictactoe;
			productName = app_core_hellomultiverse_ios;
			productReference = 9AE24E8A1904CFFD001AEFFB /* libgame_tictactoe.dylib */;
			productType = "com.apple.product-type.library.static";
		};
		9AE24E981904CFFD001AEFFB /* game_tictactoe_iosTests */ = {
			isa = PBXNativeTarget;
			buildConfigurationList = 9AE24EBB1904CFFD001AEFFB /* Build configuration list for PBXNativeTarget "game_tictactoe_iosTests" */;
			buildPhases = (
				9AE24E951904CFFD001AEFFB /* Sources */,
				9AE24E961904CFFD001AEFFB /* Frameworks */,
				9AE24E971904CFFD001AEFFB /* Resources */,
			);
			buildRules = (
			);
			dependencies = (
				9AE24EA01904CFFD001AEFFB /* PBXTargetDependency */,
			);
			name = game_tictactoe_iosTests;
			productName = app_core_hellomultiverse_iosTests;
			productReference = 9AE24E991904CFFD001AEFFB /* game_tictactoe_iosTests.xctest */;
			productType = "com.apple.product-type.bundle.unit-test";
		};
		9AEB75A216F78DF10085103B /* game_tictactoe */ = {
			isa = PBXNativeTarget;
			buildConfigurationList = 9AEB75A716F78DF10085103B /* Build configuration list for PBXNativeTarget "game_tictactoe" */;
			buildPhases = (
				9AEB759F16F78DF10085103B /* Sources */,
				9AEB75A016F78DF10085103B /* Frameworks */,
				9AEB75A116F78DF10085103B /* Headers */,
			);
			buildRules = (
			);
			dependencies = (
				0722ED8219262629003E99F4 /* PBXTargetDependency */,
			);
			name = game_tictactoe;
			productName = app_core_hellomultiverse;
			productReference = 9AEB75A316F78DF10085103B /* libgame_tictactoe.dylib */;
			productType = "com.apple.product-type.library.dynamic";
		};
/* End PBXNativeTarget section */

/* Begin PBXProject section */
		9AEB759B16F78DF10085103B /* Project object */ = {
			isa = PBXProject;
			attributes = {
				LastUpgradeCheck = 0730;
				ORGANIZATIONNAME = "Camilo Sasuke Tsumanuma";
				TargetAttributes = {
					9AE24E981904CFFD001AEFFB = {
						TestTargetID = 9AEB75A216F78DF10085103B;
					};
				};
			};
			buildConfigurationList = 9AEB759E16F78DF10085103B /* Build configuration list for PBXProject "game_tictactoe" */;
			compatibilityVersion = "Xcode 3.2";
			developmentRegion = English;
			hasScannedForEncodings = 0;
			knownRegions = (
				en,
			);
			mainGroup = 9AEB759A16F78DF10085103B;
			productRefGroup = 9AEB75A416F78DF10085103B /* Products */;
			projectDirPath = "";
			projectReferences = (
				{
					ProductGroup = 078AEEB1191547110091C065 /* Products */;
					ProjectRef = 07B65416190F2C0F002DAADE /* core.xcodeproj */;
				},
			);
			projectRoot = "";
			targets = (
				9AEB75A216F78DF10085103B /* game_tictactoe */,
				9AE24E891904CFFD001AEFFB /* ios_game_tictactoe */,
				9AE24E981904CFFD001AEFFB /* game_tictactoe_iosTests */,
			);
		};
/* End PBXProject section */

/* Begin PBXReferenceProxy section */
		078AEED3191547110091C065 /* libcore.dylib */ = {
			isa = PBXReferenceProxy;
			fileType = "compiled.mach-o.dylib";
			path = libcore.dylib;
			remoteRef = 078AEED2191547110091C065 /* PBXContainerItemProxy */;
			sourceTree = BUILT_PRODUCTS_DIR;
		};
		078AEED5191547110091C065 /* libios_core.dylib */ = {
			isa = PBXReferenceProxy;
			fileType = archive.ar;
			path = libios_core.dylib;
			remoteRef = 078AEED4191547110091C065 /* PBXContainerItemProxy */;
			sourceTree = BUILT_PRODUCTS_DIR;
		};
		078AEED7191547110091C065 /* core_iosTests.xctest */ = {
			isa = PBXReferenceProxy;
			fileType = wrapper.cfbundle;
			path = core_iosTests.xctest;
			remoteRef = 078AEED6191547110091C065 /* PBXContainerItemProxy */;
			sourceTree = BUILT_PRODUCTS_DIR;
		};
/* End PBXReferenceProxy section */

/* Begin PBXResourcesBuildPhase section */
		9AE24E971904CFFD001AEFFB /* Resources */ = {
			isa = PBXResourcesBuildPhase;
			buildActionMask = 2147483647;
			files = (
				9AE24EA71904CFFD001AEFFB /* InfoPlist.strings in Resources */,
			);
			runOnlyForDeploymentPostprocessing = 0;
		};
/* End PBXResourcesBuildPhase section */

/* Begin PBXSourcesBuildPhase section */
		9AE24E861904CFFD001AEFFB /* Sources */ = {
			isa = PBXSourcesBuildPhase;
			buildActionMask = 2147483647;
			files = (
				07A9A89D1B5CA6E800B63035 /* tictactoe_pane_view_update_hint.cpp in Sources */,
				07A9A8941B5CA6E800B63035 /* tictactoe_document.cpp in Sources */,
				078DF82A1C52957B00E65274 /* tictactoe_board.cpp in Sources */,
				078DF8261C52957B00E65274 /* tictactoe_arbitrator.cpp in Sources */,
				07A9A8891B5CA6E800B63035 /* framework.cpp in Sources */,
				078DF82E1C52957B00E65274 /* tictactoe_main_frame.cpp in Sources */,
				07A9A89A1B5CA6E800B63035 /* tictactoe_pane_view.cpp in Sources */,
				078DF8321C52957B00E65274 /* tictactoe_player.cpp in Sources */,
				07A9A8971B5CA6E800B63035 /* tictactoe_frame.cpp in Sources */,
				07A9A8A01B5CA6E800B63035 /* tictactoe_view.cpp in Sources */,
				07A9A8911B5CA6E800B63035 /* tictactoe_application.cpp in Sources */,
			);
			runOnlyForDeploymentPostprocessing = 0;
		};
		9AE24E951904CFFD001AEFFB /* Sources */ = {
			isa = PBXSourcesBuildPhase;
			buildActionMask = 2147483647;
			files = (
				078DF8331C52957B00E65274 /* tictactoe_player.cpp in Sources */,
				078DF8271C52957B00E65274 /* tictactoe_arbitrator.cpp in Sources */,
				9AE24EA91904CFFD001AEFFB /* app_core_hellomultiverse_iosTests.m in Sources */,
				078DF82B1C52957B00E65274 /* tictactoe_board.cpp in Sources */,
				078DF82F1C52957B00E65274 /* tictactoe_main_frame.cpp in Sources */,
			);
			runOnlyForDeploymentPostprocessing = 0;
		};
		9AEB759F16F78DF10085103B /* Sources */ = {
			isa = PBXSourcesBuildPhase;
			buildActionMask = 2147483647;
			files = (
				07A9A89C1B5CA6E800B63035 /* tictactoe_pane_view_update_hint.cpp in Sources */,
				07A9A8931B5CA6E800B63035 /* tictactoe_document.cpp in Sources */,
				078DF8291C52957B00E65274 /* tictactoe_board.cpp in Sources */,
				078DF8251C52957B00E65274 /* tictactoe_arbitrator.cpp in Sources */,
				07A9A8881B5CA6E800B63035 /* framework.cpp in Sources */,
				078DF82D1C52957B00E65274 /* tictactoe_main_frame.cpp in Sources */,
				07A9A8991B5CA6E800B63035 /* tictactoe_pane_view.cpp in Sources */,
				078DF8311C52957B00E65274 /* tictactoe_player.cpp in Sources */,
				07A9A8961B5CA6E800B63035 /* tictactoe_frame.cpp in Sources */,
				07A9A89F1B5CA6E800B63035 /* tictactoe_view.cpp in Sources */,
				07A9A8901B5CA6E800B63035 /* tictactoe_application.cpp in Sources */,
			);
			runOnlyForDeploymentPostprocessing = 0;
		};
/* End PBXSourcesBuildPhase section */

/* Begin PBXTargetDependency section */
		0722ED8219262629003E99F4 /* PBXTargetDependency */ = {
			isa = PBXTargetDependency;
			name = core;
			targetProxy = 0722ED8119262629003E99F4 /* PBXContainerItemProxy */;
		};
		078AEF57191589F30091C065 /* PBXTargetDependency */ = {
			isa = PBXTargetDependency;
			name = core_ios;
			targetProxy = 078AEF56191589F30091C065 /* PBXContainerItemProxy */;
		};
		9AE24EA01904CFFD001AEFFB /* PBXTargetDependency */ = {
			isa = PBXTargetDependency;
			target = 9AE24E891904CFFD001AEFFB /* ios_game_tictactoe */;
			targetProxy = 9AE24E9F1904CFFD001AEFFB /* PBXContainerItemProxy */;
		};
/* End PBXTargetDependency section */

/* Begin PBXVariantGroup section */
		9AE24EA51904CFFD001AEFFB /* InfoPlist.strings */ = {
			isa = PBXVariantGroup;
			children = (
				9AE24EA61904CFFD001AEFFB /* en */,
			);
			name = InfoPlist.strings;
			sourceTree = "<group>";
		};
/* End PBXVariantGroup section */

/* Begin XCBuildConfiguration section */
		9AE24EAA1904CFFD001AEFFB /* Debug */ = {
			isa = XCBuildConfiguration;
			buildSettings = {
				MACH_O_TYPE = mh_dylib;
				SDKROOT = iphoneos;
			};
			name = Debug;
		};
		9AE24EAB1904CFFD001AEFFB /* Release */ = {
			isa = XCBuildConfiguration;
			buildSettings = {
				MACH_O_TYPE = mh_dylib;
				SDKROOT = iphoneos;
			};
			name = Release;
		};
		9AE24EAC1904CFFD001AEFFB /* Debug */ = {
			isa = XCBuildConfiguration;
			buildSettings = {
				ALWAYS_SEARCH_USER_PATHS = NO;
				BUNDLE_LOADER = "$(BUILT_PRODUCTS_DIR)/libapp_core_hellomultiverse.dylib";
				CLANG_CXX_LANGUAGE_STANDARD = "gnu++0x";
				CLANG_ENABLE_MODULES = YES;
				CLANG_WARN_BOOL_CONVERSION = YES;
				CLANG_WARN_DIRECT_OBJC_ISA_USAGE = YES_ERROR;
				CLANG_WARN_OBJC_ROOT_CLASS = YES_ERROR;
				FRAMEWORK_SEARCH_PATHS = (
					"$(SDKROOT)/Developer/Library/Frameworks",
					"$(inherited)",
					"$(DEVELOPER_FRAMEWORKS_DIR)",
				);
				GCC_C_LANGUAGE_STANDARD = gnu99;
				GCC_PRECOMPILE_PREFIX_HEADER = YES;
				GCC_PREFIX_HEADER = "app_core_hellomultiverse_ios/app_core_hellomultiverse_ios-Prefix.pch";
				GCC_PREPROCESSOR_DEFINITIONS = (
					"DEBUG=1",
					"$(inherited)",
				);
				GCC_WARN_ABOUT_RETURN_TYPE = YES_ERROR;
				GCC_WARN_UNDECLARED_SELECTOR = YES;
				GCC_WARN_UNINITIALIZED_AUTOS = YES_AGGRESSIVE;
				GCC_WARN_UNUSED_FUNCTION = YES;
				INFOPLIST_FILE = "app_core_hellomultiverse_iosTests/app_core_hellomultiverse_iosTests-Info.plist";
				IPHONEOS_DEPLOYMENT_TARGET = 7.1;
				PRODUCT_NAME = "$(TARGET_NAME)";
				SDKROOT = iphoneos;
				TEST_HOST = "$(BUNDLE_LOADER)";
				WRAPPER_EXTENSION = xctest;
			};
			name = Debug;
		};
		9AE24EAD1904CFFD001AEFFB /* Release */ = {
			isa = XCBuildConfiguration;
			buildSettings = {
				ALWAYS_SEARCH_USER_PATHS = NO;
				BUNDLE_LOADER = "$(BUILT_PRODUCTS_DIR)/libapp_core_hellomultiverse.dylib";
				CLANG_CXX_LANGUAGE_STANDARD = "gnu++0x";
				CLANG_ENABLE_MODULES = YES;
				CLANG_WARN_BOOL_CONVERSION = YES;
				CLANG_WARN_DIRECT_OBJC_ISA_USAGE = YES_ERROR;
				CLANG_WARN_OBJC_ROOT_CLASS = YES_ERROR;
				ENABLE_NS_ASSERTIONS = NO;
				FRAMEWORK_SEARCH_PATHS = (
					"$(SDKROOT)/Developer/Library/Frameworks",
					"$(inherited)",
					"$(DEVELOPER_FRAMEWORKS_DIR)",
				);
				GCC_C_LANGUAGE_STANDARD = gnu99;
				GCC_PRECOMPILE_PREFIX_HEADER = YES;
				GCC_PREFIX_HEADER = "app_core_hellomultiverse_ios/app_core_hellomultiverse_ios-Prefix.pch";
				GCC_WARN_ABOUT_RETURN_TYPE = YES_ERROR;
				GCC_WARN_UNDECLARED_SELECTOR = YES;
				GCC_WARN_UNINITIALIZED_AUTOS = YES_AGGRESSIVE;
				GCC_WARN_UNUSED_FUNCTION = YES;
				INFOPLIST_FILE = "app_core_hellomultiverse_iosTests/app_core_hellomultiverse_iosTests-Info.plist";
				IPHONEOS_DEPLOYMENT_TARGET = 7.1;
				PRODUCT_NAME = "$(TARGET_NAME)";
				SDKROOT = iphoneos;
				TEST_HOST = "$(BUNDLE_LOADER)";
				VALIDATE_PRODUCT = YES;
				WRAPPER_EXTENSION = xctest;
			};
			name = Release;
		};
		9AEB75A516F78DF10085103B /* Debug */ = {
			isa = XCBuildConfiguration;
			buildSettings = {
				ALWAYS_SEARCH_USER_PATHS = YES;
				CLANG_ANALYZER_DEADCODE_DEADSTORES = NO;
				CLANG_CXX_LANGUAGE_STANDARD = "c++0x";
				CLANG_CXX_LIBRARY = "libc++";
				CLANG_ENABLE_OBJC_ARC = YES;
				CLANG_STATIC_ANALYZER_MODE_ON_ANALYZE_ACTION = shallow;
				CLANG_WARN_BOOL_CONVERSION = YES;
				CLANG_WARN_CONSTANT_CONVERSION = YES;
				CLANG_WARN_DIRECT_OBJC_ISA_USAGE = YES_ERROR;
				CLANG_WARN_EMPTY_BODY = YES;
				CLANG_WARN_ENUM_CONVERSION = YES;
				CLANG_WARN_INT_CONVERSION = YES;
				CLANG_WARN_OBJC_ROOT_CLASS = YES_ERROR;
				CLANG_WARN__DUPLICATE_METHOD_MATCH = YES;
				COPY_PHASE_STRIP = NO;
				ENABLE_TESTABILITY = YES;
				EXECUTABLE_EXTENSION = dylib;
				EXECUTABLE_PREFIX = lib;
				GCC_C_LANGUAGE_STANDARD = c99;
				GCC_DYNAMIC_NO_PIC = NO;
				GCC_ENABLE_OBJC_EXCEPTIONS = YES;
				GCC_OPTIMIZATION_LEVEL = 0;
				GCC_PRECOMPILE_PREFIX_HEADER = YES;
				GCC_PREFIX_HEADER = framework.h;
				GCC_PREPROCESSOR_DEFINITIONS = (
					"DEBUG=1",
					"$(inherited)",
				);
				GCC_SYMBOLS_PRIVATE_EXTERN = NO;
				GCC_WARN_64_TO_32_BIT_CONVERSION = YES;
				GCC_WARN_ABOUT_RETURN_TYPE = YES_ERROR;
				GCC_WARN_UNDECLARED_SELECTOR = YES;
				GCC_WARN_UNINITIALIZED_AUTOS = YES_AGGRESSIVE;
				GCC_WARN_UNUSED_FUNCTION = YES;
				GCC_WARN_UNUSED_VARIABLE = YES;
				HEADER_SEARCH_PATHS = (
					"$(WorkspaceDir)/../../../app/thirdparty/include",
					"$(WorkspaceDir)/../../../nodeapp/thirdparty/include",
				);
				INSTALL_PATH = "@executable_path";
				LD_RUNPATH_SEARCH_PATHS = "@loader_path /Library/Frameworks/ca2";
				LIBRARY_SEARCH_PATHS = (
					"$(inherited)",
					"$(TARGET_BUILD_DIR)",
				);
				MACOSX_DEPLOYMENT_TARGET = 10.10;
				ONLY_ACTIVE_ARCH = YES;
				PRODUCT_NAME = "$(PROJECT_NAME)";
				SDKROOT = macosx;
				SKIP_INSTALL = YES;
				USER_HEADER_SEARCH_PATHS = "$(WorkspaceDir)/../../../include $(WorkspaceDir)/../../../app/include . .. $(WorkspaceDir)/../../.. $(WorkspaceDir)/../.. $(WorkspaceDir)/../../../app $(WorkspaceDir)/../../../app/appseed $(WorkspaceDir)/../../../app/appseed/core $(WorkspaceDir)/../../../app/appseed/base $(WorkspaceDir)/../../../app/appseed/axis $(WorkspaceDir)/../../../app/appseed/aura $(WorkspaceDir)/../../../app/base $(WorkspaceDir)/../../../app/axis $(WorkspaceDir)/../../../app/aura $(WorkspaceDir)/../../../app/atom";
				WorkspaceDir = "$(SRCROOT)/../../../nodeapp/seed/metaseed";
			};
			name = Debug;
		};
		9AEB75A616F78DF10085103B /* Release */ = {
			isa = XCBuildConfiguration;
			buildSettings = {
				ALWAYS_SEARCH_USER_PATHS = YES;
				CLANG_ANALYZER_DEADCODE_DEADSTORES = NO;
				CLANG_CXX_LANGUAGE_STANDARD = "c++0x";
				CLANG_CXX_LIBRARY = "libc++";
				CLANG_ENABLE_OBJC_ARC = YES;
				CLANG_STATIC_ANALYZER_MODE_ON_ANALYZE_ACTION = shallow;
				CLANG_WARN_BOOL_CONVERSION = YES;
				CLANG_WARN_CONSTANT_CONVERSION = YES;
				CLANG_WARN_DIRECT_OBJC_ISA_USAGE = YES_ERROR;
				CLANG_WARN_EMPTY_BODY = YES;
				CLANG_WARN_ENUM_CONVERSION = YES;
				CLANG_WARN_INT_CONVERSION = YES;
				CLANG_WARN_OBJC_ROOT_CLASS = YES_ERROR;
				CLANG_WARN__DUPLICATE_METHOD_MATCH = YES;
				COPY_PHASE_STRIP = YES;
				DEBUG_INFORMATION_FORMAT = "dwarf-with-dsym";
				EXECUTABLE_EXTENSION = dylib;
				EXECUTABLE_PREFIX = lib;
				GCC_C_LANGUAGE_STANDARD = c99;
				GCC_ENABLE_OBJC_EXCEPTIONS = YES;
				GCC_PRECOMPILE_PREFIX_HEADER = YES;
				GCC_PREFIX_HEADER = framework.h;
				GCC_WARN_64_TO_32_BIT_CONVERSION = YES;
				GCC_WARN_ABOUT_RETURN_TYPE = YES_ERROR;
				GCC_WARN_UNDECLARED_SELECTOR = YES;
				GCC_WARN_UNINITIALIZED_AUTOS = YES_AGGRESSIVE;
				GCC_WARN_UNUSED_FUNCTION = YES;
				GCC_WARN_UNUSED_VARIABLE = YES;
				HEADER_SEARCH_PATHS = (
					"$(WorkspaceDir)/../../../app/thirdparty/include",
					"$(WorkspaceDir)/../../../nodeapp/thirdparty/include",
				);
				INSTALL_PATH = "@executable_path";
				LD_RUNPATH_SEARCH_PATHS = "@loader_path /Library/Frameworks/ca2";
				LIBRARY_SEARCH_PATHS = (
					"$(inherited)",
					"$(TARGET_BUILD_DIR)",
				);
				MACOSX_DEPLOYMENT_TARGET = 10.10;
				PRODUCT_NAME = "$(PROJECT_NAME)";
				SDKROOT = macosx;
				SKIP_INSTALL = YES;
				USER_HEADER_SEARCH_PATHS = "$(WorkspaceDir)/../../../include $(WorkspaceDir)/../../../app/include . .. $(WorkspaceDir)/../../.. $(WorkspaceDir)/../.. $(WorkspaceDir)/../../../app $(WorkspaceDir)/../../../app/appseed $(WorkspaceDir)/../../../app/appseed/core $(WorkspaceDir)/../../../app/appseed/base $(WorkspaceDir)/../../../app/appseed/axis $(WorkspaceDir)/../../../app/appseed/aura $(WorkspaceDir)/../../../app/base $(WorkspaceDir)/../../../app/axis $(WorkspaceDir)/../../../app/aura $(WorkspaceDir)/../../../app/atom";
				VALIDATE_PRODUCT = YES;
				WorkspaceDir = "$(SRCROOT)/../../../nodeapp/seed/metaseed";
			};
			name = Release;
		};
		9AEB75A816F78DF10085103B /* Debug */ = {
			isa = XCBuildConfiguration;
			buildSettings = {
				COMBINE_HIDPI_IMAGES = YES;
			};
			name = Debug;
		};
		9AEB75A916F78DF10085103B /* Release */ = {
			isa = XCBuildConfiguration;
			buildSettings = {
				COMBINE_HIDPI_IMAGES = YES;
			};
			name = Release;
		};
/* End XCBuildConfiguration section */

/* Begin XCConfigurationList section */
		9AE24EBA1904CFFD001AEFFB /* Build configuration list for PBXNativeTarget "ios_game_tictactoe" */ = {
			isa = XCConfigurationList;
			buildConfigurations = (
				9AE24EAA1904CFFD001AEFFB /* Debug */,
				9AE24EAB1904CFFD001AEFFB /* Release */,
			);
			defaultConfigurationIsVisible = 0;
			defaultConfigurationName = Release;
		};
		9AE24EBB1904CFFD001AEFFB /* Build configuration list for PBXNativeTarget "game_tictactoe_iosTests" */ = {
			isa = XCConfigurationList;
			buildConfigurations = (
				9AE24EAC1904CFFD001AEFFB /* Debug */,
				9AE24EAD1904CFFD001AEFFB /* Release */,
			);
			defaultConfigurationIsVisible = 0;
			defaultConfigurationName = Release;
		};
		9AEB759E16F78DF10085103B /* Build configuration list for PBXProject "game_tictactoe" */ = {
			isa = XCConfigurationList;
			buildConfigurations = (
				9AEB75A516F78DF10085103B /* Debug */,
				9AEB75A616F78DF10085103B /* Release */,
			);
			defaultConfigurationIsVisible = 0;
			defaultConfigurationName = Release;
		};
		9AEB75A716F78DF10085103B /* Build configuration list for PBXNativeTarget "game_tictactoe" */ = {
			isa = XCConfigurationList;
			buildConfigurations = (
				9AEB75A816F78DF10085103B /* Debug */,
				9AEB75A916F78DF10085103B /* Release */,
			);
			defaultConfigurationIsVisible = 0;
			defaultConfigurationName = Release;
		};
/* End XCConfigurationList section */
	};
	rootObject = 9AEB759B16F78DF10085103B /* Project object */;
}
