<?xml version="1.0" encoding="utf-8"?>
<Project ToolsVersion="4.0" xmlns="http://schemas.microsoft.com/developer/msbuild/2003">
  <ItemGroup>
    <Filter Include="Source Files">
      <UniqueIdentifier>{8e5d91c7-edc0-4d92-b733-aeffca5af850}</UniqueIdentifier>
    </Filter>
    <Filter Include="Header Files">
      <UniqueIdentifier>{93995380-89BD-4b04-88EB-625FBE52EBFB}</UniqueIdentifier>
      <Extensions>h;hpp;hxx;hm;inl;inc;xsd</Extensions>
    </Filter>
  </ItemGroup>
  <ItemGroup>
    <ClCompile Include="framework.cpp">
      <Filter>Source Files</Filter>
    </ClCompile>
    <ClCompile Include="coincube.cpp">
      <Filter>Source Files</Filter>
    </ClCompile>
    <ClCompile Include="coincube_application.cpp">
      <Filter>Source Files</Filter>
    </ClCompile>
    <ClCompile Include="coincube_document.cpp">
      <Filter>Source Files</Filter>
    </ClCompile>
    <ClCompile Include="coincube_frame.cpp">
      <Filter>Source Files</Filter>
    </ClCompile>
    <ClCompile Include="coincube_main_frame.cpp">
      <Filter>Source Files</Filter>
    </ClCompile>
    <ClCompile Include="coincube_pane_view.cpp">
      <Filter>Source Files</Filter>
    </ClCompile>
    <ClCompile Include="coincube_pane_view_update_hint.cpp">
      <Filter>Source Files</Filter>
    </ClCompile>
    <ClCompile Include="coincube_view.cpp">
      <Filter>Source Files</Filter>
    </ClCompile>
    <ClCompile Include="coincube_cube.cpp">
      <Filter>Source Files</Filter>
    </ClCompile>
    <ClCompile Include="coincube_coin.cpp">
      <Filter>Source Files</Filter>
    </ClCompile>
  </ItemGroup>
  <ItemGroup>
    <ClInclude Include="framework.h">
      <Filter>Header Files</Filter>
    </ClInclude>
    <ClInclude Include="coincube.h">
      <Filter>Header Files</Filter>
    </ClInclude>
    <ClInclude Include="coincube_application.h">
      <Filter>Header Files</Filter>
    </ClInclude>
    <ClInclude Include="coincube_document.h">
      <Filter>Header Files</Filter>
    </ClInclude>
    <ClInclude Include="coincube_frame.h">
      <Filter>Header Files</Filter>
    </ClInclude>
    <ClInclude Include="coincube_main_frame.h">
      <Filter>Header Files</Filter>
    </ClInclude>
    <ClInclude Include="coincube_pane_view.h">
      <Filter>Header Files</Filter>
    </ClInclude>
    <ClInclude Include="coincube_pane_view_update_hint.h">
      <Filter>Header Files</Filter>
    </ClInclude>
    <ClInclude Include="coincube_view.h">
      <Filter>Header Files</Filter>
    </ClInclude>
    <ClInclude Include="coincube_cube.h">
      <Filter>Header Files</Filter>
    </ClInclude>
    <ClInclude Include="coincube_coin.h">
      <Filter>Header Files</Filter>
    </ClInclude>
  </ItemGroup>
  <ItemGroup>
    <None Include="game_coincube.def">
      <Filter>Source Files</Filter>
    </None>
  </ItemGroup>
</Project>