<?xml version="1.0" encoding="UTF-8" standalone="yes" ?>
<CodeBlocks_project_file>
	<FileVersion major="1" minor="6" />
	<Project>
		<Option title="game_pacman" />
		<Option pch_mode="2" />
		<Option compiler="gcc" />
		<Build>
			<Target title="basis">
				<Option output="../../../time/x64/basis/libgame_pacman.so" prefix_auto="0" extension_auto="0" />
				<Option working_dir="../../../time/x64/basis/" />
				<Option object_output="../../../time/intermediate/app/gamepacman" />
				<Option type="3" />
				<Option compiler="gcc" />
				<Option parameters=": app=game/pacman build_number=basis locale=_std schema=_std" />
				<Option host_application="../../../time/x64/basis/app" />
				<Option run_host_application_in_terminal="0" />
				<Option createDefFile="1" />
				<Option createStaticLib="1" />
				<Compiler>
					<Add option="-g" />
					<Add option="-D_DEBUG" />
				</Compiler>
			</Target>
			<Target title="install">
				<Option output="../../../time/x64/basis/libgame_pacman.so" prefix_auto="0" extension_auto="0" />
				<Option working_dir="../../../time/x64/basis/" />
				<Option object_output="../../../time/intermediate/app/gamepacman" />
				<Option type="3" />
				<Option compiler="gcc" />
				<Option parameters=": app=game/pacman build_number=basis locale=_std schema=_std install" />
				<Option host_application="../../../time/x64/basis/app" />
				<Option run_host_application_in_terminal="0" />
				<Option createDefFile="1" />
				<Option createStaticLib="1" />
				<Compiler>
					<Add option="-g" />
					<Add option="-D_DEBUG" />
				</Compiler>
			</Target>
		</Build>
		<Compiler>
			<Add option="-std=c++0x" />
			<Add option="-fexceptions" />
			<Add option="-fnon-call-exceptions" />
			<Add option="-fno-pie" />
			<Add option="-fno-stack-protector" />
			<Add option="-Wno-pointer-arith" />
			<Add option="-Wno-attributes" />
			<Add option="-Winvalid-pch" />
			<Add option="-Wno-conversion-null" />
			<Add option="-fPIC" />
			<Add directory="../../../include" />
			<Add directory="../../../app/include" />
			<Add directory="../../../app/thirdparty/appseed" />
			<Add directory="." />
			<Add directory=".." />
			<Add directory="../.." />
			<Add directory="../../nodeapp/linux" />
			<Add directory="../../nodeapp/linux/include" />
			<Add directory="../../.." />
			<Add directory="../../../app/appseed" />
			<Add directory="../../../app/appseed/boot" />
			<Add directory="../../../app/appseed/core" />
			<Add directory="../../../app/thirdparty/include" />
			<Add directory="../../../app/appseed/base" />
			<Add directory="../../../app" />
			<Add directory="../../../app/appseed/aura" />
			<Add directory="../../../app/appseed/axis" />
			<Add directory="../../../app/axis" />
		</Compiler>
		<Linker>
			<Add option="-Wl,-rpath,\\$$ORIGIN" />
			
			<Add option="-laura" />
			<Add option="-laxis" />
			<Add option="-lbase" />
			<Add option="-lcore" />
			<Add option="-lmultimedia" />
			<Add option="-lapp_core_hellomultiverse" />
			<Add option="-Wl,-z,defs" />
			<Add directory="../../../time/x64/basis" />
		</Linker>
		<Unit filename="framework.cpp" />
		<Unit filename="framework.h">
			<Option compile="1" />
			<Option weight="0" />
		</Unit>
		<Unit filename="pacman.h" />
		<Unit filename="pacman_application.cpp" />
		<Unit filename="pacman_application.h" />
		<Unit filename="pacman_console.cpp" />
		<Unit filename="pacman_console.h" />
		<Unit filename="pacman_constants.h" />
		<Unit filename="pacman_document.cpp" />
		<Unit filename="pacman_document.h" />
		<Unit filename="pacman_frame.cpp" />
		<Unit filename="pacman_frame.h" />
		<Unit filename="pacman_ghost.cpp" />
		<Unit filename="pacman_ghost.h" />
		<Unit filename="pacman_globals.cpp" />
		<Unit filename="pacman_interface.cpp" />
		<Unit filename="pacman_interface.h" />
		<Unit filename="pacman_levelmanip.cpp" />
		<Unit filename="pacman_main.cpp" />
		<Unit filename="pacman_objectmanip.cpp" />
		<Unit filename="pacman_pacman.cpp" />
		<Unit filename="pacman_pacman.h" />
		<Unit filename="pacman_pane_view.cpp" />
		<Unit filename="pacman_pane_view.h" />
		<Unit filename="pacman_pane_view_update_hint.cpp" />
		<Unit filename="pacman_pane_view_update_hint.h" />
		<Unit filename="pacman_pellet.cpp" />
		<Unit filename="pacman_pellet.h" />
		<Unit filename="pacman_player.cpp" />
		<Unit filename="pacman_player.h" />
		<Unit filename="pacman_preview.cpp" />
		<Unit filename="pacman_preview.h" />
		<Unit filename="pacman_sound.cpp" />
		<Unit filename="pacman_sound.h" />
		<Unit filename="pacman_sound_track.cpp" />
		<Unit filename="pacman_system_console.h" />
		<Unit filename="pacman_view.cpp" />
		<Unit filename="pacman_view.h" />
		<Extensions>
			<code_completion />
			<debugger />
			<DoxyBlocks>
				<comment_style block="0" line="0" />
				<doxyfile_project />
				<doxyfile_build />
				<doxyfile_warnings />
				<doxyfile_output />
				<doxyfile_dot />
				<general />
			</DoxyBlocks>
			<envvars />
		</Extensions>
	</Project>
</CodeBlocks_project_file>
