<?xml version="1.0" encoding="utf-8"?>
<Project ToolsVersion="4.0" xmlns="http://schemas.microsoft.com/developer/msbuild/2003">
  <ItemGroup>
    <Filter Include="Source Files">
      <UniqueIdentifier>{f32a93cc-ab5a-4a19-a9d1-8c41190472e8}</UniqueIdentifier>
    </Filter>
    <Filter Include="Header Files">
      <UniqueIdentifier>{4016c650-83ec-4b9f-9568-85bd8dc9adbe}</UniqueIdentifier>
    </Filter>
  </ItemGroup>
  <ItemGroup>
    <ClCompile Include="framework.cpp">
      <Filter>Source Files</Filter>
    </ClCompile>
    <ClCompile Include="pacman.cpp">
      <Filter>Source Files</Filter>
    </ClCompile>
    <ClCompile Include="pacman_application.cpp">
      <Filter>Source Files</Filter>
    </ClCompile>
    <ClCompile Include="pacman_console.cpp">
      <Filter>Source Files</Filter>
    </ClCompile>
    <ClCompile Include="pacman_document.cpp">
      <Filter>Source Files</Filter>
    </ClCompile>
    <ClCompile Include="pacman_frame.cpp">
      <Filter>Source Files</Filter>
    </ClCompile>
    <ClCompile Include="pacman_ghost.cpp">
      <Filter>Source Files</Filter>
    </ClCompile>
    <ClCompile Include="pacman_globals.cpp">
      <Filter>Source Files</Filter>
    </ClCompile>
    <ClCompile Include="pacman_interface.cpp">
      <Filter>Source Files</Filter>
    </ClCompile>
    <ClCompile Include="pacman_levelmanip.cpp">
      <Filter>Source Files</Filter>
    </ClCompile>
    <ClCompile Include="pacman_main.cpp">
      <Filter>Source Files</Filter>
    </ClCompile>
    <ClCompile Include="pacman_objectmanip.cpp">
      <Filter>Source Files</Filter>
    </ClCompile>
    <ClCompile Include="pacman_pacman.cpp">
      <Filter>Source Files</Filter>
    </ClCompile>
    <ClCompile Include="pacman_pane_view.cpp">
      <Filter>Source Files</Filter>
    </ClCompile>
    <ClCompile Include="pacman_pane_view_update_hint.cpp">
      <Filter>Source Files</Filter>
    </ClCompile>
    <ClCompile Include="pacman_pellet.cpp">
      <Filter>Source Files</Filter>
    </ClCompile>
    <ClCompile Include="pacman_player.cpp">
      <Filter>Source Files</Filter>
    </ClCompile>
    <ClCompile Include="pacman_preview.cpp">
      <Filter>Source Files</Filter>
    </ClCompile>
    <ClCompile Include="pacman_sound.cpp">
      <Filter>Source Files</Filter>
    </ClCompile>
    <ClCompile Include="pacman_sound_track.cpp">
      <Filter>Source Files</Filter>
    </ClCompile>
    <ClCompile Include="pacman_view.cpp">
      <Filter>Source Files</Filter>
    </ClCompile>
  </ItemGroup>
  <ItemGroup>
    <ClInclude Include="framework.h">
      <Filter>Header Files</Filter>
    </ClInclude>
    <ClInclude Include="pacman.h">
      <Filter>Header Files</Filter>
    </ClInclude>
    <ClInclude Include="pacman_application.h">
      <Filter>Header Files</Filter>
    </ClInclude>
    <ClInclude Include="pacman_console.h">
      <Filter>Header Files</Filter>
    </ClInclude>
    <ClInclude Include="pacman_constants.h">
      <Filter>Header Files</Filter>
    </ClInclude>
    <ClInclude Include="pacman_document.h">
      <Filter>Header Files</Filter>
    </ClInclude>
    <ClInclude Include="pacman_frame.h">
      <Filter>Header Files</Filter>
    </ClInclude>
    <ClInclude Include="pacman_ghost.h">
      <Filter>Header Files</Filter>
    </ClInclude>
    <ClInclude Include="pacman_interface.h">
      <Filter>Header Files</Filter>
    </ClInclude>
    <ClInclude Include="pacman_pacman.h">
      <Filter>Header Files</Filter>
    </ClInclude>
    <ClInclude Include="pacman_pane_view.h">
      <Filter>Header Files</Filter>
    </ClInclude>
    <ClInclude Include="pacman_pane_view_update_hint.h">
      <Filter>Header Files</Filter>
    </ClInclude>
    <ClInclude Include="pacman_pellet.h">
      <Filter>Header Files</Filter>
    </ClInclude>
    <ClInclude Include="pacman_player.h">
      <Filter>Header Files</Filter>
    </ClInclude>
    <ClInclude Include="pacman_preview.h">
      <Filter>Header Files</Filter>
    </ClInclude>
    <ClInclude Include="pacman_sound.h">
      <Filter>Header Files</Filter>
    </ClInclude>
    <ClInclude Include="pacman_sound_track.h">
      <Filter>Header Files</Filter>
    </ClInclude>
    <ClInclude Include="pacman_view.h">
      <Filter>Header Files</Filter>
    </ClInclude>
  </ItemGroup>
</Project>